// !$*UTF8*$!
{
	archiveVersion = 1;
	classes = {
	};
	objectVersion = 50;
	objects = {

/* Begin PBXBuildFile section */
		5276BF4C2361C5F600AEC8E4 /* MKMGroup.h in Headers */ = {isa = PBXBuildFile; fileRef = E91F2AFC2301481C00BE05D0 /* MKMGroup.h */; settings = {ATTRIBUTES = (Public, ); }; };
		5276BF4D2361C5F600AEC8E4 /* MKMString.h in Headers */ = {isa = PBXBuildFile; fileRef = E9F3A8FF21CBBAF6009690F6 /* MKMString.h */; settings = {ATTRIBUTES = (Public, ); }; };
		5276BF4E2361C5F600AEC8E4 /* MKMDictionary.h in Headers */ = {isa = PBXBuildFile; fileRef = E9F3A8FE21CBBAF6009690F6 /* MKMDictionary.h */; settings = {ATTRIBUTES = (Public, ); }; };
		5276BF4F2361C5F600AEC8E4 /* MKMSymmetricKey.h in Headers */ = {isa = PBXBuildFile; fileRef = E9F3A8E021CBBAF6009690F6 /* MKMSymmetricKey.h */; settings = {ATTRIBUTES = (Public, ); }; };
		5276BF502361C5F600AEC8E4 /* MKMPublicKey.h in Headers */ = {isa = PBXBuildFile; fileRef = E9F3A8DD21CBBAF6009690F6 /* MKMPublicKey.h */; settings = {ATTRIBUTES = (Public, ); }; };
		5276BF512361C5F600AEC8E4 /* MKMCryptographyKey.h in Headers */ = {isa = PBXBuildFile; fileRef = E9F3A8DB21CBBAF6009690F6 /* MKMCryptographyKey.h */; settings = {ATTRIBUTES = (Public, ); }; };
		5276BF522361C5F600AEC8E4 /* MKMPrivateKey.h in Headers */ = {isa = PBXBuildFile; fileRef = E9F3A8E821CBBAF6009690F6 /* MKMPrivateKey.h */; settings = {ATTRIBUTES = (Public, ); }; };
		5276BF532361C5F600AEC8E4 /* MKMAsymmetricKey.h in Headers */ = {isa = PBXBuildFile; fileRef = E9F3A8D421CBBAF6009690F6 /* MKMAsymmetricKey.h */; settings = {ATTRIBUTES = (Public, ); }; };
		5276BF542361C5F600AEC8E4 /* NSObject+Singleton.h in Headers */ = {isa = PBXBuildFile; fileRef = E961082122C9E7600032D8A2 /* NSObject+Singleton.h */; };
		5276BF552361C5F600AEC8E4 /* MKMID.h in Headers */ = {isa = PBXBuildFile; fileRef = E9F3A91221CBBAF6009690F6 /* MKMID.h */; settings = {ATTRIBUTES = (Public, ); }; };
		5276BF562361C5F600AEC8E4 /* MKMAddress.h in Headers */ = {isa = PBXBuildFile; fileRef = E9F3A91321CBBAF6009690F6 /* MKMAddress.h */; settings = {ATTRIBUTES = (Public, ); }; };
		5276BF572361C5F600AEC8E4 /* MKMMeta.h in Headers */ = {isa = PBXBuildFile; fileRef = E9F3A90D21CBBAF6009690F6 /* MKMMeta.h */; settings = {ATTRIBUTES = (Public, ); }; };
		5276BF582361C5F600AEC8E4 /* MKMProfile.h in Headers */ = {isa = PBXBuildFile; fileRef = E93D437622A7ADEF00422EDF /* MKMProfile.h */; settings = {ATTRIBUTES = (Public, ); }; };
		5276BF592361C5F600AEC8E4 /* MKMEntity.h in Headers */ = {isa = PBXBuildFile; fileRef = E9F3A91121CBBAF6009690F6 /* MKMEntity.h */; settings = {ATTRIBUTES = (Public, ); }; };
		5276BF5B2361C5F600AEC8E4 /* MingKeMing.h in Headers */ = {isa = PBXBuildFile; fileRef = E9F3A93921CBBAF6009690F6 /* MingKeMing.h */; settings = {ATTRIBUTES = (Public, ); }; };
		5276BF612361C5F600AEC8E4 /* MKMUser.h in Headers */ = {isa = PBXBuildFile; fileRef = E9F3A92321CBBAF6009690F6 /* MKMUser.h */; settings = {ATTRIBUTES = (Public, ); }; };
		5276BF682361C5F600AEC8E4 /* NSDictionary+Binary.h in Headers */ = {isa = PBXBuildFile; fileRef = E9F3A8EE21CBBAF6009690F6 /* NSDictionary+Binary.h */; };
		5276BF692361C5F600AEC8E4 /* NSArray+Merkle.h in Headers */ = {isa = PBXBuildFile; fileRef = E9F3A8F421CBBAF6009690F6 /* NSArray+Merkle.h */; };
		5276BF6B2361C5F600AEC8E4 /* NSObject+Compare.h in Headers */ = {isa = PBXBuildFile; fileRef = E9AFAB782236E0F5001F95C6 /* NSObject+Compare.h */; };
		5276BF6D2361C5F600AEC8E4 /* NSData+Crypto.h in Headers */ = {isa = PBXBuildFile; fileRef = E9F3A8EF21CBBAF6009690F6 /* NSData+Crypto.h */; };
		5276BF702361C5F600AEC8E4 /* MKMCryptographyKey.m in Sources */ = {isa = PBXBuildFile; fileRef = E9F3A8E921CBBAF6009690F6 /* MKMCryptographyKey.m */; };
		5276BF712361C5F600AEC8E4 /* MKMAddress.m in Sources */ = {isa = PBXBuildFile; fileRef = E9F3A90E21CBBAF6009690F6 /* MKMAddress.m */; };
		5276BF742361C5F600AEC8E4 /* MKMProfile.m in Sources */ = {isa = PBXBuildFile; fileRef = E93D437722A7ADF000422EDF /* MKMProfile.m */; };
		5276BF752361C5F600AEC8E4 /* NSDictionary+Binary.m in Sources */ = {isa = PBXBuildFile; fileRef = E9F3A8F321CBBAF6009690F6 /* NSDictionary+Binary.m */; };
		5276BF762361C5F600AEC8E4 /* MKMString.m in Sources */ = {isa = PBXBuildFile; fileRef = E9F3A8FD21CBBAF6009690F6 /* MKMString.m */; };
		5276BF772361C5F600AEC8E4 /* MKMUser.m in Sources */ = {isa = PBXBuildFile; fileRef = E9F3A8D221CBBAF6009690F6 /* MKMUser.m */; };
		5276BF792361C5F600AEC8E4 /* MKMPublicKey.m in Sources */ = {isa = PBXBuildFile; fileRef = E9F3A8E721CBBAF6009690F6 /* MKMPublicKey.m */; };
		5276BF7A2361C5F600AEC8E4 /* MKMDictionary.m in Sources */ = {isa = PBXBuildFile; fileRef = E9F3A8FC21CBBAF6009690F6 /* MKMDictionary.m */; };
		5276BF7C2361C5F600AEC8E4 /* NSData+Crypto.mm in Sources */ = {isa = PBXBuildFile; fileRef = E9F3A8F621CBBAF6009690F6 /* NSData+Crypto.mm */; };
		5276BF7D2361C5F600AEC8E4 /* MKMPrivateKey.m in Sources */ = {isa = PBXBuildFile; fileRef = E9F3A8DC21CBBAF6009690F6 /* MKMPrivateKey.m */; };
		5276BF7F2361C5F600AEC8E4 /* MKMID.m in Sources */ = {isa = PBXBuildFile; fileRef = E9F3A90F21CBBAF6009690F6 /* MKMID.m */; };
		5276BF812361C5F600AEC8E4 /* MKMEntity.m in Sources */ = {isa = PBXBuildFile; fileRef = E9F3A90C21CBBAF6009690F6 /* MKMEntity.m */; };
		5276BF832361C5F600AEC8E4 /* MKMAsymmetricKey.m in Sources */ = {isa = PBXBuildFile; fileRef = E9F3A8E521CBBAF6009690F6 /* MKMAsymmetricKey.m */; };
		5276BF872361C5F600AEC8E4 /* NSArray+Merkle.m in Sources */ = {isa = PBXBuildFile; fileRef = E9F3A8ED21CBBAF6009690F6 /* NSArray+Merkle.m */; };
		5276BF882361C5F600AEC8E4 /* MKMMeta.m in Sources */ = {isa = PBXBuildFile; fileRef = E9F3A91021CBBAF6009690F6 /* MKMMeta.m */; };
		5276BF892361C5F600AEC8E4 /* MKMGroup.m in Sources */ = {isa = PBXBuildFile; fileRef = E91F2AFB2301481C00BE05D0 /* MKMGroup.m */; };
		5276BF8A2361C5F600AEC8E4 /* MKMSymmetricKey.m in Sources */ = {isa = PBXBuildFile; fileRef = E9F3A8D921CBBAF6009690F6 /* MKMSymmetricKey.m */; };
		5276BF8C2361C5F600AEC8E4 /* Security.framework in Frameworks */ = {isa = PBXBuildFile; fileRef = E9F3AB6821CFA8EE009690F6 /* Security.framework */; };
		E915CE7C243C6C1F00B98FE3 /* ripemd160.h in Headers */ = {isa = PBXBuildFile; fileRef = E915CE74243C6C1F00B98FE3 /* ripemd160.h */; };
		E915CE7D243C6C1F00B98FE3 /* common.h in Headers */ = {isa = PBXBuildFile; fileRef = E915CE75243C6C1F00B98FE3 /* common.h */; };
		E915CE7E243C6C1F00B98FE3 /* ripemd160.cpp in Sources */ = {isa = PBXBuildFile; fileRef = E915CE76243C6C1F00B98FE3 /* ripemd160.cpp */; };
		E915CE7F243C6C1F00B98FE3 /* endian.h in Headers */ = {isa = PBXBuildFile; fileRef = E915CE78243C6C1F00B98FE3 /* endian.h */; };
		E915CE80243C6C1F00B98FE3 /* byteswap.h in Headers */ = {isa = PBXBuildFile; fileRef = E915CE79243C6C1F00B98FE3 /* byteswap.h */; };
		E915CE81243C6C1F00B98FE3 /* base58.cpp in Sources */ = {isa = PBXBuildFile; fileRef = E915CE7A243C6C1F00B98FE3 /* base58.cpp */; };
		E915CE82243C6C1F00B98FE3 /* base58.h in Headers */ = {isa = PBXBuildFile; fileRef = E915CE7B243C6C1F00B98FE3 /* base58.h */; };
		E915CE83243C6C2800B98FE3 /* base58.h in Headers */ = {isa = PBXBuildFile; fileRef = E915CE7B243C6C1F00B98FE3 /* base58.h */; };
		E915CE84243C6C2C00B98FE3 /* base58.cpp in Sources */ = {isa = PBXBuildFile; fileRef = E915CE7A243C6C1F00B98FE3 /* base58.cpp */; };
		E915CE85243C6C3000B98FE3 /* endian.h in Headers */ = {isa = PBXBuildFile; fileRef = E915CE78243C6C1F00B98FE3 /* endian.h */; };
		E915CE86243C6C3300B98FE3 /* byteswap.h in Headers */ = {isa = PBXBuildFile; fileRef = E915CE79243C6C1F00B98FE3 /* byteswap.h */; };
		E915CE87243C6C3700B98FE3 /* ripemd160.h in Headers */ = {isa = PBXBuildFile; fileRef = E915CE74243C6C1F00B98FE3 /* ripemd160.h */; };
		E915CE88243C6C3A00B98FE3 /* common.h in Headers */ = {isa = PBXBuildFile; fileRef = E915CE75243C6C1F00B98FE3 /* common.h */; };
		E915CE89243C6C3C00B98FE3 /* ripemd160.cpp in Sources */ = {isa = PBXBuildFile; fileRef = E915CE76243C6C1F00B98FE3 /* ripemd160.cpp */; };
		E915CE96243C96C200B98FE3 /* MKMDataParser.m in Sources */ = {isa = PBXBuildFile; fileRef = E915CE92243C96C200B98FE3 /* MKMDataParser.m */; };
		E915CE97243C96C200B98FE3 /* MKMBaseCoder.mm in Sources */ = {isa = PBXBuildFile; fileRef = E915CE93243C96C200B98FE3 /* MKMBaseCoder.mm */; };
		E915CE98243C96C200B98FE3 /* MKMDataParser.h in Headers */ = {isa = PBXBuildFile; fileRef = E915CE94243C96C200B98FE3 /* MKMDataParser.h */; settings = {ATTRIBUTES = (Public, ); }; };
		E915CE99243C96C200B98FE3 /* MKMBaseCoder.h in Headers */ = {isa = PBXBuildFile; fileRef = E915CE95243C96C200B98FE3 /* MKMBaseCoder.h */; settings = {ATTRIBUTES = (Public, ); }; };
		E915CE9A243C970200B98FE3 /* MKMBaseCoder.h in Headers */ = {isa = PBXBuildFile; fileRef = E915CE95243C96C200B98FE3 /* MKMBaseCoder.h */; settings = {ATTRIBUTES = (Public, ); }; };
		E915CE9B243C970A00B98FE3 /* MKMBaseCoder.mm in Sources */ = {isa = PBXBuildFile; fileRef = E915CE93243C96C200B98FE3 /* MKMBaseCoder.mm */; };
		E915CE9C243C970D00B98FE3 /* MKMDataParser.h in Headers */ = {isa = PBXBuildFile; fileRef = E915CE94243C96C200B98FE3 /* MKMDataParser.h */; settings = {ATTRIBUTES = (Public, ); }; };
		E915CE9D243C971400B98FE3 /* MKMDataParser.m in Sources */ = {isa = PBXBuildFile; fileRef = E915CE92243C96C200B98FE3 /* MKMDataParser.m */; };
		E915CEA0243C978600B98FE3 /* MKMDigest.h in Headers */ = {isa = PBXBuildFile; fileRef = E915CE9E243C978600B98FE3 /* MKMDigest.h */; settings = {ATTRIBUTES = (Public, ); }; };
		E915CEA1243C978600B98FE3 /* MKMDigest.mm in Sources */ = {isa = PBXBuildFile; fileRef = E915CE9F243C978600B98FE3 /* MKMDigest.mm */; };
		E915CEA2243C979700B98FE3 /* MKMDigest.h in Headers */ = {isa = PBXBuildFile; fileRef = E915CE9E243C978600B98FE3 /* MKMDigest.h */; settings = {ATTRIBUTES = (Public, ); }; };
		E915CEA3243C979700B98FE3 /* MKMDigest.mm in Sources */ = {isa = PBXBuildFile; fileRef = E915CE9F243C978600B98FE3 /* MKMDigest.mm */; };
		E919AF8D238FCFB6004F7FF9 /* MKMTai.h in Headers */ = {isa = PBXBuildFile; fileRef = E919AF8B238FCFB6004F7FF9 /* MKMTai.h */; settings = {ATTRIBUTES = (Public, ); }; };
		E919AF8E238FCFB6004F7FF9 /* MKMTai.h in Headers */ = {isa = PBXBuildFile; fileRef = E919AF8B238FCFB6004F7FF9 /* MKMTai.h */; };
		E919AF8F238FCFB6004F7FF9 /* MKMTai.m in Sources */ = {isa = PBXBuildFile; fileRef = E919AF8C238FCFB6004F7FF9 /* MKMTai.m */; };
		E919AF90238FCFB6004F7FF9 /* MKMTai.m in Sources */ = {isa = PBXBuildFile; fileRef = E919AF8C238FCFB6004F7FF9 /* MKMTai.m */; };
		E91F2AFD2301481D00BE05D0 /* MKMGroup.m in Sources */ = {isa = PBXBuildFile; fileRef = E91F2AFB2301481C00BE05D0 /* MKMGroup.m */; };
		E91F2AFE2301481D00BE05D0 /* MKMGroup.h in Headers */ = {isa = PBXBuildFile; fileRef = E91F2AFC2301481C00BE05D0 /* MKMGroup.h */; settings = {ATTRIBUTES = (Public, ); }; };
		E93D437822A7ADF000422EDF /* MKMProfile.h in Headers */ = {isa = PBXBuildFile; fileRef = E93D437622A7ADEF00422EDF /* MKMProfile.h */; settings = {ATTRIBUTES = (Public, ); }; };
		E93D437922A7ADF000422EDF /* MKMProfile.m in Sources */ = {isa = PBXBuildFile; fileRef = E93D437722A7ADF000422EDF /* MKMProfile.m */; };
		E961082222C9E7600032D8A2 /* NSObject+Singleton.h in Headers */ = {isa = PBXBuildFile; fileRef = E961082122C9E7600032D8A2 /* NSObject+Singleton.h */; };
		E9AFAB7A2236E0F5001F95C6 /* NSObject+Compare.h in Headers */ = {isa = PBXBuildFile; fileRef = E9AFAB782236E0F5001F95C6 /* NSObject+Compare.h */; };
		E9F3A6A421CA4627009690F6 /* MingKeMing.framework in Frameworks */ = {isa = PBXBuildFile; fileRef = E9F3A69A21CA4627009690F6 /* MingKeMing.framework */; };
		E9F3A6A921CA4627009690F6 /* MingKeMingTests.m in Sources */ = {isa = PBXBuildFile; fileRef = E9F3A6A821CA4627009690F6 /* MingKeMingTests.m */; };
		E9F3A94221CBBAF7009690F6 /* MKMUser.m in Sources */ = {isa = PBXBuildFile; fileRef = E9F3A8D221CBBAF6009690F6 /* MKMUser.m */; };
		E9F3A94321CBBAF7009690F6 /* MKMAsymmetricKey.h in Headers */ = {isa = PBXBuildFile; fileRef = E9F3A8D421CBBAF6009690F6 /* MKMAsymmetricKey.h */; settings = {ATTRIBUTES = (Public, ); }; };
		E9F3A94821CBBAF7009690F6 /* MKMSymmetricKey.m in Sources */ = {isa = PBXBuildFile; fileRef = E9F3A8D921CBBAF6009690F6 /* MKMSymmetricKey.m */; };
		E9F3A94A21CBBAF7009690F6 /* MKMCryptographyKey.h in Headers */ = {isa = PBXBuildFile; fileRef = E9F3A8DB21CBBAF6009690F6 /* MKMCryptographyKey.h */; settings = {ATTRIBUTES = (Public, ); }; };
		E9F3A94B21CBBAF7009690F6 /* MKMPrivateKey.m in Sources */ = {isa = PBXBuildFile; fileRef = E9F3A8DC21CBBAF6009690F6 /* MKMPrivateKey.m */; };
		E9F3A94C21CBBAF7009690F6 /* MKMPublicKey.h in Headers */ = {isa = PBXBuildFile; fileRef = E9F3A8DD21CBBAF6009690F6 /* MKMPublicKey.h */; settings = {ATTRIBUTES = (Public, ); }; };
		E9F3A94F21CBBAF7009690F6 /* MKMSymmetricKey.h in Headers */ = {isa = PBXBuildFile; fileRef = E9F3A8E021CBBAF6009690F6 /* MKMSymmetricKey.h */; settings = {ATTRIBUTES = (Public, ); }; };
		E9F3A95421CBBAF7009690F6 /* MKMAsymmetricKey.m in Sources */ = {isa = PBXBuildFile; fileRef = E9F3A8E521CBBAF6009690F6 /* MKMAsymmetricKey.m */; };
		E9F3A95621CBBAF7009690F6 /* MKMPublicKey.m in Sources */ = {isa = PBXBuildFile; fileRef = E9F3A8E721CBBAF6009690F6 /* MKMPublicKey.m */; };
		E9F3A95721CBBAF7009690F6 /* MKMPrivateKey.h in Headers */ = {isa = PBXBuildFile; fileRef = E9F3A8E821CBBAF6009690F6 /* MKMPrivateKey.h */; settings = {ATTRIBUTES = (Public, ); }; };
		E9F3A95821CBBAF7009690F6 /* MKMCryptographyKey.m in Sources */ = {isa = PBXBuildFile; fileRef = E9F3A8E921CBBAF6009690F6 /* MKMCryptographyKey.m */; };
		E9F3A95B21CBBAF7009690F6 /* NSArray+Merkle.m in Sources */ = {isa = PBXBuildFile; fileRef = E9F3A8ED21CBBAF6009690F6 /* NSArray+Merkle.m */; };
		E9F3A95C21CBBAF7009690F6 /* NSDictionary+Binary.h in Headers */ = {isa = PBXBuildFile; fileRef = E9F3A8EE21CBBAF6009690F6 /* NSDictionary+Binary.h */; };
		E9F3A95D21CBBAF7009690F6 /* NSData+Crypto.h in Headers */ = {isa = PBXBuildFile; fileRef = E9F3A8EF21CBBAF6009690F6 /* NSData+Crypto.h */; };
		E9F3A96121CBBAF7009690F6 /* NSDictionary+Binary.m in Sources */ = {isa = PBXBuildFile; fileRef = E9F3A8F321CBBAF6009690F6 /* NSDictionary+Binary.m */; };
		E9F3A96221CBBAF7009690F6 /* NSArray+Merkle.h in Headers */ = {isa = PBXBuildFile; fileRef = E9F3A8F421CBBAF6009690F6 /* NSArray+Merkle.h */; };
		E9F3A96421CBBAF7009690F6 /* NSData+Crypto.mm in Sources */ = {isa = PBXBuildFile; fileRef = E9F3A8F621CBBAF6009690F6 /* NSData+Crypto.mm */; };
		E9F3A96921CBBAF7009690F6 /* MKMDictionary.m in Sources */ = {isa = PBXBuildFile; fileRef = E9F3A8FC21CBBAF6009690F6 /* MKMDictionary.m */; };
		E9F3A96A21CBBAF7009690F6 /* MKMString.m in Sources */ = {isa = PBXBuildFile; fileRef = E9F3A8FD21CBBAF6009690F6 /* MKMString.m */; };
		E9F3A96B21CBBAF7009690F6 /* MKMDictionary.h in Headers */ = {isa = PBXBuildFile; fileRef = E9F3A8FE21CBBAF6009690F6 /* MKMDictionary.h */; settings = {ATTRIBUTES = (Public, ); }; };
		E9F3A96C21CBBAF7009690F6 /* MKMString.h in Headers */ = {isa = PBXBuildFile; fileRef = E9F3A8FF21CBBAF6009690F6 /* MKMString.h */; settings = {ATTRIBUTES = (Public, ); }; };
		E9F3A97721CBBAF7009690F6 /* MKMEntity.m in Sources */ = {isa = PBXBuildFile; fileRef = E9F3A90C21CBBAF6009690F6 /* MKMEntity.m */; };
		E9F3A97821CBBAF7009690F6 /* MKMMeta.h in Headers */ = {isa = PBXBuildFile; fileRef = E9F3A90D21CBBAF6009690F6 /* MKMMeta.h */; settings = {ATTRIBUTES = (Public, ); }; };
		E9F3A97921CBBAF7009690F6 /* MKMAddress.m in Sources */ = {isa = PBXBuildFile; fileRef = E9F3A90E21CBBAF6009690F6 /* MKMAddress.m */; };
		E9F3A97A21CBBAF7009690F6 /* MKMID.m in Sources */ = {isa = PBXBuildFile; fileRef = E9F3A90F21CBBAF6009690F6 /* MKMID.m */; };
		E9F3A97B21CBBAF7009690F6 /* MKMMeta.m in Sources */ = {isa = PBXBuildFile; fileRef = E9F3A91021CBBAF6009690F6 /* MKMMeta.m */; };
		E9F3A97C21CBBAF7009690F6 /* MKMEntity.h in Headers */ = {isa = PBXBuildFile; fileRef = E9F3A91121CBBAF6009690F6 /* MKMEntity.h */; settings = {ATTRIBUTES = (Public, ); }; };
		E9F3A97D21CBBAF7009690F6 /* MKMID.h in Headers */ = {isa = PBXBuildFile; fileRef = E9F3A91221CBBAF6009690F6 /* MKMID.h */; settings = {ATTRIBUTES = (Public, ); }; };
		E9F3A97E21CBBAF7009690F6 /* MKMAddress.h in Headers */ = {isa = PBXBuildFile; fileRef = E9F3A91321CBBAF6009690F6 /* MKMAddress.h */; settings = {ATTRIBUTES = (Public, ); }; };
		E9F3A98A21CBBAF7009690F6 /* MKMUser.h in Headers */ = {isa = PBXBuildFile; fileRef = E9F3A92321CBBAF6009690F6 /* MKMUser.h */; settings = {ATTRIBUTES = (Public, ); }; };
		E9F3A99F21CBBAF7009690F6 /* MingKeMing.h in Headers */ = {isa = PBXBuildFile; fileRef = E9F3A93921CBBAF6009690F6 /* MingKeMing.h */; settings = {ATTRIBUTES = (Public, ); }; };
		E9F3AB6921CFA8EE009690F6 /* Security.framework in Frameworks */ = {isa = PBXBuildFile; fileRef = E9F3AB6821CFA8EE009690F6 /* Security.framework */; };
/* End PBXBuildFile section */

/* Begin PBXContainerItemProxy section */
		E9F3A6A521CA4627009690F6 /* PBXContainerItemProxy */ = {
			isa = PBXContainerItemProxy;
			containerPortal = E9F3A69121CA4627009690F6 /* Project object */;
			proxyType = 1;
			remoteGlobalIDString = E9F3A69921CA4627009690F6;
			remoteInfo = MingKeMing;
		};
/* End PBXContainerItemProxy section */

/* Begin PBXFileReference section */
		5276BF932361C5F600AEC8E4 /* MingKeMing-Mac.framework */ = {isa = PBXFileReference; explicitFileType = wrapper.framework; includeInIndex = 0; path = "MingKeMing-Mac.framework"; sourceTree = BUILT_PRODUCTS_DIR; };
		5276BF942361C5F600AEC8E4 /* MingKeMing-Mac-Info.plist */ = {isa = PBXFileReference; lastKnownFileType = text.plist.xml; name = "MingKeMing-Mac-Info.plist"; path = "/Users/john/Documents/workspace/iphone/dimchat/mkm-objc/MingKeMing/MingKeMing-Mac-Info.plist"; sourceTree = "<absolute>"; };
		E915CE74243C6C1F00B98FE3 /* ripemd160.h */ = {isa = PBXFileReference; fileEncoding = 4; lastKnownFileType = sourcecode.c.h; path = ripemd160.h; sourceTree = "<group>"; };
		E915CE75243C6C1F00B98FE3 /* common.h */ = {isa = PBXFileReference; fileEncoding = 4; lastKnownFileType = sourcecode.c.h; path = common.h; sourceTree = "<group>"; };
		E915CE76243C6C1F00B98FE3 /* ripemd160.cpp */ = {isa = PBXFileReference; fileEncoding = 4; lastKnownFileType = sourcecode.cpp.cpp; path = ripemd160.cpp; sourceTree = "<group>"; };
		E915CE78243C6C1F00B98FE3 /* endian.h */ = {isa = PBXFileReference; fileEncoding = 4; lastKnownFileType = sourcecode.c.h; path = endian.h; sourceTree = "<group>"; };
		E915CE79243C6C1F00B98FE3 /* byteswap.h */ = {isa = PBXFileReference; fileEncoding = 4; lastKnownFileType = sourcecode.c.h; path = byteswap.h; sourceTree = "<group>"; };
		E915CE7A243C6C1F00B98FE3 /* base58.cpp */ = {isa = PBXFileReference; fileEncoding = 4; lastKnownFileType = sourcecode.cpp.cpp; path = base58.cpp; sourceTree = "<group>"; };
		E915CE7B243C6C1F00B98FE3 /* base58.h */ = {isa = PBXFileReference; fileEncoding = 4; lastKnownFileType = sourcecode.c.h; path = base58.h; sourceTree = "<group>"; };
		E915CE92243C96C200B98FE3 /* MKMDataParser.m */ = {isa = PBXFileReference; fileEncoding = 4; lastKnownFileType = sourcecode.c.objc; path = MKMDataParser.m; sourceTree = "<group>"; };
		E915CE93243C96C200B98FE3 /* MKMBaseCoder.mm */ = {isa = PBXFileReference; fileEncoding = 4; lastKnownFileType = sourcecode.cpp.objcpp; path = MKMBaseCoder.mm; sourceTree = "<group>"; };
		E915CE94243C96C200B98FE3 /* MKMDataParser.h */ = {isa = PBXFileReference; fileEncoding = 4; lastKnownFileType = sourcecode.c.h; path = MKMDataParser.h; sourceTree = "<group>"; };
		E915CE95243C96C200B98FE3 /* MKMBaseCoder.h */ = {isa = PBXFileReference; fileEncoding = 4; lastKnownFileType = sourcecode.c.h; path = MKMBaseCoder.h; sourceTree = "<group>"; };
		E915CE9E243C978600B98FE3 /* MKMDigest.h */ = {isa = PBXFileReference; lastKnownFileType = sourcecode.c.h; path = MKMDigest.h; sourceTree = "<group>"; };
		E915CE9F243C978600B98FE3 /* MKMDigest.mm */ = {isa = PBXFileReference; lastKnownFileType = sourcecode.cpp.objcpp; path = MKMDigest.mm; sourceTree = "<group>"; };
		E919AF8B238FCFB6004F7FF9 /* MKMTai.h */ = {isa = PBXFileReference; lastKnownFileType = sourcecode.c.h; path = MKMTai.h; sourceTree = "<group>"; };
		E919AF8C238FCFB6004F7FF9 /* MKMTai.m */ = {isa = PBXFileReference; lastKnownFileType = sourcecode.c.objc; path = MKMTai.m; sourceTree = "<group>"; };
		E91F2AFB2301481C00BE05D0 /* MKMGroup.m */ = {isa = PBXFileReference; fileEncoding = 4; lastKnownFileType = sourcecode.c.objc; path = MKMGroup.m; sourceTree = "<group>"; };
		E91F2AFC2301481C00BE05D0 /* MKMGroup.h */ = {isa = PBXFileReference; fileEncoding = 4; lastKnownFileType = sourcecode.c.h; path = MKMGroup.h; sourceTree = "<group>"; };
		E93D437622A7ADEF00422EDF /* MKMProfile.h */ = {isa = PBXFileReference; fileEncoding = 4; lastKnownFileType = sourcecode.c.h; path = MKMProfile.h; sourceTree = "<group>"; };
		E93D437722A7ADF000422EDF /* MKMProfile.m */ = {isa = PBXFileReference; fileEncoding = 4; lastKnownFileType = sourcecode.c.objc; path = MKMProfile.m; sourceTree = "<group>"; };
		E961082122C9E7600032D8A2 /* NSObject+Singleton.h */ = {isa = PBXFileReference; fileEncoding = 4; lastKnownFileType = sourcecode.c.h; path = "NSObject+Singleton.h"; sourceTree = "<group>"; };
		E9AFAB782236E0F5001F95C6 /* NSObject+Compare.h */ = {isa = PBXFileReference; lastKnownFileType = sourcecode.c.h; path = "NSObject+Compare.h"; sourceTree = "<group>"; };
		E9F3A69A21CA4627009690F6 /* MingKeMing.framework */ = {isa = PBXFileReference; explicitFileType = wrapper.framework; includeInIndex = 0; path = MingKeMing.framework; sourceTree = BUILT_PRODUCTS_DIR; };
		E9F3A69E21CA4627009690F6 /* Info.plist */ = {isa = PBXFileReference; lastKnownFileType = text.plist.xml; path = Info.plist; sourceTree = "<group>"; };
		E9F3A6A321CA4627009690F6 /* MingKeMingTests.xctest */ = {isa = PBXFileReference; explicitFileType = wrapper.cfbundle; includeInIndex = 0; path = MingKeMingTests.xctest; sourceTree = BUILT_PRODUCTS_DIR; };
		E9F3A6A821CA4627009690F6 /* MingKeMingTests.m */ = {isa = PBXFileReference; lastKnownFileType = sourcecode.c.objc; path = MingKeMingTests.m; sourceTree = "<group>"; };
		E9F3A6AA21CA4627009690F6 /* Info.plist */ = {isa = PBXFileReference; lastKnownFileType = text.plist.xml; path = Info.plist; sourceTree = "<group>"; };
		E9F3A8D221CBBAF6009690F6 /* MKMUser.m */ = {isa = PBXFileReference; fileEncoding = 4; lastKnownFileType = sourcecode.c.objc; path = MKMUser.m; sourceTree = "<group>"; };
		E9F3A8D421CBBAF6009690F6 /* MKMAsymmetricKey.h */ = {isa = PBXFileReference; fileEncoding = 4; lastKnownFileType = sourcecode.c.h; path = MKMAsymmetricKey.h; sourceTree = "<group>"; };
		E9F3A8D921CBBAF6009690F6 /* MKMSymmetricKey.m */ = {isa = PBXFileReference; fileEncoding = 4; lastKnownFileType = sourcecode.c.objc; path = MKMSymmetricKey.m; sourceTree = "<group>"; };
		E9F3A8DB21CBBAF6009690F6 /* MKMCryptographyKey.h */ = {isa = PBXFileReference; fileEncoding = 4; lastKnownFileType = sourcecode.c.h; path = MKMCryptographyKey.h; sourceTree = "<group>"; };
		E9F3A8DC21CBBAF6009690F6 /* MKMPrivateKey.m */ = {isa = PBXFileReference; fileEncoding = 4; lastKnownFileType = sourcecode.c.objc; path = MKMPrivateKey.m; sourceTree = "<group>"; };
		E9F3A8DD21CBBAF6009690F6 /* MKMPublicKey.h */ = {isa = PBXFileReference; fileEncoding = 4; lastKnownFileType = sourcecode.c.h; path = MKMPublicKey.h; sourceTree = "<group>"; };
		E9F3A8E021CBBAF6009690F6 /* MKMSymmetricKey.h */ = {isa = PBXFileReference; fileEncoding = 4; lastKnownFileType = sourcecode.c.h; path = MKMSymmetricKey.h; sourceTree = "<group>"; };
		E9F3A8E521CBBAF6009690F6 /* MKMAsymmetricKey.m */ = {isa = PBXFileReference; fileEncoding = 4; lastKnownFileType = sourcecode.c.objc; path = MKMAsymmetricKey.m; sourceTree = "<group>"; };
		E9F3A8E721CBBAF6009690F6 /* MKMPublicKey.m */ = {isa = PBXFileReference; fileEncoding = 4; lastKnownFileType = sourcecode.c.objc; path = MKMPublicKey.m; sourceTree = "<group>"; };
		E9F3A8E821CBBAF6009690F6 /* MKMPrivateKey.h */ = {isa = PBXFileReference; fileEncoding = 4; lastKnownFileType = sourcecode.c.h; path = MKMPrivateKey.h; sourceTree = "<group>"; };
		E9F3A8E921CBBAF6009690F6 /* MKMCryptographyKey.m */ = {isa = PBXFileReference; fileEncoding = 4; lastKnownFileType = sourcecode.c.objc; path = MKMCryptographyKey.m; sourceTree = "<group>"; };
		E9F3A8ED21CBBAF6009690F6 /* NSArray+Merkle.m */ = {isa = PBXFileReference; fileEncoding = 4; lastKnownFileType = sourcecode.c.objc; path = "NSArray+Merkle.m"; sourceTree = "<group>"; };
		E9F3A8EE21CBBAF6009690F6 /* NSDictionary+Binary.h */ = {isa = PBXFileReference; fileEncoding = 4; lastKnownFileType = sourcecode.c.h; path = "NSDictionary+Binary.h"; sourceTree = "<group>"; };
		E9F3A8EF21CBBAF6009690F6 /* NSData+Crypto.h */ = {isa = PBXFileReference; fileEncoding = 4; lastKnownFileType = sourcecode.c.h; path = "NSData+Crypto.h"; sourceTree = "<group>"; };
		E9F3A8F321CBBAF6009690F6 /* NSDictionary+Binary.m */ = {isa = PBXFileReference; fileEncoding = 4; lastKnownFileType = sourcecode.c.objc; path = "NSDictionary+Binary.m"; sourceTree = "<group>"; };
		E9F3A8F421CBBAF6009690F6 /* NSArray+Merkle.h */ = {isa = PBXFileReference; fileEncoding = 4; lastKnownFileType = sourcecode.c.h; path = "NSArray+Merkle.h"; sourceTree = "<group>"; };
		E9F3A8F621CBBAF6009690F6 /* NSData+Crypto.mm */ = {isa = PBXFileReference; fileEncoding = 4; lastKnownFileType = sourcecode.cpp.objcpp; path = "NSData+Crypto.mm"; sourceTree = "<group>"; };
		E9F3A8FC21CBBAF6009690F6 /* MKMDictionary.m */ = {isa = PBXFileReference; fileEncoding = 4; lastKnownFileType = sourcecode.c.objc; path = MKMDictionary.m; sourceTree = "<group>"; };
		E9F3A8FD21CBBAF6009690F6 /* MKMString.m */ = {isa = PBXFileReference; fileEncoding = 4; lastKnownFileType = sourcecode.c.objc; path = MKMString.m; sourceTree = "<group>"; };
		E9F3A8FE21CBBAF6009690F6 /* MKMDictionary.h */ = {isa = PBXFileReference; fileEncoding = 4; lastKnownFileType = sourcecode.c.h; path = MKMDictionary.h; sourceTree = "<group>"; };
		E9F3A8FF21CBBAF6009690F6 /* MKMString.h */ = {isa = PBXFileReference; fileEncoding = 4; lastKnownFileType = sourcecode.c.h; path = MKMString.h; sourceTree = "<group>"; };
		E9F3A90C21CBBAF6009690F6 /* MKMEntity.m */ = {isa = PBXFileReference; fileEncoding = 4; lastKnownFileType = sourcecode.c.objc; path = MKMEntity.m; sourceTree = "<group>"; };
		E9F3A90D21CBBAF6009690F6 /* MKMMeta.h */ = {isa = PBXFileReference; fileEncoding = 4; lastKnownFileType = sourcecode.c.h; path = MKMMeta.h; sourceTree = "<group>"; };
		E9F3A90E21CBBAF6009690F6 /* MKMAddress.m */ = {isa = PBXFileReference; fileEncoding = 4; lastKnownFileType = sourcecode.c.objc; path = MKMAddress.m; sourceTree = "<group>"; };
		E9F3A90F21CBBAF6009690F6 /* MKMID.m */ = {isa = PBXFileReference; fileEncoding = 4; lastKnownFileType = sourcecode.c.objc; path = MKMID.m; sourceTree = "<group>"; };
		E9F3A91021CBBAF6009690F6 /* MKMMeta.m */ = {isa = PBXFileReference; fileEncoding = 4; lastKnownFileType = sourcecode.c.objc; path = MKMMeta.m; sourceTree = "<group>"; };
		E9F3A91121CBBAF6009690F6 /* MKMEntity.h */ = {isa = PBXFileReference; fileEncoding = 4; lastKnownFileType = sourcecode.c.h; path = MKMEntity.h; sourceTree = "<group>"; };
		E9F3A91221CBBAF6009690F6 /* MKMID.h */ = {isa = PBXFileReference; fileEncoding = 4; lastKnownFileType = sourcecode.c.h; path = MKMID.h; sourceTree = "<group>"; };
		E9F3A91321CBBAF6009690F6 /* MKMAddress.h */ = {isa = PBXFileReference; fileEncoding = 4; lastKnownFileType = sourcecode.c.h; path = MKMAddress.h; sourceTree = "<group>"; };
		E9F3A92321CBBAF6009690F6 /* MKMUser.h */ = {isa = PBXFileReference; fileEncoding = 4; lastKnownFileType = sourcecode.c.h; path = MKMUser.h; sourceTree = "<group>"; };
		E9F3A93921CBBAF6009690F6 /* MingKeMing.h */ = {isa = PBXFileReference; fileEncoding = 4; lastKnownFileType = sourcecode.c.h; path = MingKeMing.h; sourceTree = "<group>"; };
		E9F3AB6821CFA8EE009690F6 /* Security.framework */ = {isa = PBXFileReference; lastKnownFileType = wrapper.framework; name = Security.framework; path = System/Library/Frameworks/Security.framework; sourceTree = SDKROOT; };
/* End PBXFileReference section */

/* Begin PBXFrameworksBuildPhase section */
		5276BF8B2361C5F600AEC8E4 /* Frameworks */ = {
			isa = PBXFrameworksBuildPhase;
			buildActionMask = 2147483647;
			files = (
				5276BF8C2361C5F600AEC8E4 /* Security.framework in Frameworks */,
			);
			runOnlyForDeploymentPostprocessing = 0;
		};
		E9F3A69721CA4627009690F6 /* Frameworks */ = {
			isa = PBXFrameworksBuildPhase;
			buildActionMask = 2147483647;
			files = (
				E9F3AB6921CFA8EE009690F6 /* Security.framework in Frameworks */,
			);
			runOnlyForDeploymentPostprocessing = 0;
		};
		E9F3A6A021CA4627009690F6 /* Frameworks */ = {
			isa = PBXFrameworksBuildPhase;
			buildActionMask = 2147483647;
			files = (
				E9F3A6A421CA4627009690F6 /* MingKeMing.framework in Frameworks */,
			);
			runOnlyForDeploymentPostprocessing = 0;
		};
/* End PBXFrameworksBuildPhase section */

/* Begin PBXGroup section */
		E915CE71243C6C1F00B98FE3 /* bitcoin */ = {
			isa = PBXGroup;
			children = (
				E915CE72243C6C1F00B98FE3 /* src */,
			);
			path = bitcoin;
			sourceTree = "<group>";
		};
		E915CE72243C6C1F00B98FE3 /* src */ = {
			isa = PBXGroup;
			children = (
				E915CE73243C6C1F00B98FE3 /* crypto */,
				E915CE77243C6C1F00B98FE3 /* compat */,
				E915CE7A243C6C1F00B98FE3 /* base58.cpp */,
				E915CE7B243C6C1F00B98FE3 /* base58.h */,
			);
			path = src;
			sourceTree = "<group>";
		};
		E915CE73243C6C1F00B98FE3 /* crypto */ = {
			isa = PBXGroup;
			children = (
				E915CE74243C6C1F00B98FE3 /* ripemd160.h */,
				E915CE75243C6C1F00B98FE3 /* common.h */,
				E915CE76243C6C1F00B98FE3 /* ripemd160.cpp */,
			);
			path = crypto;
			sourceTree = "<group>";
		};
		E915CE77243C6C1F00B98FE3 /* compat */ = {
			isa = PBXGroup;
			children = (
				E915CE78243C6C1F00B98FE3 /* endian.h */,
				E915CE79243C6C1F00B98FE3 /* byteswap.h */,
			);
			path = compat;
			sourceTree = "<group>";
		};
		E915CE91243C96C200B98FE3 /* data */ = {
			isa = PBXGroup;
			children = (
				E915CE9E243C978600B98FE3 /* MKMDigest.h */,
				E915CE9F243C978600B98FE3 /* MKMDigest.mm */,
				E915CE95243C96C200B98FE3 /* MKMBaseCoder.h */,
				E915CE93243C96C200B98FE3 /* MKMBaseCoder.mm */,
				E915CE94243C96C200B98FE3 /* MKMDataParser.h */,
				E915CE92243C96C200B98FE3 /* MKMDataParser.m */,
			);
			path = data;
			sourceTree = "<group>";
		};
		E9F3A69021CA4627009690F6 = {
			isa = PBXGroup;
			children = (
				E9F3A8D121CBBAF6009690F6 /* Classes */,
				E9F3A69C21CA4627009690F6 /* MingKeMing */,
				E9F3A6A721CA4627009690F6 /* MingKeMingTests */,
				E9F3A69B21CA4627009690F6 /* Products */,
				E9F3AB6721CFA8EE009690F6 /* Frameworks */,
			);
			sourceTree = "<group>";
		};
		E9F3A69B21CA4627009690F6 /* Products */ = {
			isa = PBXGroup;
			children = (
				E9F3A69A21CA4627009690F6 /* MingKeMing.framework */,
				E9F3A6A321CA4627009690F6 /* MingKeMingTests.xctest */,
				5276BF932361C5F600AEC8E4 /* MingKeMing-Mac.framework */,
			);
			name = Products;
			sourceTree = "<group>";
		};
		E9F3A69C21CA4627009690F6 /* MingKeMing */ = {
			isa = PBXGroup;
			children = (
				5276BF942361C5F600AEC8E4 /* MingKeMing-Mac-Info.plist */,
				E9F3A69E21CA4627009690F6 /* Info.plist */,
			);
			path = MingKeMing;
			sourceTree = "<group>";
		};
		E9F3A6A721CA4627009690F6 /* MingKeMingTests */ = {
			isa = PBXGroup;
			children = (
				E9F3A6A821CA4627009690F6 /* MingKeMingTests.m */,
				E9F3A6AA21CA4627009690F6 /* Info.plist */,
			);
			path = MingKeMingTests;
			sourceTree = "<group>";
		};
		E9F3A8D121CBBAF6009690F6 /* Classes */ = {
			isa = PBXGroup;
			children = (
				E915CE71243C6C1F00B98FE3 /* bitcoin */,
				E9F3A8EC21CBBAF6009690F6 /* extends */,
				E9F3A8FB21CBBAF6009690F6 /* types */,
				E915CE91243C96C200B98FE3 /* data */,
				E9F3A8D321CBBAF6009690F6 /* crypto */,
				E9F3A90B21CBBAF6009690F6 /* entity */,
				E91F2AFC2301481C00BE05D0 /* MKMGroup.h */,
				E91F2AFB2301481C00BE05D0 /* MKMGroup.m */,
				E9F3A92321CBBAF6009690F6 /* MKMUser.h */,
				E9F3A8D221CBBAF6009690F6 /* MKMUser.m */,
				E9F3A93921CBBAF6009690F6 /* MingKeMing.h */,
			);
			name = Classes;
			path = ../Classes;
			sourceTree = "<group>";
		};
		E9F3A8D321CBBAF6009690F6 /* crypto */ = {
			isa = PBXGroup;
			children = (
				E9F3A8DB21CBBAF6009690F6 /* MKMCryptographyKey.h */,
				E9F3A8E921CBBAF6009690F6 /* MKMCryptographyKey.m */,
				E9F3A8E021CBBAF6009690F6 /* MKMSymmetricKey.h */,
				E9F3A8D921CBBAF6009690F6 /* MKMSymmetricKey.m */,
				E9F3A8D421CBBAF6009690F6 /* MKMAsymmetricKey.h */,
				E9F3A8E521CBBAF6009690F6 /* MKMAsymmetricKey.m */,
				E9F3A8E821CBBAF6009690F6 /* MKMPrivateKey.h */,
				E9F3A8DC21CBBAF6009690F6 /* MKMPrivateKey.m */,
				E9F3A8DD21CBBAF6009690F6 /* MKMPublicKey.h */,
				E9F3A8E721CBBAF6009690F6 /* MKMPublicKey.m */,
			);
			path = crypto;
			sourceTree = "<group>";
		};
		E9F3A8EC21CBBAF6009690F6 /* extends */ = {
			isa = PBXGroup;
			children = (
				E9F3A8F421CBBAF6009690F6 /* NSArray+Merkle.h */,
				E9F3A8ED21CBBAF6009690F6 /* NSArray+Merkle.m */,
				E9F3A8EF21CBBAF6009690F6 /* NSData+Crypto.h */,
				E9F3A8F621CBBAF6009690F6 /* NSData+Crypto.mm */,
				E9F3A8EE21CBBAF6009690F6 /* NSDictionary+Binary.h */,
				E9F3A8F321CBBAF6009690F6 /* NSDictionary+Binary.m */,
				E9AFAB782236E0F5001F95C6 /* NSObject+Compare.h */,
				E961082122C9E7600032D8A2 /* NSObject+Singleton.h */,
			);
			path = extends;
			sourceTree = "<group>";
		};
		E9F3A8FB21CBBAF6009690F6 /* types */ = {
			isa = PBXGroup;
			children = (
				E9F3A8FE21CBBAF6009690F6 /* MKMDictionary.h */,
				E9F3A8FC21CBBAF6009690F6 /* MKMDictionary.m */,
				E9F3A8FF21CBBAF6009690F6 /* MKMString.h */,
				E9F3A8FD21CBBAF6009690F6 /* MKMString.m */,
			);
			path = types;
			sourceTree = "<group>";
		};
		E9F3A90B21CBBAF6009690F6 /* entity */ = {
			isa = PBXGroup;
			children = (
				E9F3A91321CBBAF6009690F6 /* MKMAddress.h */,
				E9F3A90E21CBBAF6009690F6 /* MKMAddress.m */,
				E9F3A91221CBBAF6009690F6 /* MKMID.h */,
				E9F3A90F21CBBAF6009690F6 /* MKMID.m */,
				E9F3A90D21CBBAF6009690F6 /* MKMMeta.h */,
				E9F3A91021CBBAF6009690F6 /* MKMMeta.m */,
				E919AF8B238FCFB6004F7FF9 /* MKMTai.h */,
				E919AF8C238FCFB6004F7FF9 /* MKMTai.m */,
				E9F3A91121CBBAF6009690F6 /* MKMEntity.h */,
				E9F3A90C21CBBAF6009690F6 /* MKMEntity.m */,
				E93D437622A7ADEF00422EDF /* MKMProfile.h */,
				E93D437722A7ADF000422EDF /* MKMProfile.m */,
			);
			path = entity;
			sourceTree = "<group>";
		};
		E9F3AB6721CFA8EE009690F6 /* Frameworks */ = {
			isa = PBXGroup;
			children = (
				E9F3AB6821CFA8EE009690F6 /* Security.framework */,
			);
			name = Frameworks;
			sourceTree = "<group>";
		};
/* End PBXGroup section */

/* Begin PBXHeadersBuildPhase section */
		5276BF4B2361C5F600AEC8E4 /* Headers */ = {
			isa = PBXHeadersBuildPhase;
			buildActionMask = 2147483647;
			files = (
				E915CEA2243C979700B98FE3 /* MKMDigest.h in Headers */,
				5276BF4C2361C5F600AEC8E4 /* MKMGroup.h in Headers */,
				5276BF4D2361C5F600AEC8E4 /* MKMString.h in Headers */,
				5276BF4E2361C5F600AEC8E4 /* MKMDictionary.h in Headers */,
				E915CE88243C6C3A00B98FE3 /* common.h in Headers */,
				5276BF4F2361C5F600AEC8E4 /* MKMSymmetricKey.h in Headers */,
				5276BF502361C5F600AEC8E4 /* MKMPublicKey.h in Headers */,
				5276BF512361C5F600AEC8E4 /* MKMCryptographyKey.h in Headers */,
				E915CE9C243C970D00B98FE3 /* MKMDataParser.h in Headers */,
				E915CE83243C6C2800B98FE3 /* base58.h in Headers */,
				5276BF522361C5F600AEC8E4 /* MKMPrivateKey.h in Headers */,
				5276BF532361C5F600AEC8E4 /* MKMAsymmetricKey.h in Headers */,
				5276BF542361C5F600AEC8E4 /* NSObject+Singleton.h in Headers */,
				5276BF552361C5F600AEC8E4 /* MKMID.h in Headers */,
				5276BF562361C5F600AEC8E4 /* MKMAddress.h in Headers */,
				5276BF572361C5F600AEC8E4 /* MKMMeta.h in Headers */,
				5276BF582361C5F600AEC8E4 /* MKMProfile.h in Headers */,
				E915CE87243C6C3700B98FE3 /* ripemd160.h in Headers */,
				E915CE86243C6C3300B98FE3 /* byteswap.h in Headers */,
				E915CE9A243C970200B98FE3 /* MKMBaseCoder.h in Headers */,
				5276BF592361C5F600AEC8E4 /* MKMEntity.h in Headers */,
				5276BF5B2361C5F600AEC8E4 /* MingKeMing.h in Headers */,
				5276BF612361C5F600AEC8E4 /* MKMUser.h in Headers */,
				E915CE85243C6C3000B98FE3 /* endian.h in Headers */,
				5276BF682361C5F600AEC8E4 /* NSDictionary+Binary.h in Headers */,
				5276BF692361C5F600AEC8E4 /* NSArray+Merkle.h in Headers */,
				5276BF6B2361C5F600AEC8E4 /* NSObject+Compare.h in Headers */,
				5276BF6D2361C5F600AEC8E4 /* NSData+Crypto.h in Headers */,
				E919AF8E238FCFB6004F7FF9 /* MKMTai.h in Headers */,
			);
			runOnlyForDeploymentPostprocessing = 0;
		};
		E9F3A69521CA4627009690F6 /* Headers */ = {
			isa = PBXHeadersBuildPhase;
			buildActionMask = 2147483647;
			files = (
				E915CEA0243C978600B98FE3 /* MKMDigest.h in Headers */,
				E91F2AFE2301481D00BE05D0 /* MKMGroup.h in Headers */,
				E9F3A96C21CBBAF7009690F6 /* MKMString.h in Headers */,
				E9F3A96B21CBBAF7009690F6 /* MKMDictionary.h in Headers */,
				E9F3A94F21CBBAF7009690F6 /* MKMSymmetricKey.h in Headers */,
				E915CE7D243C6C1F00B98FE3 /* common.h in Headers */,
				E9F3A94C21CBBAF7009690F6 /* MKMPublicKey.h in Headers */,
				E9F3A94A21CBBAF7009690F6 /* MKMCryptographyKey.h in Headers */,
				E915CE80243C6C1F00B98FE3 /* byteswap.h in Headers */,
				E9F3A95721CBBAF7009690F6 /* MKMPrivateKey.h in Headers */,
				E9F3A94321CBBAF7009690F6 /* MKMAsymmetricKey.h in Headers */,
				E961082222C9E7600032D8A2 /* NSObject+Singleton.h in Headers */,
				E915CE7C243C6C1F00B98FE3 /* ripemd160.h in Headers */,
				E9F3A97D21CBBAF7009690F6 /* MKMID.h in Headers */,
				E915CE7F243C6C1F00B98FE3 /* endian.h in Headers */,
				E9F3A97E21CBBAF7009690F6 /* MKMAddress.h in Headers */,
				E919AF8D238FCFB6004F7FF9 /* MKMTai.h in Headers */,
				E9F3A97821CBBAF7009690F6 /* MKMMeta.h in Headers */,
				E915CE98243C96C200B98FE3 /* MKMDataParser.h in Headers */,
				E93D437822A7ADF000422EDF /* MKMProfile.h in Headers */,
				E9F3A97C21CBBAF7009690F6 /* MKMEntity.h in Headers */,
				E9F3A99F21CBBAF7009690F6 /* MingKeMing.h in Headers */,
				E9F3A98A21CBBAF7009690F6 /* MKMUser.h in Headers */,
				E915CE82243C6C1F00B98FE3 /* base58.h in Headers */,
				E9F3A95C21CBBAF7009690F6 /* NSDictionary+Binary.h in Headers */,
				E9F3A96221CBBAF7009690F6 /* NSArray+Merkle.h in Headers */,
				E9AFAB7A2236E0F5001F95C6 /* NSObject+Compare.h in Headers */,
				E9F3A95D21CBBAF7009690F6 /* NSData+Crypto.h in Headers */,
				E915CE99243C96C200B98FE3 /* MKMBaseCoder.h in Headers */,
			);
			runOnlyForDeploymentPostprocessing = 0;
		};
/* End PBXHeadersBuildPhase section */

/* Begin PBXNativeTarget section */
		5276BF4A2361C5F600AEC8E4 /* MingKeMing-Mac */ = {
			isa = PBXNativeTarget;
			buildConfigurationList = 5276BF902361C5F600AEC8E4 /* Build configuration list for PBXNativeTarget "MingKeMing-Mac" */;
			buildPhases = (
				5276BF4B2361C5F600AEC8E4 /* Headers */,
				5276BF6E2361C5F600AEC8E4 /* Sources */,
				5276BF8B2361C5F600AEC8E4 /* Frameworks */,
				5276BF8D2361C5F600AEC8E4 /* Resources */,
			);
			buildRules = (
			);
			dependencies = (
			);
			name = "MingKeMing-Mac";
			productName = MingKeMing;
			productReference = 5276BF932361C5F600AEC8E4 /* MingKeMing-Mac.framework */;
			productType = "com.apple.product-type.framework";
		};
		E9F3A69921CA4627009690F6 /* MingKeMing */ = {
			isa = PBXNativeTarget;
			buildConfigurationList = E9F3A6AE21CA4627009690F6 /* Build configuration list for PBXNativeTarget "MingKeMing" */;
			buildPhases = (
				E9F3A69521CA4627009690F6 /* Headers */,
				E9F3A69621CA4627009690F6 /* Sources */,
				E9F3A69721CA4627009690F6 /* Frameworks */,
				E9F3A69821CA4627009690F6 /* Resources */,
			);
			buildRules = (
			);
			dependencies = (
			);
			name = MingKeMing;
			productName = MingKeMing;
			productReference = E9F3A69A21CA4627009690F6 /* MingKeMing.framework */;
			productType = "com.apple.product-type.framework";
		};
		E9F3A6A221CA4627009690F6 /* MingKeMingTests */ = {
			isa = PBXNativeTarget;
			buildConfigurationList = E9F3A6B121CA4627009690F6 /* Build configuration list for PBXNativeTarget "MingKeMingTests" */;
			buildPhases = (
				E9F3A69F21CA4627009690F6 /* Sources */,
				E9F3A6A021CA4627009690F6 /* Frameworks */,
				E9F3A6A121CA4627009690F6 /* Resources */,
			);
			buildRules = (
			);
			dependencies = (
				E9F3A6A621CA4627009690F6 /* PBXTargetDependency */,
			);
			name = MingKeMingTests;
			productName = MingKeMingTests;
			productReference = E9F3A6A321CA4627009690F6 /* MingKeMingTests.xctest */;
			productType = "com.apple.product-type.bundle.unit-test";
		};
/* End PBXNativeTarget section */

/* Begin PBXProject section */
		E9F3A69121CA4627009690F6 /* Project object */ = {
			isa = PBXProject;
			attributes = {
				LastUpgradeCheck = 1010;
				ORGANIZATIONNAME = "DIM Group";
				TargetAttributes = {
					E9F3A69921CA4627009690F6 = {
						CreatedOnToolsVersion = 10.1;
					};
					E9F3A6A221CA4627009690F6 = {
						CreatedOnToolsVersion = 10.1;
					};
				};
			};
			buildConfigurationList = E9F3A69421CA4627009690F6 /* Build configuration list for PBXProject "MingKeMing" */;
			compatibilityVersion = "Xcode 9.3";
			developmentRegion = en;
			hasScannedForEncodings = 0;
			knownRegions = (
				en,
				Base,
			);
			mainGroup = E9F3A69021CA4627009690F6;
			productRefGroup = E9F3A69B21CA4627009690F6 /* Products */;
			projectDirPath = "";
			projectRoot = "";
			targets = (
				E9F3A69921CA4627009690F6 /* MingKeMing */,
				5276BF4A2361C5F600AEC8E4 /* MingKeMing-Mac */,
				E9F3A6A221CA4627009690F6 /* MingKeMingTests */,
			);
		};
/* End PBXProject section */

/* Begin PBXResourcesBuildPhase section */
		5276BF8D2361C5F600AEC8E4 /* Resources */ = {
			isa = PBXResourcesBuildPhase;
			buildActionMask = 2147483647;
			files = (
			);
			runOnlyForDeploymentPostprocessing = 0;
		};
		E9F3A69821CA4627009690F6 /* Resources */ = {
			isa = PBXResourcesBuildPhase;
			buildActionMask = 2147483647;
			files = (
			);
			runOnlyForDeploymentPostprocessing = 0;
		};
		E9F3A6A121CA4627009690F6 /* Resources */ = {
			isa = PBXResourcesBuildPhase;
			buildActionMask = 2147483647;
			files = (
			);
			runOnlyForDeploymentPostprocessing = 0;
		};
/* End PBXResourcesBuildPhase section */

/* Begin PBXSourcesBuildPhase section */
		5276BF6E2361C5F600AEC8E4 /* Sources */ = {
			isa = PBXSourcesBuildPhase;
			buildActionMask = 2147483647;
			files = (
				5276BF702361C5F600AEC8E4 /* MKMCryptographyKey.m in Sources */,
				5276BF712361C5F600AEC8E4 /* MKMAddress.m in Sources */,
				E915CEA3243C979700B98FE3 /* MKMDigest.mm in Sources */,
				E915CE84243C6C2C00B98FE3 /* base58.cpp in Sources */,
				5276BF742361C5F600AEC8E4 /* MKMProfile.m in Sources */,
				E919AF90238FCFB6004F7FF9 /* MKMTai.m in Sources */,
				5276BF752361C5F600AEC8E4 /* NSDictionary+Binary.m in Sources */,
				5276BF762361C5F600AEC8E4 /* MKMString.m in Sources */,
				5276BF772361C5F600AEC8E4 /* MKMUser.m in Sources */,
				5276BF792361C5F600AEC8E4 /* MKMPublicKey.m in Sources */,
				E915CE9B243C970A00B98FE3 /* MKMBaseCoder.mm in Sources */,
				5276BF7A2361C5F600AEC8E4 /* MKMDictionary.m in Sources */,
				E915CE89243C6C3C00B98FE3 /* ripemd160.cpp in Sources */,
				5276BF7C2361C5F600AEC8E4 /* NSData+Crypto.mm in Sources */,
				5276BF7D2361C5F600AEC8E4 /* MKMPrivateKey.m in Sources */,
				5276BF7F2361C5F600AEC8E4 /* MKMID.m in Sources */,
				5276BF812361C5F600AEC8E4 /* MKMEntity.m in Sources */,
				E915CE9D243C971400B98FE3 /* MKMDataParser.m in Sources */,
				5276BF832361C5F600AEC8E4 /* MKMAsymmetricKey.m in Sources */,
				5276BF872361C5F600AEC8E4 /* NSArray+Merkle.m in Sources */,
				5276BF882361C5F600AEC8E4 /* MKMMeta.m in Sources */,
				5276BF892361C5F600AEC8E4 /* MKMGroup.m in Sources */,
				5276BF8A2361C5F600AEC8E4 /* MKMSymmetricKey.m in Sources */,
			);
			runOnlyForDeploymentPostprocessing = 0;
		};
		E9F3A69621CA4627009690F6 /* Sources */ = {
			isa = PBXSourcesBuildPhase;
			buildActionMask = 2147483647;
			files = (
				E9F3A95821CBBAF7009690F6 /* MKMCryptographyKey.m in Sources */,
				E9F3A97921CBBAF7009690F6 /* MKMAddress.m in Sources */,
				E915CEA1243C978600B98FE3 /* MKMDigest.mm in Sources */,
				E93D437922A7ADF000422EDF /* MKMProfile.m in Sources */,
				E919AF8F238FCFB6004F7FF9 /* MKMTai.m in Sources */,
				E9F3A96121CBBAF7009690F6 /* NSDictionary+Binary.m in Sources */,
				E9F3A96A21CBBAF7009690F6 /* MKMString.m in Sources */,
				E9F3A94221CBBAF7009690F6 /* MKMUser.m in Sources */,
				E915CE96243C96C200B98FE3 /* MKMDataParser.m in Sources */,
				E9F3A95621CBBAF7009690F6 /* MKMPublicKey.m in Sources */,
				E9F3A96921CBBAF7009690F6 /* MKMDictionary.m in Sources */,
				E915CE7E243C6C1F00B98FE3 /* ripemd160.cpp in Sources */,
				E9F3A96421CBBAF7009690F6 /* NSData+Crypto.mm in Sources */,
				E915CE97243C96C200B98FE3 /* MKMBaseCoder.mm in Sources */,
				E9F3A94B21CBBAF7009690F6 /* MKMPrivateKey.m in Sources */,
				E9F3A97A21CBBAF7009690F6 /* MKMID.m in Sources */,
				E9F3A97721CBBAF7009690F6 /* MKMEntity.m in Sources */,
				E9F3A95421CBBAF7009690F6 /* MKMAsymmetricKey.m in Sources */,
				E915CE81243C6C1F00B98FE3 /* base58.cpp in Sources */,
				E9F3A95B21CBBAF7009690F6 /* NSArray+Merkle.m in Sources */,
				E9F3A97B21CBBAF7009690F6 /* MKMMeta.m in Sources */,
				E91F2AFD2301481D00BE05D0 /* MKMGroup.m in Sources */,
				E9F3A94821CBBAF7009690F6 /* MKMSymmetricKey.m in Sources */,
			);
			runOnlyForDeploymentPostprocessing = 0;
		};
		E9F3A69F21CA4627009690F6 /* Sources */ = {
			isa = PBXSourcesBuildPhase;
			buildActionMask = 2147483647;
			files = (
				E9F3A6A921CA4627009690F6 /* MingKeMingTests.m in Sources */,
			);
			runOnlyForDeploymentPostprocessing = 0;
		};
/* End PBXSourcesBuildPhase section */

/* Begin PBXTargetDependency section */
		E9F3A6A621CA4627009690F6 /* PBXTargetDependency */ = {
			isa = PBXTargetDependency;
			target = E9F3A69921CA4627009690F6 /* MingKeMing */;
			targetProxy = E9F3A6A521CA4627009690F6 /* PBXContainerItemProxy */;
		};
/* End PBXTargetDependency section */

/* Begin XCBuildConfiguration section */
		5276BF912361C5F600AEC8E4 /* Debug */ = {
			isa = XCBuildConfiguration;
			buildSettings = {
				CODE_SIGN_ENTITLEMENTS = "";
				CODE_SIGN_IDENTITY = "";
				CODE_SIGN_STYLE = Automatic;
				DEFINES_MODULE = YES;
				DEVELOPMENT_TEAM = JUVC7SZJE7;
				DYLIB_COMPATIBILITY_VERSION = 1;
				DYLIB_CURRENT_VERSION = 1;
				DYLIB_INSTALL_NAME_BASE = "@rpath";
				INFOPLIST_FILE = "MingKeMing-Mac-Info.plist";
				INSTALL_PATH = "$(LOCAL_LIBRARY_DIR)/Frameworks";
				IPHONEOS_DEPLOYMENT_TARGET = 11.0;
				LD_RUNPATH_SEARCH_PATHS = (
					"$(inherited)",
					"@executable_path/Frameworks",
					"@loader_path/Frameworks",
				);
				PRODUCT_BUNDLE_IDENTIFIER = DIM.MingKeMing;
				PRODUCT_NAME = "$(TARGET_NAME)";
				SDKROOT = macosx;
				SKIP_INSTALL = YES;
				TARGETED_DEVICE_FAMILY = "1,2";
			};
			name = Debug;
		};
		5276BF922361C5F600AEC8E4 /* Release */ = {
			isa = XCBuildConfiguration;
			buildSettings = {
				CODE_SIGN_ENTITLEMENTS = "";
				CODE_SIGN_IDENTITY = "";
				CODE_SIGN_STYLE = Automatic;
				DEFINES_MODULE = YES;
				DEVELOPMENT_TEAM = JUVC7SZJE7;
				DYLIB_COMPATIBILITY_VERSION = 1;
				DYLIB_CURRENT_VERSION = 1;
				DYLIB_INSTALL_NAME_BASE = "@rpath";
				INFOPLIST_FILE = "MingKeMing-Mac-Info.plist";
				INSTALL_PATH = "$(LOCAL_LIBRARY_DIR)/Frameworks";
				IPHONEOS_DEPLOYMENT_TARGET = 11.0;
				LD_RUNPATH_SEARCH_PATHS = (
					"$(inherited)",
					"@executable_path/Frameworks",
					"@loader_path/Frameworks",
				);
				PRODUCT_BUNDLE_IDENTIFIER = DIM.MingKeMing;
				PRODUCT_NAME = "$(TARGET_NAME)";
				SDKROOT = macosx;
				SKIP_INSTALL = YES;
				TARGETED_DEVICE_FAMILY = "1,2";
			};
			name = Release;
		};
		E9F3A6AC21CA4627009690F6 /* Debug */ = {
			isa = XCBuildConfiguration;
			buildSettings = {
				ALWAYS_SEARCH_USER_PATHS = NO;
				CLANG_ANALYZER_NONNULL = YES;
				CLANG_ANALYZER_NUMBER_OBJECT_CONVERSION = YES_AGGRESSIVE;
				CLANG_CXX_LANGUAGE_STANDARD = "gnu++14";
				CLANG_CXX_LIBRARY = "libc++";
				CLANG_ENABLE_MODULES = YES;
				CLANG_ENABLE_OBJC_ARC = YES;
				CLANG_ENABLE_OBJC_WEAK = YES;
				CLANG_WARN_BLOCK_CAPTURE_AUTORELEASING = YES;
				CLANG_WARN_BOOL_CONVERSION = YES;
				CLANG_WARN_COMMA = YES;
				CLANG_WARN_CONSTANT_CONVERSION = YES;
				CLANG_WARN_DEPRECATED_OBJC_IMPLEMENTATIONS = YES;
				CLANG_WARN_DIRECT_OBJC_ISA_USAGE = YES_ERROR;
				CLANG_WARN_DOCUMENTATION_COMMENTS = YES;
				CLANG_WARN_EMPTY_BODY = YES;
				CLANG_WARN_ENUM_CONVERSION = YES;
				CLANG_WARN_INFINITE_RECURSION = YES;
				CLANG_WARN_INT_CONVERSION = YES;
				CLANG_WARN_NON_LITERAL_NULL_CONVERSION = YES;
				CLANG_WARN_OBJC_IMPLICIT_RETAIN_SELF = YES;
				CLANG_WARN_OBJC_LITERAL_CONVERSION = YES;
				CLANG_WARN_OBJC_ROOT_CLASS = YES_ERROR;
				CLANG_WARN_RANGE_LOOP_ANALYSIS = YES;
				CLANG_WARN_STRICT_PROTOTYPES = YES;
				CLANG_WARN_SUSPICIOUS_MOVE = YES;
				CLANG_WARN_UNGUARDED_AVAILABILITY = YES_AGGRESSIVE;
				CLANG_WARN_UNREACHABLE_CODE = YES;
				CLANG_WARN__DUPLICATE_METHOD_MATCH = YES;
				CODE_SIGN_ENTITLEMENTS = "";
				CODE_SIGN_IDENTITY = "iPhone Developer";
				COPY_PHASE_STRIP = NO;
				CURRENT_PROJECT_VERSION = 1;
				DEBUG_INFORMATION_FORMAT = dwarf;
				ENABLE_STRICT_OBJC_MSGSEND = YES;
				ENABLE_TESTABILITY = YES;
				GCC_C_LANGUAGE_STANDARD = gnu11;
				GCC_DYNAMIC_NO_PIC = NO;
				GCC_NO_COMMON_BLOCKS = YES;
				GCC_OPTIMIZATION_LEVEL = 0;
				GCC_PREPROCESSOR_DEFINITIONS = (
					"DEBUG=1",
					"$(inherited)",
				);
				GCC_WARN_64_TO_32_BIT_CONVERSION = YES;
				GCC_WARN_ABOUT_RETURN_TYPE = YES_ERROR;
				GCC_WARN_UNDECLARED_SELECTOR = YES;
				GCC_WARN_UNINITIALIZED_AUTOS = YES_AGGRESSIVE;
				GCC_WARN_UNUSED_FUNCTION = YES;
				GCC_WARN_UNUSED_VARIABLE = YES;
				IPHONEOS_DEPLOYMENT_TARGET = 11.0;
				MTL_ENABLE_DEBUG_INFO = INCLUDE_SOURCE;
				MTL_FAST_MATH = YES;
				ONLY_ACTIVE_ARCH = YES;
				SDKROOT = iphoneos;
				VERSIONING_SYSTEM = "apple-generic";
				VERSION_INFO_PREFIX = "";
			};
			name = Debug;
		};
		E9F3A6AD21CA4627009690F6 /* Release */ = {
			isa = XCBuildConfiguration;
			buildSettings = {
				ALWAYS_SEARCH_USER_PATHS = NO;
				CLANG_ANALYZER_NONNULL = YES;
				CLANG_ANALYZER_NUMBER_OBJECT_CONVERSION = YES_AGGRESSIVE;
				CLANG_CXX_LANGUAGE_STANDARD = "gnu++14";
				CLANG_CXX_LIBRARY = "libc++";
				CLANG_ENABLE_MODULES = YES;
				CLANG_ENABLE_OBJC_ARC = YES;
				CLANG_ENABLE_OBJC_WEAK = YES;
				CLANG_WARN_BLOCK_CAPTURE_AUTORELEASING = YES;
				CLANG_WARN_BOOL_CONVERSION = YES;
				CLANG_WARN_COMMA = YES;
				CLANG_WARN_CONSTANT_CONVERSION = YES;
				CLANG_WARN_DEPRECATED_OBJC_IMPLEMENTATIONS = YES;
				CLANG_WARN_DIRECT_OBJC_ISA_USAGE = YES_ERROR;
				CLANG_WARN_DOCUMENTATION_COMMENTS = YES;
				CLANG_WARN_EMPTY_BODY = YES;
				CLANG_WARN_ENUM_CONVERSION = YES;
				CLANG_WARN_INFINITE_RECURSION = YES;
				CLANG_WARN_INT_CONVERSION = YES;
				CLANG_WARN_NON_LITERAL_NULL_CONVERSION = YES;
				CLANG_WARN_OBJC_IMPLICIT_RETAIN_SELF = YES;
				CLANG_WARN_OBJC_LITERAL_CONVERSION = YES;
				CLANG_WARN_OBJC_ROOT_CLASS = YES_ERROR;
				CLANG_WARN_RANGE_LOOP_ANALYSIS = YES;
				CLANG_WARN_STRICT_PROTOTYPES = YES;
				CLANG_WARN_SUSPICIOUS_MOVE = YES;
				CLANG_WARN_UNGUARDED_AVAILABILITY = YES_AGGRESSIVE;
				CLANG_WARN_UNREACHABLE_CODE = YES;
				CLANG_WARN__DUPLICATE_METHOD_MATCH = YES;
				CODE_SIGN_ENTITLEMENTS = "";
				CODE_SIGN_IDENTITY = "iPhone Developer";
				COPY_PHASE_STRIP = NO;
				CURRENT_PROJECT_VERSION = 1;
				DEBUG_INFORMATION_FORMAT = "dwarf-with-dsym";
				ENABLE_NS_ASSERTIONS = NO;
				ENABLE_STRICT_OBJC_MSGSEND = YES;
				GCC_C_LANGUAGE_STANDARD = gnu11;
				GCC_NO_COMMON_BLOCKS = YES;
				GCC_WARN_64_TO_32_BIT_CONVERSION = YES;
				GCC_WARN_ABOUT_RETURN_TYPE = YES_ERROR;
				GCC_WARN_UNDECLARED_SELECTOR = YES;
				GCC_WARN_UNINITIALIZED_AUTOS = YES_AGGRESSIVE;
				GCC_WARN_UNUSED_FUNCTION = YES;
				GCC_WARN_UNUSED_VARIABLE = YES;
				IPHONEOS_DEPLOYMENT_TARGET = 11.0;
				MTL_ENABLE_DEBUG_INFO = NO;
				MTL_FAST_MATH = YES;
				SDKROOT = iphoneos;
				VALIDATE_PRODUCT = YES;
				VERSIONING_SYSTEM = "apple-generic";
				VERSION_INFO_PREFIX = "";
			};
			name = Release;
		};
		E9F3A6AF21CA4627009690F6 /* Debug */ = {
			isa = XCBuildConfiguration;
			buildSettings = {
				CODE_SIGN_ENTITLEMENTS = "";
				CODE_SIGN_IDENTITY = "";
				CODE_SIGN_STYLE = Automatic;
				DEFINES_MODULE = YES;
				DEVELOPMENT_TEAM = JUVC7SZJE7;
				DYLIB_COMPATIBILITY_VERSION = 1;
				DYLIB_CURRENT_VERSION = 1;
				DYLIB_INSTALL_NAME_BASE = "@rpath";
				INFOPLIST_FILE = MingKeMing/Info.plist;
				INSTALL_PATH = "$(LOCAL_LIBRARY_DIR)/Frameworks";
				IPHONEOS_DEPLOYMENT_TARGET = 11.0;
				LD_RUNPATH_SEARCH_PATHS = (
					"$(inherited)",
					"@executable_path/Frameworks",
					"@loader_path/Frameworks",
				);
				PRODUCT_BUNDLE_IDENTIFIER = DIM.MingKeMing;
				PRODUCT_NAME = "$(TARGET_NAME:c99extidentifier)";
				SKIP_INSTALL = YES;
				TARGETED_DEVICE_FAMILY = "1,2";
			};
			name = Debug;
		};
		E9F3A6B021CA4627009690F6 /* Release */ = {
			isa = XCBuildConfiguration;
			buildSettings = {
				CODE_SIGN_ENTITLEMENTS = "";
				CODE_SIGN_IDENTITY = "";
				CODE_SIGN_STYLE = Automatic;
				DEFINES_MODULE = YES;
				DEVELOPMENT_TEAM = JUVC7SZJE7;
				DYLIB_COMPATIBILITY_VERSION = 1;
				DYLIB_CURRENT_VERSION = 1;
				DYLIB_INSTALL_NAME_BASE = "@rpath";
				INFOPLIST_FILE = MingKeMing/Info.plist;
				INSTALL_PATH = "$(LOCAL_LIBRARY_DIR)/Frameworks";
				IPHONEOS_DEPLOYMENT_TARGET = 11.0;
				LD_RUNPATH_SEARCH_PATHS = (
					"$(inherited)",
					"@executable_path/Frameworks",
					"@loader_path/Frameworks",
				);
				PRODUCT_BUNDLE_IDENTIFIER = DIM.MingKeMing;
				PRODUCT_NAME = "$(TARGET_NAME:c99extidentifier)";
				SKIP_INSTALL = YES;
				TARGETED_DEVICE_FAMILY = "1,2";
			};
			name = Release;
		};
		E9F3A6B221CA4627009690F6 /* Debug */ = {
			isa = XCBuildConfiguration;
			buildSettings = {
				CODE_SIGN_STYLE = Automatic;
				DEVELOPMENT_TEAM = JUVC7SZJE7;
				INFOPLIST_FILE = MingKeMingTests/Info.plist;
				LD_RUNPATH_SEARCH_PATHS = (
					"$(inherited)",
					"@executable_path/Frameworks",
					"@loader_path/Frameworks",
				);
				PRODUCT_BUNDLE_IDENTIFIER = DIM.MingKeMingTests;
				PRODUCT_NAME = "$(TARGET_NAME)";
				TARGETED_DEVICE_FAMILY = "1,2";
			};
			name = Debug;
		};
		E9F3A6B321CA4627009690F6 /* Release */ = {
			isa = XCBuildConfiguration;
			buildSettings = {
				CODE_SIGN_STYLE = Automatic;
				DEVELOPMENT_TEAM = JUVC7SZJE7;
				INFOPLIST_FILE = MingKeMingTests/Info.plist;
				LD_RUNPATH_SEARCH_PATHS = (
					"$(inherited)",
					"@executable_path/Frameworks",
					"@loader_path/Frameworks",
				);
				PRODUCT_BUNDLE_IDENTIFIER = DIM.MingKeMingTests;
				PRODUCT_NAME = "$(TARGET_NAME)";
				TARGETED_DEVICE_FAMILY = "1,2";
			};
			name = Release;
		};
/* End XCBuildConfiguration section */

/* Begin XCConfigurationList section */
		5276BF902361C5F600AEC8E4 /* Build configuration list for PBXNativeTarget "MingKeMing-Mac" */ = {
			isa = XCConfigurationList;
			buildConfigurations = (
				5276BF912361C5F600AEC8E4 /* Debug */,
				5276BF922361C5F600AEC8E4 /* Release */,
			);
			defaultConfigurationIsVisible = 0;
			defaultConfigurationName = Release;
		};
		E9F3A69421CA4627009690F6 /* Build configuration list for PBXProject "MingKeMing" */ = {
			isa = XCConfigurationList;
			buildConfigurations = (
				E9F3A6AC21CA4627009690F6 /* Debug */,
				E9F3A6AD21CA4627009690F6 /* Release */,
			);
			defaultConfigurationIsVisible = 0;
			defaultConfigurationName = Release;
		};
		E9F3A6AE21CA4627009690F6 /* Build configuration list for PBXNativeTarget "MingKeMing" */ = {
			isa = XCConfigurationList;
			buildConfigurations = (
				E9F3A6AF21CA4627009690F6 /* Debug */,
				E9F3A6B021CA4627009690F6 /* Release */,
			);
			defaultConfigurationIsVisible = 0;
			defaultConfigurationName = Release;
		};
		E9F3A6B121CA4627009690F6 /* Build configuration list for PBXNativeTarget "MingKeMingTests" */ = {
			isa = XCConfigurationList;
			buildConfigurations = (
				E9F3A6B221CA4627009690F6 /* Debug */,
				E9F3A6B321CA4627009690F6 /* Release */,
			);
			defaultConfigurationIsVisible = 0;
			defaultConfigurationName = Release;
		};
/* End XCConfigurationList section */
	};
	rootObject = E9F3A69121CA4627009690F6 /* Project object */;
}
