// !$*UTF8*$!
{
	archiveVersion = 1;
	classes = {
	};
	objectVersion = 50;
	objects = {

/* Begin PBXBuildFile section */
		E93D437822A7ADF000422EDF /* MKMProfile.h in Headers */ = {isa = PBXBuildFile; fileRef = E93D437622A7ADEF00422EDF /* MKMProfile.h */; settings = {ATTRIBUTES = (Public, ); }; };
		E93D437922A7ADF000422EDF /* MKMProfile.m in Sources */ = {isa = PBXBuildFile; fileRef = E93D437722A7ADF000422EDF /* MKMProfile.m */; };
		E961082222C9E7600032D8A2 /* NSObject+Singleton.h in Headers */ = {isa = PBXBuildFile; fileRef = E961082122C9E7600032D8A2 /* NSObject+Singleton.h */; };
		E9AFAB7A2236E0F5001F95C6 /* NSObject+Compare.h in Headers */ = {isa = PBXBuildFile; fileRef = E9AFAB782236E0F5001F95C6 /* NSObject+Compare.h */; };
		E9BBBDD5223ABDE000E6ACDA /* MKMImmortals.h in Headers */ = {isa = PBXBuildFile; fileRef = E9BBBDD3223ABDDF00E6ACDA /* MKMImmortals.h */; settings = {ATTRIBUTES = (Private, ); }; };
		E9BBBDD6223ABDE000E6ACDA /* MKMImmortals.m in Sources */ = {isa = PBXBuildFile; fileRef = E9BBBDD4223ABDDF00E6ACDA /* MKMImmortals.m */; };
		E9BBBDDA223ABFA300E6ACDA /* mkm_hulk.plist in Resources */ = {isa = PBXBuildFile; fileRef = E9BBBDD8223ABFA200E6ACDA /* mkm_hulk.plist */; };
		E9BBBDDB223ABFA300E6ACDA /* mkm_moki.plist in Resources */ = {isa = PBXBuildFile; fileRef = E9BBBDD9223ABFA200E6ACDA /* mkm_moki.plist */; };
		E9F3A6A421CA4627009690F6 /* MingKeMing.framework in Frameworks */ = {isa = PBXBuildFile; fileRef = E9F3A69A21CA4627009690F6 /* MingKeMing.framework */; };
		E9F3A6A921CA4627009690F6 /* MingKeMingTests.m in Sources */ = {isa = PBXBuildFile; fileRef = E9F3A6A821CA4627009690F6 /* MingKeMingTests.m */; };
		E9F3A94221CBBAF7009690F6 /* MKMAccount.m in Sources */ = {isa = PBXBuildFile; fileRef = E9F3A8D221CBBAF6009690F6 /* MKMAccount.m */; };
		E9F3A94321CBBAF7009690F6 /* MKMAsymmetricKey.h in Headers */ = {isa = PBXBuildFile; fileRef = E9F3A8D421CBBAF6009690F6 /* MKMAsymmetricKey.h */; settings = {ATTRIBUTES = (Public, ); }; };
		E9F3A94421CBBAF7009690F6 /* MKMRSAKeyHelper.m in Sources */ = {isa = PBXBuildFile; fileRef = E9F3A8D521CBBAF6009690F6 /* MKMRSAKeyHelper.m */; };
		E9F3A94521CBBAF7009690F6 /* MKMRSAPrivateKey.h in Headers */ = {isa = PBXBuildFile; fileRef = E9F3A8D621CBBAF6009690F6 /* MKMRSAPrivateKey.h */; settings = {ATTRIBUTES = (Private, ); }; };
		E9F3A94621CBBAF7009690F6 /* MKMRSAPrivateKey+PersistentStore.h in Headers */ = {isa = PBXBuildFile; fileRef = E9F3A8D721CBBAF6009690F6 /* MKMRSAPrivateKey+PersistentStore.h */; settings = {ATTRIBUTES = (Private, ); }; };
		E9F3A94821CBBAF7009690F6 /* MKMSymmetricKey.m in Sources */ = {isa = PBXBuildFile; fileRef = E9F3A8D921CBBAF6009690F6 /* MKMSymmetricKey.m */; };
		E9F3A94921CBBAF7009690F6 /* MKMAESKey.m in Sources */ = {isa = PBXBuildFile; fileRef = E9F3A8DA21CBBAF6009690F6 /* MKMAESKey.m */; };
		E9F3A94A21CBBAF7009690F6 /* MKMCryptographyKey.h in Headers */ = {isa = PBXBuildFile; fileRef = E9F3A8DB21CBBAF6009690F6 /* MKMCryptographyKey.h */; settings = {ATTRIBUTES = (Public, ); }; };
		E9F3A94B21CBBAF7009690F6 /* MKMPrivateKey.m in Sources */ = {isa = PBXBuildFile; fileRef = E9F3A8DC21CBBAF6009690F6 /* MKMPrivateKey.m */; };
		E9F3A94C21CBBAF7009690F6 /* MKMPublicKey.h in Headers */ = {isa = PBXBuildFile; fileRef = E9F3A8DD21CBBAF6009690F6 /* MKMPublicKey.h */; settings = {ATTRIBUTES = (Public, ); }; };
		E9F3A94D21CBBAF7009690F6 /* MKMRSAPublicKey.h in Headers */ = {isa = PBXBuildFile; fileRef = E9F3A8DE21CBBAF6009690F6 /* MKMRSAPublicKey.h */; settings = {ATTRIBUTES = (Private, ); }; };
		E9F3A94F21CBBAF7009690F6 /* MKMSymmetricKey.h in Headers */ = {isa = PBXBuildFile; fileRef = E9F3A8E021CBBAF6009690F6 /* MKMSymmetricKey.h */; settings = {ATTRIBUTES = (Public, ); }; };
		E9F3A95121CBBAF7009690F6 /* MKMRSAPrivateKey+PersistentStore.m in Sources */ = {isa = PBXBuildFile; fileRef = E9F3A8E221CBBAF6009690F6 /* MKMRSAPrivateKey+PersistentStore.m */; };
		E9F3A95221CBBAF7009690F6 /* MKMRSAKeyHelper.h in Headers */ = {isa = PBXBuildFile; fileRef = E9F3A8E321CBBAF6009690F6 /* MKMRSAKeyHelper.h */; settings = {ATTRIBUTES = (Private, ); }; };
		E9F3A95321CBBAF7009690F6 /* MKMRSAPrivateKey.m in Sources */ = {isa = PBXBuildFile; fileRef = E9F3A8E421CBBAF6009690F6 /* MKMRSAPrivateKey.m */; };
		E9F3A95421CBBAF7009690F6 /* MKMAsymmetricKey.m in Sources */ = {isa = PBXBuildFile; fileRef = E9F3A8E521CBBAF6009690F6 /* MKMAsymmetricKey.m */; };
		E9F3A95521CBBAF7009690F6 /* MKMAESKey.h in Headers */ = {isa = PBXBuildFile; fileRef = E9F3A8E621CBBAF6009690F6 /* MKMAESKey.h */; settings = {ATTRIBUTES = (Private, ); }; };
		E9F3A95621CBBAF7009690F6 /* MKMPublicKey.m in Sources */ = {isa = PBXBuildFile; fileRef = E9F3A8E721CBBAF6009690F6 /* MKMPublicKey.m */; };
		E9F3A95721CBBAF7009690F6 /* MKMPrivateKey.h in Headers */ = {isa = PBXBuildFile; fileRef = E9F3A8E821CBBAF6009690F6 /* MKMPrivateKey.h */; settings = {ATTRIBUTES = (Public, ); }; };
		E9F3A95821CBBAF7009690F6 /* MKMCryptographyKey.m in Sources */ = {isa = PBXBuildFile; fileRef = E9F3A8E921CBBAF6009690F6 /* MKMCryptographyKey.m */; };
		E9F3A95A21CBBAF7009690F6 /* MKMRSAPublicKey.m in Sources */ = {isa = PBXBuildFile; fileRef = E9F3A8EB21CBBAF6009690F6 /* MKMRSAPublicKey.m */; };
		E9F3A95B21CBBAF7009690F6 /* NSArray+Merkle.m in Sources */ = {isa = PBXBuildFile; fileRef = E9F3A8ED21CBBAF6009690F6 /* NSArray+Merkle.m */; };
		E9F3A95C21CBBAF7009690F6 /* NSDictionary+Binary.h in Headers */ = {isa = PBXBuildFile; fileRef = E9F3A8EE21CBBAF6009690F6 /* NSDictionary+Binary.h */; };
		E9F3A95D21CBBAF7009690F6 /* NSData+Crypto.h in Headers */ = {isa = PBXBuildFile; fileRef = E9F3A8EF21CBBAF6009690F6 /* NSData+Crypto.h */; };
		E9F3A95E21CBBAF7009690F6 /* NSString+Crypto.mm in Sources */ = {isa = PBXBuildFile; fileRef = E9F3A8F021CBBAF6009690F6 /* NSString+Crypto.mm */; };
		E9F3A95F21CBBAF7009690F6 /* NSObject+JsON.m in Sources */ = {isa = PBXBuildFile; fileRef = E9F3A8F121CBBAF6009690F6 /* NSObject+JsON.m */; };
		E9F3A96121CBBAF7009690F6 /* NSDictionary+Binary.m in Sources */ = {isa = PBXBuildFile; fileRef = E9F3A8F321CBBAF6009690F6 /* NSDictionary+Binary.m */; };
		E9F3A96221CBBAF7009690F6 /* NSArray+Merkle.h in Headers */ = {isa = PBXBuildFile; fileRef = E9F3A8F421CBBAF6009690F6 /* NSArray+Merkle.h */; };
		E9F3A96421CBBAF7009690F6 /* NSData+Crypto.mm in Sources */ = {isa = PBXBuildFile; fileRef = E9F3A8F621CBBAF6009690F6 /* NSData+Crypto.mm */; };
		E9F3A96521CBBAF7009690F6 /* NSObject+JsON.h in Headers */ = {isa = PBXBuildFile; fileRef = E9F3A8F721CBBAF6009690F6 /* NSObject+JsON.h */; };
		E9F3A96621CBBAF7009690F6 /* NSString+Crypto.h in Headers */ = {isa = PBXBuildFile; fileRef = E9F3A8F821CBBAF6009690F6 /* NSString+Crypto.h */; };
		E9F3A96921CBBAF7009690F6 /* MKMDictionary.m in Sources */ = {isa = PBXBuildFile; fileRef = E9F3A8FC21CBBAF6009690F6 /* MKMDictionary.m */; };
		E9F3A96A21CBBAF7009690F6 /* MKMString.m in Sources */ = {isa = PBXBuildFile; fileRef = E9F3A8FD21CBBAF6009690F6 /* MKMString.m */; };
		E9F3A96B21CBBAF7009690F6 /* MKMDictionary.h in Headers */ = {isa = PBXBuildFile; fileRef = E9F3A8FE21CBBAF6009690F6 /* MKMDictionary.h */; settings = {ATTRIBUTES = (Public, ); }; };
		E9F3A96C21CBBAF7009690F6 /* MKMString.h in Headers */ = {isa = PBXBuildFile; fileRef = E9F3A8FF21CBBAF6009690F6 /* MKMString.h */; settings = {ATTRIBUTES = (Public, ); }; };
		E9F3A96E21CBBAF7009690F6 /* MKMContact.h in Headers */ = {isa = PBXBuildFile; fileRef = E9F3A90121CBBAF6009690F6 /* MKMContact.h */; settings = {ATTRIBUTES = (Public, ); }; };
		E9F3A96F21CBBAF7009690F6 /* MKMPolylogue.m in Sources */ = {isa = PBXBuildFile; fileRef = E9F3A90321CBBAF6009690F6 /* MKMPolylogue.m */; };
		E9F3A97021CBBAF7009690F6 /* MKMGroup.h in Headers */ = {isa = PBXBuildFile; fileRef = E9F3A90421CBBAF6009690F6 /* MKMGroup.h */; settings = {ATTRIBUTES = (Public, ); }; };
		E9F3A97121CBBAF7009690F6 /* MKMChatroom.m in Sources */ = {isa = PBXBuildFile; fileRef = E9F3A90521CBBAF6009690F6 /* MKMChatroom.m */; };
		E9F3A97221CBBAF7009690F6 /* MKMMember.m in Sources */ = {isa = PBXBuildFile; fileRef = E9F3A90621CBBAF6009690F6 /* MKMMember.m */; };
		E9F3A97321CBBAF7009690F6 /* MKMGroup.m in Sources */ = {isa = PBXBuildFile; fileRef = E9F3A90721CBBAF6009690F6 /* MKMGroup.m */; };
		E9F3A97421CBBAF7009690F6 /* MKMPolylogue.h in Headers */ = {isa = PBXBuildFile; fileRef = E9F3A90821CBBAF6009690F6 /* MKMPolylogue.h */; settings = {ATTRIBUTES = (Public, ); }; };
		E9F3A97521CBBAF7009690F6 /* MKMChatroom.h in Headers */ = {isa = PBXBuildFile; fileRef = E9F3A90921CBBAF6009690F6 /* MKMChatroom.h */; settings = {ATTRIBUTES = (Public, ); }; };
		E9F3A97621CBBAF7009690F6 /* MKMMember.h in Headers */ = {isa = PBXBuildFile; fileRef = E9F3A90A21CBBAF6009690F6 /* MKMMember.h */; settings = {ATTRIBUTES = (Public, ); }; };
		E9F3A97721CBBAF7009690F6 /* MKMEntity.m in Sources */ = {isa = PBXBuildFile; fileRef = E9F3A90C21CBBAF6009690F6 /* MKMEntity.m */; };
		E9F3A97821CBBAF7009690F6 /* MKMMeta.h in Headers */ = {isa = PBXBuildFile; fileRef = E9F3A90D21CBBAF6009690F6 /* MKMMeta.h */; settings = {ATTRIBUTES = (Public, ); }; };
		E9F3A97921CBBAF7009690F6 /* MKMAddress.m in Sources */ = {isa = PBXBuildFile; fileRef = E9F3A90E21CBBAF6009690F6 /* MKMAddress.m */; };
		E9F3A97A21CBBAF7009690F6 /* MKMID.m in Sources */ = {isa = PBXBuildFile; fileRef = E9F3A90F21CBBAF6009690F6 /* MKMID.m */; };
		E9F3A97B21CBBAF7009690F6 /* MKMMeta.m in Sources */ = {isa = PBXBuildFile; fileRef = E9F3A91021CBBAF6009690F6 /* MKMMeta.m */; };
		E9F3A97C21CBBAF7009690F6 /* MKMEntity.h in Headers */ = {isa = PBXBuildFile; fileRef = E9F3A91121CBBAF6009690F6 /* MKMEntity.h */; settings = {ATTRIBUTES = (Public, ); }; };
		E9F3A97D21CBBAF7009690F6 /* MKMID.h in Headers */ = {isa = PBXBuildFile; fileRef = E9F3A91221CBBAF6009690F6 /* MKMID.h */; settings = {ATTRIBUTES = (Public, ); }; };
		E9F3A97E21CBBAF7009690F6 /* MKMAddress.h in Headers */ = {isa = PBXBuildFile; fileRef = E9F3A91321CBBAF6009690F6 /* MKMAddress.h */; settings = {ATTRIBUTES = (Public, ); }; };
		E9F3A98121CBBAF7009690F6 /* MKMUser.h in Headers */ = {isa = PBXBuildFile; fileRef = E9F3A91621CBBAF6009690F6 /* MKMUser.h */; settings = {ATTRIBUTES = (Public, ); }; };
		E9F3A98221CBBAF7009690F6 /* ripemd160.h in Headers */ = {isa = PBXBuildFile; fileRef = E9F3A91A21CBBAF6009690F6 /* ripemd160.h */; };
		E9F3A98321CBBAF7009690F6 /* common.h in Headers */ = {isa = PBXBuildFile; fileRef = E9F3A91B21CBBAF6009690F6 /* common.h */; };
		E9F3A98421CBBAF7009690F6 /* ripemd160.cpp in Sources */ = {isa = PBXBuildFile; fileRef = E9F3A91C21CBBAF6009690F6 /* ripemd160.cpp */; };
		E9F3A98521CBBAF7009690F6 /* endian.h in Headers */ = {isa = PBXBuildFile; fileRef = E9F3A91E21CBBAF6009690F6 /* endian.h */; };
		E9F3A98621CBBAF7009690F6 /* byteswap.h in Headers */ = {isa = PBXBuildFile; fileRef = E9F3A91F21CBBAF6009690F6 /* byteswap.h */; };
		E9F3A98721CBBAF7009690F6 /* base58.cpp in Sources */ = {isa = PBXBuildFile; fileRef = E9F3A92021CBBAF6009690F6 /* base58.cpp */; };
		E9F3A98821CBBAF7009690F6 /* base58.h in Headers */ = {isa = PBXBuildFile; fileRef = E9F3A92121CBBAF6009690F6 /* base58.h */; };
		E9F3A98A21CBBAF7009690F6 /* MKMAccount.h in Headers */ = {isa = PBXBuildFile; fileRef = E9F3A92321CBBAF6009690F6 /* MKMAccount.h */; settings = {ATTRIBUTES = (Public, ); }; };
		E9F3A99F21CBBAF7009690F6 /* MingKeMing.h in Headers */ = {isa = PBXBuildFile; fileRef = E9F3A93921CBBAF6009690F6 /* MingKeMing.h */; settings = {ATTRIBUTES = (Public, ); }; };
		E9F3A9A021CBBAF7009690F6 /* MKMContact.m in Sources */ = {isa = PBXBuildFile; fileRef = E9F3A93A21CBBAF6009690F6 /* MKMContact.m */; };
		E9F3A9A221CBBAF7009690F6 /* MKMUser.m in Sources */ = {isa = PBXBuildFile; fileRef = E9F3A93C21CBBAF6009690F6 /* MKMUser.m */; };
		E9F3AB6921CFA8EE009690F6 /* Security.framework in Frameworks */ = {isa = PBXBuildFile; fileRef = E9F3AB6821CFA8EE009690F6 /* Security.framework */; };
/* End PBXBuildFile section */

/* Begin PBXContainerItemProxy section */
		E9F3A6A521CA4627009690F6 /* PBXContainerItemProxy */ = {
			isa = PBXContainerItemProxy;
			containerPortal = E9F3A69121CA4627009690F6 /* Project object */;
			proxyType = 1;
			remoteGlobalIDString = E9F3A69921CA4627009690F6;
			remoteInfo = MingKeMing;
		};
/* End PBXContainerItemProxy section */

/* Begin PBXFileReference section */
		E93D437622A7ADEF00422EDF /* MKMProfile.h */ = {isa = PBXFileReference; fileEncoding = 4; lastKnownFileType = sourcecode.c.h; path = MKMProfile.h; sourceTree = "<group>"; };
		E93D437722A7ADF000422EDF /* MKMProfile.m */ = {isa = PBXFileReference; fileEncoding = 4; lastKnownFileType = sourcecode.c.objc; path = MKMProfile.m; sourceTree = "<group>"; };
		E961082122C9E7600032D8A2 /* NSObject+Singleton.h */ = {isa = PBXFileReference; fileEncoding = 4; lastKnownFileType = sourcecode.c.h; path = "NSObject+Singleton.h"; sourceTree = "<group>"; };
		E9AFAB782236E0F5001F95C6 /* NSObject+Compare.h */ = {isa = PBXFileReference; lastKnownFileType = sourcecode.c.h; path = "NSObject+Compare.h"; sourceTree = "<group>"; };
		E9BBBDD3223ABDDF00E6ACDA /* MKMImmortals.h */ = {isa = PBXFileReference; fileEncoding = 4; lastKnownFileType = sourcecode.c.h; path = MKMImmortals.h; sourceTree = "<group>"; };
		E9BBBDD4223ABDDF00E6ACDA /* MKMImmortals.m */ = {isa = PBXFileReference; fileEncoding = 4; lastKnownFileType = sourcecode.c.objc; path = MKMImmortals.m; sourceTree = "<group>"; };
		E9BBBDD8223ABFA200E6ACDA /* mkm_hulk.plist */ = {isa = PBXFileReference; fileEncoding = 4; lastKnownFileType = text.plist.xml; path = mkm_hulk.plist; sourceTree = "<group>"; };
		E9BBBDD9223ABFA200E6ACDA /* mkm_moki.plist */ = {isa = PBXFileReference; fileEncoding = 4; lastKnownFileType = text.plist.xml; path = mkm_moki.plist; sourceTree = "<group>"; };
		E9F3A69A21CA4627009690F6 /* MingKeMing.framework */ = {isa = PBXFileReference; explicitFileType = wrapper.framework; includeInIndex = 0; path = MingKeMing.framework; sourceTree = BUILT_PRODUCTS_DIR; };
		E9F3A69E21CA4627009690F6 /* Info.plist */ = {isa = PBXFileReference; lastKnownFileType = text.plist.xml; path = Info.plist; sourceTree = "<group>"; };
		E9F3A6A321CA4627009690F6 /* MingKeMingTests.xctest */ = {isa = PBXFileReference; explicitFileType = wrapper.cfbundle; includeInIndex = 0; path = MingKeMingTests.xctest; sourceTree = BUILT_PRODUCTS_DIR; };
		E9F3A6A821CA4627009690F6 /* MingKeMingTests.m */ = {isa = PBXFileReference; lastKnownFileType = sourcecode.c.objc; path = MingKeMingTests.m; sourceTree = "<group>"; };
		E9F3A6AA21CA4627009690F6 /* Info.plist */ = {isa = PBXFileReference; lastKnownFileType = text.plist.xml; path = Info.plist; sourceTree = "<group>"; };
		E9F3A8D221CBBAF6009690F6 /* MKMAccount.m */ = {isa = PBXFileReference; fileEncoding = 4; lastKnownFileType = sourcecode.c.objc; path = MKMAccount.m; sourceTree = "<group>"; };
		E9F3A8D421CBBAF6009690F6 /* MKMAsymmetricKey.h */ = {isa = PBXFileReference; fileEncoding = 4; lastKnownFileType = sourcecode.c.h; path = MKMAsymmetricKey.h; sourceTree = "<group>"; };
		E9F3A8D521CBBAF6009690F6 /* MKMRSAKeyHelper.m */ = {isa = PBXFileReference; fileEncoding = 4; lastKnownFileType = sourcecode.c.objc; path = MKMRSAKeyHelper.m; sourceTree = "<group>"; };
		E9F3A8D621CBBAF6009690F6 /* MKMRSAPrivateKey.h */ = {isa = PBXFileReference; fileEncoding = 4; lastKnownFileType = sourcecode.c.h; path = MKMRSAPrivateKey.h; sourceTree = "<group>"; };
		E9F3A8D721CBBAF6009690F6 /* MKMRSAPrivateKey+PersistentStore.h */ = {isa = PBXFileReference; fileEncoding = 4; lastKnownFileType = sourcecode.c.h; path = "MKMRSAPrivateKey+PersistentStore.h"; sourceTree = "<group>"; };
		E9F3A8D921CBBAF6009690F6 /* MKMSymmetricKey.m */ = {isa = PBXFileReference; fileEncoding = 4; lastKnownFileType = sourcecode.c.objc; path = MKMSymmetricKey.m; sourceTree = "<group>"; };
		E9F3A8DA21CBBAF6009690F6 /* MKMAESKey.m */ = {isa = PBXFileReference; fileEncoding = 4; lastKnownFileType = sourcecode.c.objc; path = MKMAESKey.m; sourceTree = "<group>"; };
		E9F3A8DB21CBBAF6009690F6 /* MKMCryptographyKey.h */ = {isa = PBXFileReference; fileEncoding = 4; lastKnownFileType = sourcecode.c.h; path = MKMCryptographyKey.h; sourceTree = "<group>"; };
		E9F3A8DC21CBBAF6009690F6 /* MKMPrivateKey.m */ = {isa = PBXFileReference; fileEncoding = 4; lastKnownFileType = sourcecode.c.objc; path = MKMPrivateKey.m; sourceTree = "<group>"; };
		E9F3A8DD21CBBAF6009690F6 /* MKMPublicKey.h */ = {isa = PBXFileReference; fileEncoding = 4; lastKnownFileType = sourcecode.c.h; path = MKMPublicKey.h; sourceTree = "<group>"; };
		E9F3A8DE21CBBAF6009690F6 /* MKMRSAPublicKey.h */ = {isa = PBXFileReference; fileEncoding = 4; lastKnownFileType = sourcecode.c.h; path = MKMRSAPublicKey.h; sourceTree = "<group>"; };
		E9F3A8E021CBBAF6009690F6 /* MKMSymmetricKey.h */ = {isa = PBXFileReference; fileEncoding = 4; lastKnownFileType = sourcecode.c.h; path = MKMSymmetricKey.h; sourceTree = "<group>"; };
		E9F3A8E221CBBAF6009690F6 /* MKMRSAPrivateKey+PersistentStore.m */ = {isa = PBXFileReference; fileEncoding = 4; lastKnownFileType = sourcecode.c.objc; path = "MKMRSAPrivateKey+PersistentStore.m"; sourceTree = "<group>"; };
		E9F3A8E321CBBAF6009690F6 /* MKMRSAKeyHelper.h */ = {isa = PBXFileReference; fileEncoding = 4; lastKnownFileType = sourcecode.c.h; path = MKMRSAKeyHelper.h; sourceTree = "<group>"; };
		E9F3A8E421CBBAF6009690F6 /* MKMRSAPrivateKey.m */ = {isa = PBXFileReference; fileEncoding = 4; lastKnownFileType = sourcecode.c.objc; path = MKMRSAPrivateKey.m; sourceTree = "<group>"; };
		E9F3A8E521CBBAF6009690F6 /* MKMAsymmetricKey.m */ = {isa = PBXFileReference; fileEncoding = 4; lastKnownFileType = sourcecode.c.objc; path = MKMAsymmetricKey.m; sourceTree = "<group>"; };
		E9F3A8E621CBBAF6009690F6 /* MKMAESKey.h */ = {isa = PBXFileReference; fileEncoding = 4; lastKnownFileType = sourcecode.c.h; path = MKMAESKey.h; sourceTree = "<group>"; };
		E9F3A8E721CBBAF6009690F6 /* MKMPublicKey.m */ = {isa = PBXFileReference; fileEncoding = 4; lastKnownFileType = sourcecode.c.objc; path = MKMPublicKey.m; sourceTree = "<group>"; };
		E9F3A8E821CBBAF6009690F6 /* MKMPrivateKey.h */ = {isa = PBXFileReference; fileEncoding = 4; lastKnownFileType = sourcecode.c.h; path = MKMPrivateKey.h; sourceTree = "<group>"; };
		E9F3A8E921CBBAF6009690F6 /* MKMCryptographyKey.m */ = {isa = PBXFileReference; fileEncoding = 4; lastKnownFileType = sourcecode.c.objc; path = MKMCryptographyKey.m; sourceTree = "<group>"; };
		E9F3A8EB21CBBAF6009690F6 /* MKMRSAPublicKey.m */ = {isa = PBXFileReference; fileEncoding = 4; lastKnownFileType = sourcecode.c.objc; path = MKMRSAPublicKey.m; sourceTree = "<group>"; };
		E9F3A8ED21CBBAF6009690F6 /* NSArray+Merkle.m */ = {isa = PBXFileReference; fileEncoding = 4; lastKnownFileType = sourcecode.c.objc; path = "NSArray+Merkle.m"; sourceTree = "<group>"; };
		E9F3A8EE21CBBAF6009690F6 /* NSDictionary+Binary.h */ = {isa = PBXFileReference; fileEncoding = 4; lastKnownFileType = sourcecode.c.h; path = "NSDictionary+Binary.h"; sourceTree = "<group>"; };
		E9F3A8EF21CBBAF6009690F6 /* NSData+Crypto.h */ = {isa = PBXFileReference; fileEncoding = 4; lastKnownFileType = sourcecode.c.h; path = "NSData+Crypto.h"; sourceTree = "<group>"; };
		E9F3A8F021CBBAF6009690F6 /* NSString+Crypto.mm */ = {isa = PBXFileReference; fileEncoding = 4; lastKnownFileType = sourcecode.cpp.objcpp; path = "NSString+Crypto.mm"; sourceTree = "<group>"; };
		E9F3A8F121CBBAF6009690F6 /* NSObject+JsON.m */ = {isa = PBXFileReference; fileEncoding = 4; lastKnownFileType = sourcecode.c.objc; path = "NSObject+JsON.m"; sourceTree = "<group>"; };
		E9F3A8F321CBBAF6009690F6 /* NSDictionary+Binary.m */ = {isa = PBXFileReference; fileEncoding = 4; lastKnownFileType = sourcecode.c.objc; path = "NSDictionary+Binary.m"; sourceTree = "<group>"; };
		E9F3A8F421CBBAF6009690F6 /* NSArray+Merkle.h */ = {isa = PBXFileReference; fileEncoding = 4; lastKnownFileType = sourcecode.c.h; path = "NSArray+Merkle.h"; sourceTree = "<group>"; };
		E9F3A8F621CBBAF6009690F6 /* NSData+Crypto.mm */ = {isa = PBXFileReference; fileEncoding = 4; lastKnownFileType = sourcecode.cpp.objcpp; path = "NSData+Crypto.mm"; sourceTree = "<group>"; };
		E9F3A8F721CBBAF6009690F6 /* NSObject+JsON.h */ = {isa = PBXFileReference; fileEncoding = 4; lastKnownFileType = sourcecode.c.h; path = "NSObject+JsON.h"; sourceTree = "<group>"; };
		E9F3A8F821CBBAF6009690F6 /* NSString+Crypto.h */ = {isa = PBXFileReference; fileEncoding = 4; lastKnownFileType = sourcecode.c.h; path = "NSString+Crypto.h"; sourceTree = "<group>"; };
		E9F3A8FC21CBBAF6009690F6 /* MKMDictionary.m */ = {isa = PBXFileReference; fileEncoding = 4; lastKnownFileType = sourcecode.c.objc; path = MKMDictionary.m; sourceTree = "<group>"; };
		E9F3A8FD21CBBAF6009690F6 /* MKMString.m */ = {isa = PBXFileReference; fileEncoding = 4; lastKnownFileType = sourcecode.c.objc; path = MKMString.m; sourceTree = "<group>"; };
		E9F3A8FE21CBBAF6009690F6 /* MKMDictionary.h */ = {isa = PBXFileReference; fileEncoding = 4; lastKnownFileType = sourcecode.c.h; path = MKMDictionary.h; sourceTree = "<group>"; };
		E9F3A8FF21CBBAF6009690F6 /* MKMString.h */ = {isa = PBXFileReference; fileEncoding = 4; lastKnownFileType = sourcecode.c.h; path = MKMString.h; sourceTree = "<group>"; };
		E9F3A90121CBBAF6009690F6 /* MKMContact.h */ = {isa = PBXFileReference; fileEncoding = 4; lastKnownFileType = sourcecode.c.h; path = MKMContact.h; sourceTree = "<group>"; };
		E9F3A90321CBBAF6009690F6 /* MKMPolylogue.m */ = {isa = PBXFileReference; fileEncoding = 4; lastKnownFileType = sourcecode.c.objc; path = MKMPolylogue.m; sourceTree = "<group>"; };
		E9F3A90421CBBAF6009690F6 /* MKMGroup.h */ = {isa = PBXFileReference; fileEncoding = 4; lastKnownFileType = sourcecode.c.h; path = MKMGroup.h; sourceTree = "<group>"; };
		E9F3A90521CBBAF6009690F6 /* MKMChatroom.m */ = {isa = PBXFileReference; fileEncoding = 4; lastKnownFileType = sourcecode.c.objc; path = MKMChatroom.m; sourceTree = "<group>"; };
		E9F3A90621CBBAF6009690F6 /* MKMMember.m */ = {isa = PBXFileReference; fileEncoding = 4; lastKnownFileType = sourcecode.c.objc; path = MKMMember.m; sourceTree = "<group>"; };
		E9F3A90721CBBAF6009690F6 /* MKMGroup.m */ = {isa = PBXFileReference; fileEncoding = 4; lastKnownFileType = sourcecode.c.objc; path = MKMGroup.m; sourceTree = "<group>"; };
		E9F3A90821CBBAF6009690F6 /* MKMPolylogue.h */ = {isa = PBXFileReference; fileEncoding = 4; lastKnownFileType = sourcecode.c.h; path = MKMPolylogue.h; sourceTree = "<group>"; };
		E9F3A90921CBBAF6009690F6 /* MKMChatroom.h */ = {isa = PBXFileReference; fileEncoding = 4; lastKnownFileType = sourcecode.c.h; path = MKMChatroom.h; sourceTree = "<group>"; };
		E9F3A90A21CBBAF6009690F6 /* MKMMember.h */ = {isa = PBXFileReference; fileEncoding = 4; lastKnownFileType = sourcecode.c.h; path = MKMMember.h; sourceTree = "<group>"; };
		E9F3A90C21CBBAF6009690F6 /* MKMEntity.m */ = {isa = PBXFileReference; fileEncoding = 4; lastKnownFileType = sourcecode.c.objc; path = MKMEntity.m; sourceTree = "<group>"; };
		E9F3A90D21CBBAF6009690F6 /* MKMMeta.h */ = {isa = PBXFileReference; fileEncoding = 4; lastKnownFileType = sourcecode.c.h; path = MKMMeta.h; sourceTree = "<group>"; };
		E9F3A90E21CBBAF6009690F6 /* MKMAddress.m */ = {isa = PBXFileReference; fileEncoding = 4; lastKnownFileType = sourcecode.c.objc; path = MKMAddress.m; sourceTree = "<group>"; };
		E9F3A90F21CBBAF6009690F6 /* MKMID.m */ = {isa = PBXFileReference; fileEncoding = 4; lastKnownFileType = sourcecode.c.objc; path = MKMID.m; sourceTree = "<group>"; };
		E9F3A91021CBBAF6009690F6 /* MKMMeta.m */ = {isa = PBXFileReference; fileEncoding = 4; lastKnownFileType = sourcecode.c.objc; path = MKMMeta.m; sourceTree = "<group>"; };
		E9F3A91121CBBAF6009690F6 /* MKMEntity.h */ = {isa = PBXFileReference; fileEncoding = 4; lastKnownFileType = sourcecode.c.h; path = MKMEntity.h; sourceTree = "<group>"; };
		E9F3A91221CBBAF6009690F6 /* MKMID.h */ = {isa = PBXFileReference; fileEncoding = 4; lastKnownFileType = sourcecode.c.h; path = MKMID.h; sourceTree = "<group>"; };
		E9F3A91321CBBAF6009690F6 /* MKMAddress.h */ = {isa = PBXFileReference; fileEncoding = 4; lastKnownFileType = sourcecode.c.h; path = MKMAddress.h; sourceTree = "<group>"; };
		E9F3A91621CBBAF6009690F6 /* MKMUser.h */ = {isa = PBXFileReference; fileEncoding = 4; lastKnownFileType = sourcecode.c.h; path = MKMUser.h; sourceTree = "<group>"; };
		E9F3A91A21CBBAF6009690F6 /* ripemd160.h */ = {isa = PBXFileReference; fileEncoding = 4; lastKnownFileType = sourcecode.c.h; path = ripemd160.h; sourceTree = "<group>"; };
		E9F3A91B21CBBAF6009690F6 /* common.h */ = {isa = PBXFileReference; fileEncoding = 4; lastKnownFileType = sourcecode.c.h; path = common.h; sourceTree = "<group>"; };
		E9F3A91C21CBBAF6009690F6 /* ripemd160.cpp */ = {isa = PBXFileReference; fileEncoding = 4; lastKnownFileType = sourcecode.cpp.cpp; path = ripemd160.cpp; sourceTree = "<group>"; };
		E9F3A91E21CBBAF6009690F6 /* endian.h */ = {isa = PBXFileReference; fileEncoding = 4; lastKnownFileType = sourcecode.c.h; path = endian.h; sourceTree = "<group>"; };
		E9F3A91F21CBBAF6009690F6 /* byteswap.h */ = {isa = PBXFileReference; fileEncoding = 4; lastKnownFileType = sourcecode.c.h; path = byteswap.h; sourceTree = "<group>"; };
		E9F3A92021CBBAF6009690F6 /* base58.cpp */ = {isa = PBXFileReference; fileEncoding = 4; lastKnownFileType = sourcecode.cpp.cpp; path = base58.cpp; sourceTree = "<group>"; };
		E9F3A92121CBBAF6009690F6 /* base58.h */ = {isa = PBXFileReference; fileEncoding = 4; lastKnownFileType = sourcecode.c.h; path = base58.h; sourceTree = "<group>"; };
		E9F3A92321CBBAF6009690F6 /* MKMAccount.h */ = {isa = PBXFileReference; fileEncoding = 4; lastKnownFileType = sourcecode.c.h; path = MKMAccount.h; sourceTree = "<group>"; };
		E9F3A93921CBBAF6009690F6 /* MingKeMing.h */ = {isa = PBXFileReference; fileEncoding = 4; lastKnownFileType = sourcecode.c.h; path = MingKeMing.h; sourceTree = "<group>"; };
		E9F3A93A21CBBAF6009690F6 /* MKMContact.m */ = {isa = PBXFileReference; fileEncoding = 4; lastKnownFileType = sourcecode.c.objc; path = MKMContact.m; sourceTree = "<group>"; };
		E9F3A93C21CBBAF6009690F6 /* MKMUser.m */ = {isa = PBXFileReference; fileEncoding = 4; lastKnownFileType = sourcecode.c.objc; path = MKMUser.m; sourceTree = "<group>"; };
		E9F3AB6821CFA8EE009690F6 /* Security.framework */ = {isa = PBXFileReference; lastKnownFileType = wrapper.framework; name = Security.framework; path = System/Library/Frameworks/Security.framework; sourceTree = SDKROOT; };
/* End PBXFileReference section */

/* Begin PBXFrameworksBuildPhase section */
		E9F3A69721CA4627009690F6 /* Frameworks */ = {
			isa = PBXFrameworksBuildPhase;
			buildActionMask = 2147483647;
			files = (
				E9F3AB6921CFA8EE009690F6 /* Security.framework in Frameworks */,
			);
			runOnlyForDeploymentPostprocessing = 0;
		};
		E9F3A6A021CA4627009690F6 /* Frameworks */ = {
			isa = PBXFrameworksBuildPhase;
			buildActionMask = 2147483647;
			files = (
				E9F3A6A421CA4627009690F6 /* MingKeMing.framework in Frameworks */,
			);
			runOnlyForDeploymentPostprocessing = 0;
		};
/* End PBXFrameworksBuildPhase section */

/* Begin PBXGroup section */
		E9BBBDD7223ABFA200E6ACDA /* Resources */ = {
			isa = PBXGroup;
			children = (
				E9BBBDD8223ABFA200E6ACDA /* mkm_hulk.plist */,
				E9BBBDD9223ABFA200E6ACDA /* mkm_moki.plist */,
			);
			name = Resources;
			path = ../Resources;
			sourceTree = "<group>";
		};
		E9F3A69021CA4627009690F6 = {
			isa = PBXGroup;
			children = (
				E9BBBDD7223ABFA200E6ACDA /* Resources */,
				E9F3A8D121CBBAF6009690F6 /* Classes */,
				E9F3A69C21CA4627009690F6 /* MingKeMing */,
				E9F3A6A721CA4627009690F6 /* MingKeMingTests */,
				E9F3A69B21CA4627009690F6 /* Products */,
				E9F3AB6721CFA8EE009690F6 /* Frameworks */,
			);
			sourceTree = "<group>";
		};
		E9F3A69B21CA4627009690F6 /* Products */ = {
			isa = PBXGroup;
			children = (
				E9F3A69A21CA4627009690F6 /* MingKeMing.framework */,
				E9F3A6A321CA4627009690F6 /* MingKeMingTests.xctest */,
			);
			name = Products;
			sourceTree = "<group>";
		};
		E9F3A69C21CA4627009690F6 /* MingKeMing */ = {
			isa = PBXGroup;
			children = (
				E9F3A69E21CA4627009690F6 /* Info.plist */,
			);
			path = MingKeMing;
			sourceTree = "<group>";
		};
		E9F3A6A721CA4627009690F6 /* MingKeMingTests */ = {
			isa = PBXGroup;
			children = (
				E9F3A6A821CA4627009690F6 /* MingKeMingTests.m */,
				E9F3A6AA21CA4627009690F6 /* Info.plist */,
			);
			path = MingKeMingTests;
			sourceTree = "<group>";
		};
		E9F3A8D121CBBAF6009690F6 /* Classes */ = {
			isa = PBXGroup;
			children = (
				E9F3A91721CBBAF6009690F6 /* bitcoin */,
				E9F3A8EC21CBBAF6009690F6 /* extends */,
				E9F3A8FB21CBBAF6009690F6 /* types */,
				E9F3A8D321CBBAF6009690F6 /* crypto */,
				E9F3A90B21CBBAF6009690F6 /* entity */,
				E9F3A90221CBBAF6009690F6 /* group */,
				E9F3A92321CBBAF6009690F6 /* MKMAccount.h */,
				E9F3A8D221CBBAF6009690F6 /* MKMAccount.m */,
				E9F3A91621CBBAF6009690F6 /* MKMUser.h */,
				E9F3A93C21CBBAF6009690F6 /* MKMUser.m */,
				E9F3A90121CBBAF6009690F6 /* MKMContact.h */,
				E9F3A93A21CBBAF6009690F6 /* MKMContact.m */,
				E9BBBDD3223ABDDF00E6ACDA /* MKMImmortals.h */,
				E9BBBDD4223ABDDF00E6ACDA /* MKMImmortals.m */,
				E9F3A93921CBBAF6009690F6 /* MingKeMing.h */,
			);
			name = Classes;
			path = ../Classes;
			sourceTree = "<group>";
		};
		E9F3A8D321CBBAF6009690F6 /* crypto */ = {
			isa = PBXGroup;
			children = (
				E9F3A8DB21CBBAF6009690F6 /* MKMCryptographyKey.h */,
				E9F3A8E921CBBAF6009690F6 /* MKMCryptographyKey.m */,
				E9F3A8E021CBBAF6009690F6 /* MKMSymmetricKey.h */,
				E9F3A8D921CBBAF6009690F6 /* MKMSymmetricKey.m */,
				E9F3A8E621CBBAF6009690F6 /* MKMAESKey.h */,
				E9F3A8DA21CBBAF6009690F6 /* MKMAESKey.m */,
				E9F3A8D421CBBAF6009690F6 /* MKMAsymmetricKey.h */,
				E9F3A8E521CBBAF6009690F6 /* MKMAsymmetricKey.m */,
				E9F3A8E821CBBAF6009690F6 /* MKMPrivateKey.h */,
				E9F3A8DC21CBBAF6009690F6 /* MKMPrivateKey.m */,
				E9F3A8DD21CBBAF6009690F6 /* MKMPublicKey.h */,
				E9F3A8E721CBBAF6009690F6 /* MKMPublicKey.m */,
				E9F3A8E321CBBAF6009690F6 /* MKMRSAKeyHelper.h */,
				E9F3A8D521CBBAF6009690F6 /* MKMRSAKeyHelper.m */,
				E9F3A8D621CBBAF6009690F6 /* MKMRSAPrivateKey.h */,
				E9F3A8E421CBBAF6009690F6 /* MKMRSAPrivateKey.m */,
				E9F3A8D721CBBAF6009690F6 /* MKMRSAPrivateKey+PersistentStore.h */,
				E9F3A8E221CBBAF6009690F6 /* MKMRSAPrivateKey+PersistentStore.m */,
				E9F3A8DE21CBBAF6009690F6 /* MKMRSAPublicKey.h */,
				E9F3A8EB21CBBAF6009690F6 /* MKMRSAPublicKey.m */,
			);
			path = crypto;
			sourceTree = "<group>";
		};
		E9F3A8EC21CBBAF6009690F6 /* extends */ = {
			isa = PBXGroup;
			children = (
				E9F3A8F421CBBAF6009690F6 /* NSArray+Merkle.h */,
				E9F3A8ED21CBBAF6009690F6 /* NSArray+Merkle.m */,
				E9F3A8EF21CBBAF6009690F6 /* NSData+Crypto.h */,
				E9F3A8F621CBBAF6009690F6 /* NSData+Crypto.mm */,
				E9F3A8EE21CBBAF6009690F6 /* NSDictionary+Binary.h */,
				E9F3A8F321CBBAF6009690F6 /* NSDictionary+Binary.m */,
				E9AFAB782236E0F5001F95C6 /* NSObject+Compare.h */,
				E9F3A8F721CBBAF6009690F6 /* NSObject+JsON.h */,
				E9F3A8F121CBBAF6009690F6 /* NSObject+JsON.m */,
				E961082122C9E7600032D8A2 /* NSObject+Singleton.h */,
				E9F3A8F821CBBAF6009690F6 /* NSString+Crypto.h */,
				E9F3A8F021CBBAF6009690F6 /* NSString+Crypto.mm */,
			);
			path = extends;
			sourceTree = "<group>";
		};
		E9F3A8FB21CBBAF6009690F6 /* types */ = {
			isa = PBXGroup;
			children = (
				E9F3A8FE21CBBAF6009690F6 /* MKMDictionary.h */,
				E9F3A8FC21CBBAF6009690F6 /* MKMDictionary.m */,
				E9F3A8FF21CBBAF6009690F6 /* MKMString.h */,
				E9F3A8FD21CBBAF6009690F6 /* MKMString.m */,
			);
			path = types;
			sourceTree = "<group>";
		};
		E9F3A90221CBBAF6009690F6 /* group */ = {
			isa = PBXGroup;
			children = (
				E9F3A90421CBBAF6009690F6 /* MKMGroup.h */,
				E9F3A90721CBBAF6009690F6 /* MKMGroup.m */,
				E9F3A90821CBBAF6009690F6 /* MKMPolylogue.h */,
				E9F3A90321CBBAF6009690F6 /* MKMPolylogue.m */,
				E9F3A90921CBBAF6009690F6 /* MKMChatroom.h */,
				E9F3A90521CBBAF6009690F6 /* MKMChatroom.m */,
				E9F3A90A21CBBAF6009690F6 /* MKMMember.h */,
				E9F3A90621CBBAF6009690F6 /* MKMMember.m */,
			);
			path = group;
			sourceTree = "<group>";
		};
		E9F3A90B21CBBAF6009690F6 /* entity */ = {
			isa = PBXGroup;
			children = (
				E9F3A91321CBBAF6009690F6 /* MKMAddress.h */,
				E9F3A90E21CBBAF6009690F6 /* MKMAddress.m */,
				E9F3A91221CBBAF6009690F6 /* MKMID.h */,
				E9F3A90F21CBBAF6009690F6 /* MKMID.m */,
				E9F3A90D21CBBAF6009690F6 /* MKMMeta.h */,
				E9F3A91021CBBAF6009690F6 /* MKMMeta.m */,
				E9F3A91121CBBAF6009690F6 /* MKMEntity.h */,
				E9F3A90C21CBBAF6009690F6 /* MKMEntity.m */,
				E93D437622A7ADEF00422EDF /* MKMProfile.h */,
				E93D437722A7ADF000422EDF /* MKMProfile.m */,
			);
			path = entity;
			sourceTree = "<group>";
		};
		E9F3A91721CBBAF6009690F6 /* bitcoin */ = {
			isa = PBXGroup;
			children = (
				E9F3A91821CBBAF6009690F6 /* src */,
			);
			path = bitcoin;
			sourceTree = "<group>";
		};
		E9F3A91821CBBAF6009690F6 /* src */ = {
			isa = PBXGroup;
			children = (
				E9F3A91921CBBAF6009690F6 /* crypto */,
				E9F3A91D21CBBAF6009690F6 /* compat */,
				E9F3A92021CBBAF6009690F6 /* base58.cpp */,
				E9F3A92121CBBAF6009690F6 /* base58.h */,
			);
			path = src;
			sourceTree = "<group>";
		};
		E9F3A91921CBBAF6009690F6 /* crypto */ = {
			isa = PBXGroup;
			children = (
				E9F3A91A21CBBAF6009690F6 /* ripemd160.h */,
				E9F3A91B21CBBAF6009690F6 /* common.h */,
				E9F3A91C21CBBAF6009690F6 /* ripemd160.cpp */,
			);
			path = crypto;
			sourceTree = "<group>";
		};
		E9F3A91D21CBBAF6009690F6 /* compat */ = {
			isa = PBXGroup;
			children = (
				E9F3A91E21CBBAF6009690F6 /* endian.h */,
				E9F3A91F21CBBAF6009690F6 /* byteswap.h */,
			);
			path = compat;
			sourceTree = "<group>";
		};
		E9F3AB6721CFA8EE009690F6 /* Frameworks */ = {
			isa = PBXGroup;
			children = (
				E9F3AB6821CFA8EE009690F6 /* Security.framework */,
			);
			name = Frameworks;
			sourceTree = "<group>";
		};
/* End PBXGroup section */

/* Begin PBXHeadersBuildPhase section */
		E9F3A69521CA4627009690F6 /* Headers */ = {
			isa = PBXHeadersBuildPhase;
			buildActionMask = 2147483647;
			files = (
				E9F3A96C21CBBAF7009690F6 /* MKMString.h in Headers */,
				E9F3A96B21CBBAF7009690F6 /* MKMDictionary.h in Headers */,
				E9F3A94F21CBBAF7009690F6 /* MKMSymmetricKey.h in Headers */,
				E9F3A94C21CBBAF7009690F6 /* MKMPublicKey.h in Headers */,
				E9F3A94A21CBBAF7009690F6 /* MKMCryptographyKey.h in Headers */,
				E9F3A95721CBBAF7009690F6 /* MKMPrivateKey.h in Headers */,
				E9F3A94321CBBAF7009690F6 /* MKMAsymmetricKey.h in Headers */,
				E961082222C9E7600032D8A2 /* NSObject+Singleton.h in Headers */,
				E9F3A97D21CBBAF7009690F6 /* MKMID.h in Headers */,
				E9F3A97E21CBBAF7009690F6 /* MKMAddress.h in Headers */,
				E9F3A97821CBBAF7009690F6 /* MKMMeta.h in Headers */,
				E93D437822A7ADF000422EDF /* MKMProfile.h in Headers */,
				E9F3A97C21CBBAF7009690F6 /* MKMEntity.h in Headers */,
				E9F3A97021CBBAF7009690F6 /* MKMGroup.h in Headers */,
				E9F3A97421CBBAF7009690F6 /* MKMPolylogue.h in Headers */,
				E9F3A97621CBBAF7009690F6 /* MKMMember.h in Headers */,
				E9F3A97521CBBAF7009690F6 /* MKMChatroom.h in Headers */,
				E9F3A98121CBBAF7009690F6 /* MKMUser.h in Headers */,
				E9F3A99F21CBBAF7009690F6 /* MingKeMing.h in Headers */,
				E9F3A98A21CBBAF7009690F6 /* MKMAccount.h in Headers */,
				E9F3A95521CBBAF7009690F6 /* MKMAESKey.h in Headers */,
				E9F3A96E21CBBAF7009690F6 /* MKMContact.h in Headers */,
				E9F3A95221CBBAF7009690F6 /* MKMRSAKeyHelper.h in Headers */,
				E9F3A94D21CBBAF7009690F6 /* MKMRSAPublicKey.h in Headers */,
				E9F3A94521CBBAF7009690F6 /* MKMRSAPrivateKey.h in Headers */,
				E9F3A94621CBBAF7009690F6 /* MKMRSAPrivateKey+PersistentStore.h in Headers */,
				E9BBBDD5223ABDE000E6ACDA /* MKMImmortals.h in Headers */,
				E9F3A98521CBBAF7009690F6 /* endian.h in Headers */,
				E9F3A98621CBBAF7009690F6 /* byteswap.h in Headers */,
				E9F3A98221CBBAF7009690F6 /* ripemd160.h in Headers */,
				E9F3A98321CBBAF7009690F6 /* common.h in Headers */,
				E9F3A98821CBBAF7009690F6 /* base58.h in Headers */,
				E9F3A95C21CBBAF7009690F6 /* NSDictionary+Binary.h in Headers */,
				E9F3A96221CBBAF7009690F6 /* NSArray+Merkle.h in Headers */,
				E9F3A96621CBBAF7009690F6 /* NSString+Crypto.h in Headers */,
				E9AFAB7A2236E0F5001F95C6 /* NSObject+Compare.h in Headers */,
				E9F3A96521CBBAF7009690F6 /* NSObject+JsON.h in Headers */,
				E9F3A95D21CBBAF7009690F6 /* NSData+Crypto.h in Headers */,
			);
			runOnlyForDeploymentPostprocessing = 0;
		};
/* End PBXHeadersBuildPhase section */

/* Begin PBXNativeTarget section */
		E9F3A69921CA4627009690F6 /* MingKeMing */ = {
			isa = PBXNativeTarget;
			buildConfigurationList = E9F3A6AE21CA4627009690F6 /* Build configuration list for PBXNativeTarget "MingKeMing" */;
			buildPhases = (
				E9F3A69521CA4627009690F6 /* Headers */,
				E9F3A69621CA4627009690F6 /* Sources */,
				E9F3A69721CA4627009690F6 /* Frameworks */,
				E9F3A69821CA4627009690F6 /* Resources */,
			);
			buildRules = (
			);
			dependencies = (
			);
			name = MingKeMing;
			productName = MingKeMing;
			productReference = E9F3A69A21CA4627009690F6 /* MingKeMing.framework */;
			productType = "com.apple.product-type.framework";
		};
		E9F3A6A221CA4627009690F6 /* MingKeMingTests */ = {
			isa = PBXNativeTarget;
			buildConfigurationList = E9F3A6B121CA4627009690F6 /* Build configuration list for PBXNativeTarget "MingKeMingTests" */;
			buildPhases = (
				E9F3A69F21CA4627009690F6 /* Sources */,
				E9F3A6A021CA4627009690F6 /* Frameworks */,
				E9F3A6A121CA4627009690F6 /* Resources */,
			);
			buildRules = (
			);
			dependencies = (
				E9F3A6A621CA4627009690F6 /* PBXTargetDependency */,
			);
			name = MingKeMingTests;
			productName = MingKeMingTests;
			productReference = E9F3A6A321CA4627009690F6 /* MingKeMingTests.xctest */;
			productType = "com.apple.product-type.bundle.unit-test";
		};
/* End PBXNativeTarget section */

/* Begin PBXProject section */
		E9F3A69121CA4627009690F6 /* Project object */ = {
			isa = PBXProject;
			attributes = {
				LastUpgradeCheck = 1010;
				ORGANIZATIONNAME = "DIM Group";
				TargetAttributes = {
					E9F3A69921CA4627009690F6 = {
						CreatedOnToolsVersion = 10.1;
					};
					E9F3A6A221CA4627009690F6 = {
						CreatedOnToolsVersion = 10.1;
					};
				};
			};
			buildConfigurationList = E9F3A69421CA4627009690F6 /* Build configuration list for PBXProject "MingKeMing" */;
			compatibilityVersion = "Xcode 9.3";
			developmentRegion = en;
			hasScannedForEncodings = 0;
			knownRegions = (
				en,
				Base,
			);
			mainGroup = E9F3A69021CA4627009690F6;
			productRefGroup = E9F3A69B21CA4627009690F6 /* Products */;
			projectDirPath = "";
			projectRoot = "";
			targets = (
				E9F3A69921CA4627009690F6 /* MingKeMing */,
				E9F3A6A221CA4627009690F6 /* MingKeMingTests */,
			);
		};
/* End PBXProject section */

/* Begin PBXResourcesBuildPhase section */
		E9F3A69821CA4627009690F6 /* Resources */ = {
			isa = PBXResourcesBuildPhase;
			buildActionMask = 2147483647;
			files = (
				E9BBBDDB223ABFA300E6ACDA /* mkm_moki.plist in Resources */,
				E9BBBDDA223ABFA300E6ACDA /* mkm_hulk.plist in Resources */,
			);
			runOnlyForDeploymentPostprocessing = 0;
		};
		E9F3A6A121CA4627009690F6 /* Resources */ = {
			isa = PBXResourcesBuildPhase;
			buildActionMask = 2147483647;
			files = (
			);
			runOnlyForDeploymentPostprocessing = 0;
		};
/* End PBXResourcesBuildPhase section */

/* Begin PBXSourcesBuildPhase section */
		E9F3A69621CA4627009690F6 /* Sources */ = {
			isa = PBXSourcesBuildPhase;
			buildActionMask = 2147483647;
			files = (
				E9F3A94421CBBAF7009690F6 /* MKMRSAKeyHelper.m in Sources */,
				E9F3A95821CBBAF7009690F6 /* MKMCryptographyKey.m in Sources */,
				E9F3A97921CBBAF7009690F6 /* MKMAddress.m in Sources */,
				E9F3A95121CBBAF7009690F6 /* MKMRSAPrivateKey+PersistentStore.m in Sources */,
				E9F3A94921CBBAF7009690F6 /* MKMAESKey.m in Sources */,
				E93D437922A7ADF000422EDF /* MKMProfile.m in Sources */,
				E9F3A96121CBBAF7009690F6 /* NSDictionary+Binary.m in Sources */,
				E9F3A96A21CBBAF7009690F6 /* MKMString.m in Sources */,
				E9F3A94221CBBAF7009690F6 /* MKMAccount.m in Sources */,
				E9BBBDD6223ABDE000E6ACDA /* MKMImmortals.m in Sources */,
				E9F3A95621CBBAF7009690F6 /* MKMPublicKey.m in Sources */,
				E9F3A96921CBBAF7009690F6 /* MKMDictionary.m in Sources */,
				E9F3A98721CBBAF7009690F6 /* base58.cpp in Sources */,
				E9F3A97121CBBAF7009690F6 /* MKMChatroom.m in Sources */,
				E9F3A96F21CBBAF7009690F6 /* MKMPolylogue.m in Sources */,
				E9F3A96421CBBAF7009690F6 /* NSData+Crypto.mm in Sources */,
				E9F3A97221CBBAF7009690F6 /* MKMMember.m in Sources */,
				E9F3A94B21CBBAF7009690F6 /* MKMPrivateKey.m in Sources */,
				E9F3A95F21CBBAF7009690F6 /* NSObject+JsON.m in Sources */,
				E9F3A97A21CBBAF7009690F6 /* MKMID.m in Sources */,
				E9F3A9A221CBBAF7009690F6 /* MKMUser.m in Sources */,
				E9F3A9A021CBBAF7009690F6 /* MKMContact.m in Sources */,
				E9F3A97721CBBAF7009690F6 /* MKMEntity.m in Sources */,
				E9F3A95A21CBBAF7009690F6 /* MKMRSAPublicKey.m in Sources */,
				E9F3A95421CBBAF7009690F6 /* MKMAsymmetricKey.m in Sources */,
				E9F3A98421CBBAF7009690F6 /* ripemd160.cpp in Sources */,
				E9F3A95E21CBBAF7009690F6 /* NSString+Crypto.mm in Sources */,
				E9F3A95321CBBAF7009690F6 /* MKMRSAPrivateKey.m in Sources */,
				E9F3A97321CBBAF7009690F6 /* MKMGroup.m in Sources */,
				E9F3A95B21CBBAF7009690F6 /* NSArray+Merkle.m in Sources */,
				E9F3A97B21CBBAF7009690F6 /* MKMMeta.m in Sources */,
				E9F3A94821CBBAF7009690F6 /* MKMSymmetricKey.m in Sources */,
			);
			runOnlyForDeploymentPostprocessing = 0;
		};
		E9F3A69F21CA4627009690F6 /* Sources */ = {
			isa = PBXSourcesBuildPhase;
			buildActionMask = 2147483647;
			files = (
				E9F3A6A921CA4627009690F6 /* MingKeMingTests.m in Sources */,
			);
			runOnlyForDeploymentPostprocessing = 0;
		};
/* End PBXSourcesBuildPhase section */

/* Begin PBXTargetDependency section */
		E9F3A6A621CA4627009690F6 /* PBXTargetDependency */ = {
			isa = PBXTargetDependency;
			target = E9F3A69921CA4627009690F6 /* MingKeMing */;
			targetProxy = E9F3A6A521CA4627009690F6 /* PBXContainerItemProxy */;
		};
/* End PBXTargetDependency section */

/* Begin XCBuildConfiguration section */
		E9F3A6AC21CA4627009690F6 /* Debug */ = {
			isa = XCBuildConfiguration;
			buildSettings = {
				ALWAYS_SEARCH_USER_PATHS = NO;
				CLANG_ANALYZER_NONNULL = YES;
				CLANG_ANALYZER_NUMBER_OBJECT_CONVERSION = YES_AGGRESSIVE;
				CLANG_CXX_LANGUAGE_STANDARD = "gnu++14";
				CLANG_CXX_LIBRARY = "libc++";
				CLANG_ENABLE_MODULES = YES;
				CLANG_ENABLE_OBJC_ARC = YES;
				CLANG_ENABLE_OBJC_WEAK = YES;
				CLANG_WARN_BLOCK_CAPTURE_AUTORELEASING = YES;
				CLANG_WARN_BOOL_CONVERSION = YES;
				CLANG_WARN_COMMA = YES;
				CLANG_WARN_CONSTANT_CONVERSION = YES;
				CLANG_WARN_DEPRECATED_OBJC_IMPLEMENTATIONS = YES;
				CLANG_WARN_DIRECT_OBJC_ISA_USAGE = YES_ERROR;
				CLANG_WARN_DOCUMENTATION_COMMENTS = YES;
				CLANG_WARN_EMPTY_BODY = YES;
				CLANG_WARN_ENUM_CONVERSION = YES;
				CLANG_WARN_INFINITE_RECURSION = YES;
				CLANG_WARN_INT_CONVERSION = YES;
				CLANG_WARN_NON_LITERAL_NULL_CONVERSION = YES;
				CLANG_WARN_OBJC_IMPLICIT_RETAIN_SELF = YES;
				CLANG_WARN_OBJC_LITERAL_CONVERSION = YES;
				CLANG_WARN_OBJC_ROOT_CLASS = YES_ERROR;
				CLANG_WARN_RANGE_LOOP_ANALYSIS = YES;
				CLANG_WARN_STRICT_PROTOTYPES = YES;
				CLANG_WARN_SUSPICIOUS_MOVE = YES;
				CLANG_WARN_UNGUARDED_AVAILABILITY = YES_AGGRESSIVE;
				CLANG_WARN_UNREACHABLE_CODE = YES;
				CLANG_WARN__DUPLICATE_METHOD_MATCH = YES;
				CODE_SIGN_ENTITLEMENTS = "";
				CODE_SIGN_IDENTITY = "iPhone Developer";
				COPY_PHASE_STRIP = NO;
				CURRENT_PROJECT_VERSION = 1;
				DEBUG_INFORMATION_FORMAT = dwarf;
				ENABLE_STRICT_OBJC_MSGSEND = YES;
				ENABLE_TESTABILITY = YES;
				GCC_C_LANGUAGE_STANDARD = gnu11;
				GCC_DYNAMIC_NO_PIC = NO;
				GCC_NO_COMMON_BLOCKS = YES;
				GCC_OPTIMIZATION_LEVEL = 0;
				GCC_PREPROCESSOR_DEFINITIONS = (
					"DEBUG=1",
					"$(inherited)",
				);
				GCC_WARN_64_TO_32_BIT_CONVERSION = YES;
				GCC_WARN_ABOUT_RETURN_TYPE = YES_ERROR;
				GCC_WARN_UNDECLARED_SELECTOR = YES;
				GCC_WARN_UNINITIALIZED_AUTOS = YES_AGGRESSIVE;
				GCC_WARN_UNUSED_FUNCTION = YES;
				GCC_WARN_UNUSED_VARIABLE = YES;
				IPHONEOS_DEPLOYMENT_TARGET = 11.0;
				MTL_ENABLE_DEBUG_INFO = INCLUDE_SOURCE;
				MTL_FAST_MATH = YES;
				ONLY_ACTIVE_ARCH = YES;
				SDKROOT = iphoneos;
				VERSIONING_SYSTEM = "apple-generic";
				VERSION_INFO_PREFIX = "";
			};
			name = Debug;
		};
		E9F3A6AD21CA4627009690F6 /* Release */ = {
			isa = XCBuildConfiguration;
			buildSettings = {
				ALWAYS_SEARCH_USER_PATHS = NO;
				CLANG_ANALYZER_NONNULL = YES;
				CLANG_ANALYZER_NUMBER_OBJECT_CONVERSION = YES_AGGRESSIVE;
				CLANG_CXX_LANGUAGE_STANDARD = "gnu++14";
				CLANG_CXX_LIBRARY = "libc++";
				CLANG_ENABLE_MODULES = YES;
				CLANG_ENABLE_OBJC_ARC = YES;
				CLANG_ENABLE_OBJC_WEAK = YES;
				CLANG_WARN_BLOCK_CAPTURE_AUTORELEASING = YES;
				CLANG_WARN_BOOL_CONVERSION = YES;
				CLANG_WARN_COMMA = YES;
				CLANG_WARN_CONSTANT_CONVERSION = YES;
				CLANG_WARN_DEPRECATED_OBJC_IMPLEMENTATIONS = YES;
				CLANG_WARN_DIRECT_OBJC_ISA_USAGE = YES_ERROR;
				CLANG_WARN_DOCUMENTATION_COMMENTS = YES;
				CLANG_WARN_EMPTY_BODY = YES;
				CLANG_WARN_ENUM_CONVERSION = YES;
				CLANG_WARN_INFINITE_RECURSION = YES;
				CLANG_WARN_INT_CONVERSION = YES;
				CLANG_WARN_NON_LITERAL_NULL_CONVERSION = YES;
				CLANG_WARN_OBJC_IMPLICIT_RETAIN_SELF = YES;
				CLANG_WARN_OBJC_LITERAL_CONVERSION = YES;
				CLANG_WARN_OBJC_ROOT_CLASS = YES_ERROR;
				CLANG_WARN_RANGE_LOOP_ANALYSIS = YES;
				CLANG_WARN_STRICT_PROTOTYPES = YES;
				CLANG_WARN_SUSPICIOUS_MOVE = YES;
				CLANG_WARN_UNGUARDED_AVAILABILITY = YES_AGGRESSIVE;
				CLANG_WARN_UNREACHABLE_CODE = YES;
				CLANG_WARN__DUPLICATE_METHOD_MATCH = YES;
				CODE_SIGN_ENTITLEMENTS = "";
				CODE_SIGN_IDENTITY = "iPhone Developer";
				COPY_PHASE_STRIP = NO;
				CURRENT_PROJECT_VERSION = 1;
				DEBUG_INFORMATION_FORMAT = "dwarf-with-dsym";
				ENABLE_NS_ASSERTIONS = NO;
				ENABLE_STRICT_OBJC_MSGSEND = YES;
				GCC_C_LANGUAGE_STANDARD = gnu11;
				GCC_NO_COMMON_BLOCKS = YES;
				GCC_WARN_64_TO_32_BIT_CONVERSION = YES;
				GCC_WARN_ABOUT_RETURN_TYPE = YES_ERROR;
				GCC_WARN_UNDECLARED_SELECTOR = YES;
				GCC_WARN_UNINITIALIZED_AUTOS = YES_AGGRESSIVE;
				GCC_WARN_UNUSED_FUNCTION = YES;
				GCC_WARN_UNUSED_VARIABLE = YES;
				IPHONEOS_DEPLOYMENT_TARGET = 11.0;
				MTL_ENABLE_DEBUG_INFO = NO;
				MTL_FAST_MATH = YES;
				SDKROOT = iphoneos;
				VALIDATE_PRODUCT = YES;
				VERSIONING_SYSTEM = "apple-generic";
				VERSION_INFO_PREFIX = "";
			};
			name = Release;
		};
		E9F3A6AF21CA4627009690F6 /* Debug */ = {
			isa = XCBuildConfiguration;
			buildSettings = {
				CODE_SIGN_ENTITLEMENTS = "";
				CODE_SIGN_IDENTITY = "";
				CODE_SIGN_STYLE = Automatic;
				DEFINES_MODULE = YES;
				DEVELOPMENT_TEAM = JUVC7SZJE7;
				DYLIB_COMPATIBILITY_VERSION = 1;
				DYLIB_CURRENT_VERSION = 1;
				DYLIB_INSTALL_NAME_BASE = "@rpath";
				INFOPLIST_FILE = MingKeMing/Info.plist;
				INSTALL_PATH = "$(LOCAL_LIBRARY_DIR)/Frameworks";
				IPHONEOS_DEPLOYMENT_TARGET = 11.0;
				LD_RUNPATH_SEARCH_PATHS = (
					"$(inherited)",
					"@executable_path/Frameworks",
					"@loader_path/Frameworks",
				);
				PRODUCT_BUNDLE_IDENTIFIER = DIM.MingKeMing;
				PRODUCT_NAME = "$(TARGET_NAME:c99extidentifier)";
				SKIP_INSTALL = YES;
				TARGETED_DEVICE_FAMILY = "1,2";
			};
			name = Debug;
		};
		E9F3A6B021CA4627009690F6 /* Release */ = {
			isa = XCBuildConfiguration;
			buildSettings = {
				CODE_SIGN_ENTITLEMENTS = "";
				CODE_SIGN_IDENTITY = "";
				CODE_SIGN_STYLE = Automatic;
				DEFINES_MODULE = YES;
				DEVELOPMENT_TEAM = JUVC7SZJE7;
				DYLIB_COMPATIBILITY_VERSION = 1;
				DYLIB_CURRENT_VERSION = 1;
				DYLIB_INSTALL_NAME_BASE = "@rpath";
				INFOPLIST_FILE = MingKeMing/Info.plist;
				INSTALL_PATH = "$(LOCAL_LIBRARY_DIR)/Frameworks";
				IPHONEOS_DEPLOYMENT_TARGET = 11.0;
				LD_RUNPATH_SEARCH_PATHS = (
					"$(inherited)",
					"@executable_path/Frameworks",
					"@loader_path/Frameworks",
				);
				PRODUCT_BUNDLE_IDENTIFIER = DIM.MingKeMing;
				PRODUCT_NAME = "$(TARGET_NAME:c99extidentifier)";
				SKIP_INSTALL = YES;
				TARGETED_DEVICE_FAMILY = "1,2";
			};
			name = Release;
		};
		E9F3A6B221CA4627009690F6 /* Debug */ = {
			isa = XCBuildConfiguration;
			buildSettings = {
				CODE_SIGN_STYLE = Automatic;
				DEVELOPMENT_TEAM = 4N8627W97S;
				INFOPLIST_FILE = MingKeMingTests/Info.plist;
				LD_RUNPATH_SEARCH_PATHS = (
					"$(inherited)",
					"@executable_path/Frameworks",
					"@loader_path/Frameworks",
				);
				PRODUCT_BUNDLE_IDENTIFIER = DIM.MingKeMingTests;
				PRODUCT_NAME = "$(TARGET_NAME)";
				TARGETED_DEVICE_FAMILY = "1,2";
			};
			name = Debug;
		};
		E9F3A6B321CA4627009690F6 /* Release */ = {
			isa = XCBuildConfiguration;
			buildSettings = {
				CODE_SIGN_STYLE = Automatic;
				DEVELOPMENT_TEAM = 4N8627W97S;
				INFOPLIST_FILE = MingKeMingTests/Info.plist;
				LD_RUNPATH_SEARCH_PATHS = (
					"$(inherited)",
					"@executable_path/Frameworks",
					"@loader_path/Frameworks",
				);
				PRODUCT_BUNDLE_IDENTIFIER = DIM.MingKeMingTests;
				PRODUCT_NAME = "$(TARGET_NAME)";
				TARGETED_DEVICE_FAMILY = "1,2";
			};
			name = Release;
		};
/* End XCBuildConfiguration section */

/* Begin XCConfigurationList section */
		E9F3A69421CA4627009690F6 /* Build configuration list for PBXProject "MingKeMing" */ = {
			isa = XCConfigurationList;
			buildConfigurations = (
				E9F3A6AC21CA4627009690F6 /* Debug */,
				E9F3A6AD21CA4627009690F6 /* Release */,
			);
			defaultConfigurationIsVisible = 0;
			defaultConfigurationName = Release;
		};
		E9F3A6AE21CA4627009690F6 /* Build configuration list for PBXNativeTarget "MingKeMing" */ = {
			isa = XCConfigurationList;
			buildConfigurations = (
				E9F3A6AF21CA4627009690F6 /* Debug */,
				E9F3A6B021CA4627009690F6 /* Release */,
			);
			defaultConfigurationIsVisible = 0;
			defaultConfigurationName = Release;
		};
		E9F3A6B121CA4627009690F6 /* Build configuration list for PBXNativeTarget "MingKeMingTests" */ = {
			isa = XCConfigurationList;
			buildConfigurations = (
				E9F3A6B221CA4627009690F6 /* Debug */,
				E9F3A6B321CA4627009690F6 /* Release */,
			);
			defaultConfigurationIsVisible = 0;
			defaultConfigurationName = Release;
		};
/* End XCConfigurationList section */
	};
	rootObject = E9F3A69121CA4627009690F6 /* Project object */;
}
