// !$*UTF8*$!
{
	archiveVersion = 1;
	classes = {
	};
	objectVersion = 50;
	objects = {

/* Begin PBXBuildFile section */
		E9BBBF4E22427BCA00E6ACDA /* MingKeMing.framework in Frameworks */ = {isa = PBXBuildFile; fileRef = E9BBBF4422427BCA00E6ACDA /* MingKeMing.framework */; };
		E9BBBF5322427BCA00E6ACDA /* MingKeMingTests.m in Sources */ = {isa = PBXBuildFile; fileRef = E9BBBF5222427BCA00E6ACDA /* MingKeMingTests.m */; };
		E9BBC07F22427E0300E6ACDA /* MKMAccount.m in Sources */ = {isa = PBXBuildFile; fileRef = E9BBC02822427E0300E6ACDA /* MKMAccount.m */; };
		E9BBC08022427E0300E6ACDA /* MKMAsymmetricKey.h in Headers */ = {isa = PBXBuildFile; fileRef = E9BBC02A22427E0300E6ACDA /* MKMAsymmetricKey.h */; settings = {ATTRIBUTES = (Public, ); }; };
		E9BBC08122427E0300E6ACDA /* MKMRSAKeyHelper.m in Sources */ = {isa = PBXBuildFile; fileRef = E9BBC02B22427E0300E6ACDA /* MKMRSAKeyHelper.m */; };
		E9BBC08222427E0300E6ACDA /* MKMRSAPrivateKey.h in Headers */ = {isa = PBXBuildFile; fileRef = E9BBC02C22427E0300E6ACDA /* MKMRSAPrivateKey.h */; settings = {ATTRIBUTES = (Private, ); }; };
		E9BBC08322427E0300E6ACDA /* MKMRSAPrivateKey+PersistentStore.h in Headers */ = {isa = PBXBuildFile; fileRef = E9BBC02D22427E0300E6ACDA /* MKMRSAPrivateKey+PersistentStore.h */; settings = {ATTRIBUTES = (Private, ); }; };
		E9BBC08522427E0300E6ACDA /* MKMSymmetricKey.m in Sources */ = {isa = PBXBuildFile; fileRef = E9BBC02F22427E0300E6ACDA /* MKMSymmetricKey.m */; };
		E9BBC08622427E0300E6ACDA /* MKMAESKey.m in Sources */ = {isa = PBXBuildFile; fileRef = E9BBC03022427E0300E6ACDA /* MKMAESKey.m */; };
		E9BBC08722427E0300E6ACDA /* MKMCryptographyKey.h in Headers */ = {isa = PBXBuildFile; fileRef = E9BBC03122427E0300E6ACDA /* MKMCryptographyKey.h */; settings = {ATTRIBUTES = (Public, ); }; };
		E9BBC08822427E0300E6ACDA /* MKMPrivateKey.m in Sources */ = {isa = PBXBuildFile; fileRef = E9BBC03222427E0300E6ACDA /* MKMPrivateKey.m */; };
		E9BBC08922427E0300E6ACDA /* MKMPublicKey.h in Headers */ = {isa = PBXBuildFile; fileRef = E9BBC03322427E0300E6ACDA /* MKMPublicKey.h */; settings = {ATTRIBUTES = (Public, ); }; };
		E9BBC08A22427E0300E6ACDA /* MKMRSAPublicKey.h in Headers */ = {isa = PBXBuildFile; fileRef = E9BBC03422427E0300E6ACDA /* MKMRSAPublicKey.h */; settings = {ATTRIBUTES = (Private, ); }; };
		E9BBC08C22427E0300E6ACDA /* MKMSymmetricKey.h in Headers */ = {isa = PBXBuildFile; fileRef = E9BBC03622427E0300E6ACDA /* MKMSymmetricKey.h */; settings = {ATTRIBUTES = (Public, ); }; };
		E9BBC08E22427E0300E6ACDA /* MKMRSAPrivateKey+PersistentStore.m in Sources */ = {isa = PBXBuildFile; fileRef = E9BBC03822427E0300E6ACDA /* MKMRSAPrivateKey+PersistentStore.m */; };
		E9BBC08F22427E0300E6ACDA /* MKMRSAKeyHelper.h in Headers */ = {isa = PBXBuildFile; fileRef = E9BBC03922427E0300E6ACDA /* MKMRSAKeyHelper.h */; settings = {ATTRIBUTES = (Private, ); }; };
		E9BBC09022427E0300E6ACDA /* MKMRSAPrivateKey.m in Sources */ = {isa = PBXBuildFile; fileRef = E9BBC03A22427E0300E6ACDA /* MKMRSAPrivateKey.m */; };
		E9BBC09122427E0300E6ACDA /* MKMAsymmetricKey.m in Sources */ = {isa = PBXBuildFile; fileRef = E9BBC03B22427E0300E6ACDA /* MKMAsymmetricKey.m */; };
		E9BBC09222427E0300E6ACDA /* MKMAESKey.h in Headers */ = {isa = PBXBuildFile; fileRef = E9BBC03C22427E0300E6ACDA /* MKMAESKey.h */; settings = {ATTRIBUTES = (Private, ); }; };
		E9BBC09322427E0300E6ACDA /* MKMPublicKey.m in Sources */ = {isa = PBXBuildFile; fileRef = E9BBC03D22427E0300E6ACDA /* MKMPublicKey.m */; };
		E9BBC09422427E0300E6ACDA /* MKMPrivateKey.h in Headers */ = {isa = PBXBuildFile; fileRef = E9BBC03E22427E0300E6ACDA /* MKMPrivateKey.h */; settings = {ATTRIBUTES = (Public, ); }; };
		E9BBC09522427E0300E6ACDA /* MKMCryptographyKey.m in Sources */ = {isa = PBXBuildFile; fileRef = E9BBC03F22427E0300E6ACDA /* MKMCryptographyKey.m */; };
		E9BBC09722427E0300E6ACDA /* MKMRSAPublicKey.m in Sources */ = {isa = PBXBuildFile; fileRef = E9BBC04122427E0300E6ACDA /* MKMRSAPublicKey.m */; };
		E9BBC09822427E0300E6ACDA /* NSArray+Merkle.m in Sources */ = {isa = PBXBuildFile; fileRef = E9BBC04322427E0300E6ACDA /* NSArray+Merkle.m */; };
		E9BBC09922427E0300E6ACDA /* NSDictionary+Binary.h in Headers */ = {isa = PBXBuildFile; fileRef = E9BBC04422427E0300E6ACDA /* NSDictionary+Binary.h */; };
		E9BBC09A22427E0300E6ACDA /* NSData+Crypto.h in Headers */ = {isa = PBXBuildFile; fileRef = E9BBC04522427E0300E6ACDA /* NSData+Crypto.h */; };
		E9BBC09B22427E0300E6ACDA /* NSObject+Compare.h in Headers */ = {isa = PBXBuildFile; fileRef = E9BBC04622427E0300E6ACDA /* NSObject+Compare.h */; };
		E9BBC09C22427E0300E6ACDA /* NSString+Crypto.mm in Sources */ = {isa = PBXBuildFile; fileRef = E9BBC04722427E0300E6ACDA /* NSString+Crypto.mm */; };
		E9BBC09D22427E0300E6ACDA /* NSObject+JsON.m in Sources */ = {isa = PBXBuildFile; fileRef = E9BBC04822427E0300E6ACDA /* NSObject+JsON.m */; };
		E9BBC09E22427E0300E6ACDA /* NSDate+Timestamp.h in Headers */ = {isa = PBXBuildFile; fileRef = E9BBC04922427E0300E6ACDA /* NSDate+Timestamp.h */; };
		E9BBC09F22427E0300E6ACDA /* NSDictionary+Binary.m in Sources */ = {isa = PBXBuildFile; fileRef = E9BBC04A22427E0300E6ACDA /* NSDictionary+Binary.m */; };
		E9BBC0A022427E0300E6ACDA /* NSArray+Merkle.h in Headers */ = {isa = PBXBuildFile; fileRef = E9BBC04B22427E0300E6ACDA /* NSArray+Merkle.h */; };
		E9BBC0A122427E0300E6ACDA /* NSData+Crypto.mm in Sources */ = {isa = PBXBuildFile; fileRef = E9BBC04C22427E0300E6ACDA /* NSData+Crypto.mm */; };
		E9BBC0A222427E0300E6ACDA /* NSObject+JsON.h in Headers */ = {isa = PBXBuildFile; fileRef = E9BBC04D22427E0300E6ACDA /* NSObject+JsON.h */; };
		E9BBC0A322427E0300E6ACDA /* NSString+Crypto.h in Headers */ = {isa = PBXBuildFile; fileRef = E9BBC04E22427E0300E6ACDA /* NSString+Crypto.h */; };
		E9BBC0A422427E0300E6ACDA /* NSDate+Timestamp.m in Sources */ = {isa = PBXBuildFile; fileRef = E9BBC04F22427E0300E6ACDA /* NSDate+Timestamp.m */; };
		E9BBC0A622427E0300E6ACDA /* MKMDictionary.m in Sources */ = {isa = PBXBuildFile; fileRef = E9BBC05222427E0300E6ACDA /* MKMDictionary.m */; };
		E9BBC0A722427E0300E6ACDA /* MKMString.m in Sources */ = {isa = PBXBuildFile; fileRef = E9BBC05322427E0300E6ACDA /* MKMString.m */; };
		E9BBC0A822427E0300E6ACDA /* MKMDictionary.h in Headers */ = {isa = PBXBuildFile; fileRef = E9BBC05422427E0300E6ACDA /* MKMDictionary.h */; settings = {ATTRIBUTES = (Public, ); }; };
		E9BBC0A922427E0300E6ACDA /* MKMString.h in Headers */ = {isa = PBXBuildFile; fileRef = E9BBC05522427E0300E6ACDA /* MKMString.h */; settings = {ATTRIBUTES = (Public, ); }; };
		E9BBC0AA22427E0300E6ACDA /* MKMContact.h in Headers */ = {isa = PBXBuildFile; fileRef = E9BBC05622427E0300E6ACDA /* MKMContact.h */; settings = {ATTRIBUTES = (Public, ); }; };
		E9BBC0AB22427E0300E6ACDA /* MKMPolylogue.m in Sources */ = {isa = PBXBuildFile; fileRef = E9BBC05822427E0300E6ACDA /* MKMPolylogue.m */; };
		E9BBC0AC22427E0300E6ACDA /* MKMGroup.h in Headers */ = {isa = PBXBuildFile; fileRef = E9BBC05922427E0300E6ACDA /* MKMGroup.h */; settings = {ATTRIBUTES = (Public, ); }; };
		E9BBC0AD22427E0300E6ACDA /* MKMChatroom.m in Sources */ = {isa = PBXBuildFile; fileRef = E9BBC05A22427E0300E6ACDA /* MKMChatroom.m */; };
		E9BBC0AE22427E0300E6ACDA /* MKMMember.m in Sources */ = {isa = PBXBuildFile; fileRef = E9BBC05B22427E0300E6ACDA /* MKMMember.m */; };
		E9BBC0AF22427E0300E6ACDA /* MKMGroup.m in Sources */ = {isa = PBXBuildFile; fileRef = E9BBC05C22427E0300E6ACDA /* MKMGroup.m */; };
		E9BBC0B022427E0300E6ACDA /* MKMPolylogue.h in Headers */ = {isa = PBXBuildFile; fileRef = E9BBC05D22427E0300E6ACDA /* MKMPolylogue.h */; settings = {ATTRIBUTES = (Public, ); }; };
		E9BBC0B122427E0300E6ACDA /* MKMChatroom.h in Headers */ = {isa = PBXBuildFile; fileRef = E9BBC05E22427E0300E6ACDA /* MKMChatroom.h */; settings = {ATTRIBUTES = (Public, ); }; };
		E9BBC0B222427E0300E6ACDA /* MKMMember.h in Headers */ = {isa = PBXBuildFile; fileRef = E9BBC05F22427E0300E6ACDA /* MKMMember.h */; settings = {ATTRIBUTES = (Public, ); }; };
		E9BBC0B322427E0300E6ACDA /* MKMEntity.m in Sources */ = {isa = PBXBuildFile; fileRef = E9BBC06122427E0300E6ACDA /* MKMEntity.m */; };
		E9BBC0B422427E0300E6ACDA /* MKMMeta.h in Headers */ = {isa = PBXBuildFile; fileRef = E9BBC06222427E0300E6ACDA /* MKMMeta.h */; settings = {ATTRIBUTES = (Public, ); }; };
		E9BBC0B522427E0300E6ACDA /* MKMAddress.m in Sources */ = {isa = PBXBuildFile; fileRef = E9BBC06322427E0300E6ACDA /* MKMAddress.m */; };
		E9BBC0B622427E0300E6ACDA /* MKMID.m in Sources */ = {isa = PBXBuildFile; fileRef = E9BBC06422427E0300E6ACDA /* MKMID.m */; };
		E9BBC0B722427E0300E6ACDA /* MKMMeta.m in Sources */ = {isa = PBXBuildFile; fileRef = E9BBC06522427E0300E6ACDA /* MKMMeta.m */; };
		E9BBC0B822427E0300E6ACDA /* MKMEntity.h in Headers */ = {isa = PBXBuildFile; fileRef = E9BBC06622427E0300E6ACDA /* MKMEntity.h */; settings = {ATTRIBUTES = (Public, ); }; };
		E9BBC0B922427E0300E6ACDA /* MKMID.h in Headers */ = {isa = PBXBuildFile; fileRef = E9BBC06722427E0300E6ACDA /* MKMID.h */; settings = {ATTRIBUTES = (Public, ); }; };
		E9BBC0BA22427E0300E6ACDA /* MKMAddress.h in Headers */ = {isa = PBXBuildFile; fileRef = E9BBC06822427E0300E6ACDA /* MKMAddress.h */; settings = {ATTRIBUTES = (Public, ); }; };
		E9BBC0BB22427E0300E6ACDA /* MKMImmortals.m in Sources */ = {isa = PBXBuildFile; fileRef = E9BBC06922427E0300E6ACDA /* MKMImmortals.m */; };
		E9BBC0BC22427E0300E6ACDA /* MKMUser.h in Headers */ = {isa = PBXBuildFile; fileRef = E9BBC06A22427E0300E6ACDA /* MKMUser.h */; settings = {ATTRIBUTES = (Public, ); }; };
		E9BBC0BD22427E0300E6ACDA /* ripemd160.h in Headers */ = {isa = PBXBuildFile; fileRef = E9BBC06E22427E0300E6ACDA /* ripemd160.h */; };
		E9BBC0BE22427E0300E6ACDA /* common.h in Headers */ = {isa = PBXBuildFile; fileRef = E9BBC06F22427E0300E6ACDA /* common.h */; };
		E9BBC0BF22427E0300E6ACDA /* ripemd160.cpp in Sources */ = {isa = PBXBuildFile; fileRef = E9BBC07022427E0300E6ACDA /* ripemd160.cpp */; };
		E9BBC0C022427E0300E6ACDA /* endian.h in Headers */ = {isa = PBXBuildFile; fileRef = E9BBC07222427E0300E6ACDA /* endian.h */; };
		E9BBC0C122427E0300E6ACDA /* byteswap.h in Headers */ = {isa = PBXBuildFile; fileRef = E9BBC07322427E0300E6ACDA /* byteswap.h */; };
		E9BBC0C222427E0300E6ACDA /* base58.cpp in Sources */ = {isa = PBXBuildFile; fileRef = E9BBC07422427E0300E6ACDA /* base58.cpp */; };
		E9BBC0C322427E0300E6ACDA /* base58.h in Headers */ = {isa = PBXBuildFile; fileRef = E9BBC07522427E0300E6ACDA /* base58.h */; };
		E9BBC0C522427E0300E6ACDA /* MKMAccount.h in Headers */ = {isa = PBXBuildFile; fileRef = E9BBC07722427E0300E6ACDA /* MKMAccount.h */; settings = {ATTRIBUTES = (Public, ); }; };
		E9BBC0C622427E0300E6ACDA /* MingKeMing.h in Headers */ = {isa = PBXBuildFile; fileRef = E9BBC07822427E0300E6ACDA /* MingKeMing.h */; settings = {ATTRIBUTES = (Public, ); }; };
		E9BBC0C722427E0300E6ACDA /* MKMContact.m in Sources */ = {isa = PBXBuildFile; fileRef = E9BBC07922427E0300E6ACDA /* MKMContact.m */; };
		E9BBC0C822427E0300E6ACDA /* MKMUser.m in Sources */ = {isa = PBXBuildFile; fileRef = E9BBC07A22427E0300E6ACDA /* MKMUser.m */; };
		E9BBC0C922427E0300E6ACDA /* MKMImmortals.h in Headers */ = {isa = PBXBuildFile; fileRef = E9BBC07B22427E0300E6ACDA /* MKMImmortals.h */; settings = {ATTRIBUTES = (Private, ); }; };
		E9BBC0CA22427E0300E6ACDA /* mkm_hulk.plist in Resources */ = {isa = PBXBuildFile; fileRef = E9BBC07D22427E0300E6ACDA /* mkm_hulk.plist */; };
		E9BBC0CB22427E0300E6ACDA /* mkm_moki.plist in Resources */ = {isa = PBXBuildFile; fileRef = E9BBC07E22427E0300E6ACDA /* mkm_moki.plist */; };
		E9FC8DC522B907500013FCD3 /* MKMProfile.m in Sources */ = {isa = PBXBuildFile; fileRef = E9FC8DC322B907500013FCD3 /* MKMProfile.m */; };
		E9FC8DC622B907500013FCD3 /* MKMProfile.h in Headers */ = {isa = PBXBuildFile; fileRef = E9FC8DC422B907500013FCD3 /* MKMProfile.h */; settings = {ATTRIBUTES = (Public, ); }; };
/* End PBXBuildFile section */

/* Begin PBXContainerItemProxy section */
		E9BBBF4F22427BCA00E6ACDA /* PBXContainerItemProxy */ = {
			isa = PBXContainerItemProxy;
			containerPortal = E9BBBF3B22427BCA00E6ACDA /* Project object */;
			proxyType = 1;
			remoteGlobalIDString = E9BBBF4322427BCA00E6ACDA;
			remoteInfo = MingKeMing;
		};
/* End PBXContainerItemProxy section */

/* Begin PBXFileReference section */
		E9BBBF4422427BCA00E6ACDA /* MingKeMing.framework */ = {isa = PBXFileReference; explicitFileType = wrapper.framework; includeInIndex = 0; path = MingKeMing.framework; sourceTree = BUILT_PRODUCTS_DIR; };
		E9BBBF4822427BCA00E6ACDA /* Info.plist */ = {isa = PBXFileReference; lastKnownFileType = text.plist.xml; path = Info.plist; sourceTree = "<group>"; };
		E9BBBF4D22427BCA00E6ACDA /* MingKeMingTests.xctest */ = {isa = PBXFileReference; explicitFileType = wrapper.cfbundle; includeInIndex = 0; path = MingKeMingTests.xctest; sourceTree = BUILT_PRODUCTS_DIR; };
		E9BBBF5222427BCA00E6ACDA /* MingKeMingTests.m */ = {isa = PBXFileReference; lastKnownFileType = sourcecode.c.objc; path = MingKeMingTests.m; sourceTree = "<group>"; };
		E9BBBF5422427BCA00E6ACDA /* Info.plist */ = {isa = PBXFileReference; lastKnownFileType = text.plist.xml; path = Info.plist; sourceTree = "<group>"; };
		E9BBC02822427E0300E6ACDA /* MKMAccount.m */ = {isa = PBXFileReference; fileEncoding = 4; lastKnownFileType = sourcecode.c.objc; path = MKMAccount.m; sourceTree = "<group>"; };
		E9BBC02A22427E0300E6ACDA /* MKMAsymmetricKey.h */ = {isa = PBXFileReference; fileEncoding = 4; lastKnownFileType = sourcecode.c.h; path = MKMAsymmetricKey.h; sourceTree = "<group>"; };
		E9BBC02B22427E0300E6ACDA /* MKMRSAKeyHelper.m */ = {isa = PBXFileReference; fileEncoding = 4; lastKnownFileType = sourcecode.c.objc; path = MKMRSAKeyHelper.m; sourceTree = "<group>"; };
		E9BBC02C22427E0300E6ACDA /* MKMRSAPrivateKey.h */ = {isa = PBXFileReference; fileEncoding = 4; lastKnownFileType = sourcecode.c.h; path = MKMRSAPrivateKey.h; sourceTree = "<group>"; };
		E9BBC02D22427E0300E6ACDA /* MKMRSAPrivateKey+PersistentStore.h */ = {isa = PBXFileReference; fileEncoding = 4; lastKnownFileType = sourcecode.c.h; path = "MKMRSAPrivateKey+PersistentStore.h"; sourceTree = "<group>"; };
		E9BBC02F22427E0300E6ACDA /* MKMSymmetricKey.m */ = {isa = PBXFileReference; fileEncoding = 4; lastKnownFileType = sourcecode.c.objc; path = MKMSymmetricKey.m; sourceTree = "<group>"; };
		E9BBC03022427E0300E6ACDA /* MKMAESKey.m */ = {isa = PBXFileReference; fileEncoding = 4; lastKnownFileType = sourcecode.c.objc; path = MKMAESKey.m; sourceTree = "<group>"; };
		E9BBC03122427E0300E6ACDA /* MKMCryptographyKey.h */ = {isa = PBXFileReference; fileEncoding = 4; lastKnownFileType = sourcecode.c.h; path = MKMCryptographyKey.h; sourceTree = "<group>"; };
		E9BBC03222427E0300E6ACDA /* MKMPrivateKey.m */ = {isa = PBXFileReference; fileEncoding = 4; lastKnownFileType = sourcecode.c.objc; path = MKMPrivateKey.m; sourceTree = "<group>"; };
		E9BBC03322427E0300E6ACDA /* MKMPublicKey.h */ = {isa = PBXFileReference; fileEncoding = 4; lastKnownFileType = sourcecode.c.h; path = MKMPublicKey.h; sourceTree = "<group>"; };
		E9BBC03422427E0300E6ACDA /* MKMRSAPublicKey.h */ = {isa = PBXFileReference; fileEncoding = 4; lastKnownFileType = sourcecode.c.h; path = MKMRSAPublicKey.h; sourceTree = "<group>"; };
		E9BBC03622427E0300E6ACDA /* MKMSymmetricKey.h */ = {isa = PBXFileReference; fileEncoding = 4; lastKnownFileType = sourcecode.c.h; path = MKMSymmetricKey.h; sourceTree = "<group>"; };
		E9BBC03822427E0300E6ACDA /* MKMRSAPrivateKey+PersistentStore.m */ = {isa = PBXFileReference; fileEncoding = 4; lastKnownFileType = sourcecode.c.objc; path = "MKMRSAPrivateKey+PersistentStore.m"; sourceTree = "<group>"; };
		E9BBC03922427E0300E6ACDA /* MKMRSAKeyHelper.h */ = {isa = PBXFileReference; fileEncoding = 4; lastKnownFileType = sourcecode.c.h; path = MKMRSAKeyHelper.h; sourceTree = "<group>"; };
		E9BBC03A22427E0300E6ACDA /* MKMRSAPrivateKey.m */ = {isa = PBXFileReference; fileEncoding = 4; lastKnownFileType = sourcecode.c.objc; path = MKMRSAPrivateKey.m; sourceTree = "<group>"; };
		E9BBC03B22427E0300E6ACDA /* MKMAsymmetricKey.m */ = {isa = PBXFileReference; fileEncoding = 4; lastKnownFileType = sourcecode.c.objc; path = MKMAsymmetricKey.m; sourceTree = "<group>"; };
		E9BBC03C22427E0300E6ACDA /* MKMAESKey.h */ = {isa = PBXFileReference; fileEncoding = 4; lastKnownFileType = sourcecode.c.h; path = MKMAESKey.h; sourceTree = "<group>"; };
		E9BBC03D22427E0300E6ACDA /* MKMPublicKey.m */ = {isa = PBXFileReference; fileEncoding = 4; lastKnownFileType = sourcecode.c.objc; path = MKMPublicKey.m; sourceTree = "<group>"; };
		E9BBC03E22427E0300E6ACDA /* MKMPrivateKey.h */ = {isa = PBXFileReference; fileEncoding = 4; lastKnownFileType = sourcecode.c.h; path = MKMPrivateKey.h; sourceTree = "<group>"; };
		E9BBC03F22427E0300E6ACDA /* MKMCryptographyKey.m */ = {isa = PBXFileReference; fileEncoding = 4; lastKnownFileType = sourcecode.c.objc; path = MKMCryptographyKey.m; sourceTree = "<group>"; };
		E9BBC04122427E0300E6ACDA /* MKMRSAPublicKey.m */ = {isa = PBXFileReference; fileEncoding = 4; lastKnownFileType = sourcecode.c.objc; path = MKMRSAPublicKey.m; sourceTree = "<group>"; };
		E9BBC04322427E0300E6ACDA /* NSArray+Merkle.m */ = {isa = PBXFileReference; fileEncoding = 4; lastKnownFileType = sourcecode.c.objc; path = "NSArray+Merkle.m"; sourceTree = "<group>"; };
		E9BBC04422427E0300E6ACDA /* NSDictionary+Binary.h */ = {isa = PBXFileReference; fileEncoding = 4; lastKnownFileType = sourcecode.c.h; path = "NSDictionary+Binary.h"; sourceTree = "<group>"; };
		E9BBC04522427E0300E6ACDA /* NSData+Crypto.h */ = {isa = PBXFileReference; fileEncoding = 4; lastKnownFileType = sourcecode.c.h; path = "NSData+Crypto.h"; sourceTree = "<group>"; };
		E9BBC04622427E0300E6ACDA /* NSObject+Compare.h */ = {isa = PBXFileReference; fileEncoding = 4; lastKnownFileType = sourcecode.c.h; path = "NSObject+Compare.h"; sourceTree = "<group>"; };
		E9BBC04722427E0300E6ACDA /* NSString+Crypto.mm */ = {isa = PBXFileReference; fileEncoding = 4; lastKnownFileType = sourcecode.cpp.objcpp; path = "NSString+Crypto.mm"; sourceTree = "<group>"; };
		E9BBC04822427E0300E6ACDA /* NSObject+JsON.m */ = {isa = PBXFileReference; fileEncoding = 4; lastKnownFileType = sourcecode.c.objc; path = "NSObject+JsON.m"; sourceTree = "<group>"; };
		E9BBC04922427E0300E6ACDA /* NSDate+Timestamp.h */ = {isa = PBXFileReference; fileEncoding = 4; lastKnownFileType = sourcecode.c.h; path = "NSDate+Timestamp.h"; sourceTree = "<group>"; };
		E9BBC04A22427E0300E6ACDA /* NSDictionary+Binary.m */ = {isa = PBXFileReference; fileEncoding = 4; lastKnownFileType = sourcecode.c.objc; path = "NSDictionary+Binary.m"; sourceTree = "<group>"; };
		E9BBC04B22427E0300E6ACDA /* NSArray+Merkle.h */ = {isa = PBXFileReference; fileEncoding = 4; lastKnownFileType = sourcecode.c.h; path = "NSArray+Merkle.h"; sourceTree = "<group>"; };
		E9BBC04C22427E0300E6ACDA /* NSData+Crypto.mm */ = {isa = PBXFileReference; fileEncoding = 4; lastKnownFileType = sourcecode.cpp.objcpp; path = "NSData+Crypto.mm"; sourceTree = "<group>"; };
		E9BBC04D22427E0300E6ACDA /* NSObject+JsON.h */ = {isa = PBXFileReference; fileEncoding = 4; lastKnownFileType = sourcecode.c.h; path = "NSObject+JsON.h"; sourceTree = "<group>"; };
		E9BBC04E22427E0300E6ACDA /* NSString+Crypto.h */ = {isa = PBXFileReference; fileEncoding = 4; lastKnownFileType = sourcecode.c.h; path = "NSString+Crypto.h"; sourceTree = "<group>"; };
		E9BBC04F22427E0300E6ACDA /* NSDate+Timestamp.m */ = {isa = PBXFileReference; fileEncoding = 4; lastKnownFileType = sourcecode.c.objc; path = "NSDate+Timestamp.m"; sourceTree = "<group>"; };
		E9BBC05222427E0300E6ACDA /* MKMDictionary.m */ = {isa = PBXFileReference; fileEncoding = 4; lastKnownFileType = sourcecode.c.objc; path = MKMDictionary.m; sourceTree = "<group>"; };
		E9BBC05322427E0300E6ACDA /* MKMString.m */ = {isa = PBXFileReference; fileEncoding = 4; lastKnownFileType = sourcecode.c.objc; path = MKMString.m; sourceTree = "<group>"; };
		E9BBC05422427E0300E6ACDA /* MKMDictionary.h */ = {isa = PBXFileReference; fileEncoding = 4; lastKnownFileType = sourcecode.c.h; path = MKMDictionary.h; sourceTree = "<group>"; };
		E9BBC05522427E0300E6ACDA /* MKMString.h */ = {isa = PBXFileReference; fileEncoding = 4; lastKnownFileType = sourcecode.c.h; path = MKMString.h; sourceTree = "<group>"; };
		E9BBC05622427E0300E6ACDA /* MKMContact.h */ = {isa = PBXFileReference; fileEncoding = 4; lastKnownFileType = sourcecode.c.h; path = MKMContact.h; sourceTree = "<group>"; };
		E9BBC05822427E0300E6ACDA /* MKMPolylogue.m */ = {isa = PBXFileReference; fileEncoding = 4; lastKnownFileType = sourcecode.c.objc; path = MKMPolylogue.m; sourceTree = "<group>"; };
		E9BBC05922427E0300E6ACDA /* MKMGroup.h */ = {isa = PBXFileReference; fileEncoding = 4; lastKnownFileType = sourcecode.c.h; path = MKMGroup.h; sourceTree = "<group>"; };
		E9BBC05A22427E0300E6ACDA /* MKMChatroom.m */ = {isa = PBXFileReference; fileEncoding = 4; lastKnownFileType = sourcecode.c.objc; path = MKMChatroom.m; sourceTree = "<group>"; };
		E9BBC05B22427E0300E6ACDA /* MKMMember.m */ = {isa = PBXFileReference; fileEncoding = 4; lastKnownFileType = sourcecode.c.objc; path = MKMMember.m; sourceTree = "<group>"; };
		E9BBC05C22427E0300E6ACDA /* MKMGroup.m */ = {isa = PBXFileReference; fileEncoding = 4; lastKnownFileType = sourcecode.c.objc; path = MKMGroup.m; sourceTree = "<group>"; };
		E9BBC05D22427E0300E6ACDA /* MKMPolylogue.h */ = {isa = PBXFileReference; fileEncoding = 4; lastKnownFileType = sourcecode.c.h; path = MKMPolylogue.h; sourceTree = "<group>"; };
		E9BBC05E22427E0300E6ACDA /* MKMChatroom.h */ = {isa = PBXFileReference; fileEncoding = 4; lastKnownFileType = sourcecode.c.h; path = MKMChatroom.h; sourceTree = "<group>"; };
		E9BBC05F22427E0300E6ACDA /* MKMMember.h */ = {isa = PBXFileReference; fileEncoding = 4; lastKnownFileType = sourcecode.c.h; path = MKMMember.h; sourceTree = "<group>"; };
		E9BBC06122427E0300E6ACDA /* MKMEntity.m */ = {isa = PBXFileReference; fileEncoding = 4; lastKnownFileType = sourcecode.c.objc; path = MKMEntity.m; sourceTree = "<group>"; };
		E9BBC06222427E0300E6ACDA /* MKMMeta.h */ = {isa = PBXFileReference; fileEncoding = 4; lastKnownFileType = sourcecode.c.h; path = MKMMeta.h; sourceTree = "<group>"; };
		E9BBC06322427E0300E6ACDA /* MKMAddress.m */ = {isa = PBXFileReference; fileEncoding = 4; lastKnownFileType = sourcecode.c.objc; path = MKMAddress.m; sourceTree = "<group>"; };
		E9BBC06422427E0300E6ACDA /* MKMID.m */ = {isa = PBXFileReference; fileEncoding = 4; lastKnownFileType = sourcecode.c.objc; path = MKMID.m; sourceTree = "<group>"; };
		E9BBC06522427E0300E6ACDA /* MKMMeta.m */ = {isa = PBXFileReference; fileEncoding = 4; lastKnownFileType = sourcecode.c.objc; path = MKMMeta.m; sourceTree = "<group>"; };
		E9BBC06622427E0300E6ACDA /* MKMEntity.h */ = {isa = PBXFileReference; fileEncoding = 4; lastKnownFileType = sourcecode.c.h; path = MKMEntity.h; sourceTree = "<group>"; };
		E9BBC06722427E0300E6ACDA /* MKMID.h */ = {isa = PBXFileReference; fileEncoding = 4; lastKnownFileType = sourcecode.c.h; path = MKMID.h; sourceTree = "<group>"; };
		E9BBC06822427E0300E6ACDA /* MKMAddress.h */ = {isa = PBXFileReference; fileEncoding = 4; lastKnownFileType = sourcecode.c.h; path = MKMAddress.h; sourceTree = "<group>"; };
		E9BBC06922427E0300E6ACDA /* MKMImmortals.m */ = {isa = PBXFileReference; fileEncoding = 4; lastKnownFileType = sourcecode.c.objc; path = MKMImmortals.m; sourceTree = "<group>"; };
		E9BBC06A22427E0300E6ACDA /* MKMUser.h */ = {isa = PBXFileReference; fileEncoding = 4; lastKnownFileType = sourcecode.c.h; path = MKMUser.h; sourceTree = "<group>"; };
		E9BBC06E22427E0300E6ACDA /* ripemd160.h */ = {isa = PBXFileReference; fileEncoding = 4; lastKnownFileType = sourcecode.c.h; path = ripemd160.h; sourceTree = "<group>"; };
		E9BBC06F22427E0300E6ACDA /* common.h */ = {isa = PBXFileReference; fileEncoding = 4; lastKnownFileType = sourcecode.c.h; path = common.h; sourceTree = "<group>"; };
		E9BBC07022427E0300E6ACDA /* ripemd160.cpp */ = {isa = PBXFileReference; fileEncoding = 4; lastKnownFileType = sourcecode.cpp.cpp; path = ripemd160.cpp; sourceTree = "<group>"; };
		E9BBC07222427E0300E6ACDA /* endian.h */ = {isa = PBXFileReference; fileEncoding = 4; lastKnownFileType = sourcecode.c.h; path = endian.h; sourceTree = "<group>"; };
		E9BBC07322427E0300E6ACDA /* byteswap.h */ = {isa = PBXFileReference; fileEncoding = 4; lastKnownFileType = sourcecode.c.h; path = byteswap.h; sourceTree = "<group>"; };
		E9BBC07422427E0300E6ACDA /* base58.cpp */ = {isa = PBXFileReference; fileEncoding = 4; lastKnownFileType = sourcecode.cpp.cpp; path = base58.cpp; sourceTree = "<group>"; };
		E9BBC07522427E0300E6ACDA /* base58.h */ = {isa = PBXFileReference; fileEncoding = 4; lastKnownFileType = sourcecode.c.h; path = base58.h; sourceTree = "<group>"; };
		E9BBC07722427E0300E6ACDA /* MKMAccount.h */ = {isa = PBXFileReference; fileEncoding = 4; lastKnownFileType = sourcecode.c.h; path = MKMAccount.h; sourceTree = "<group>"; };
		E9BBC07822427E0300E6ACDA /* MingKeMing.h */ = {isa = PBXFileReference; fileEncoding = 4; lastKnownFileType = sourcecode.c.h; path = MingKeMing.h; sourceTree = "<group>"; };
		E9BBC07922427E0300E6ACDA /* MKMContact.m */ = {isa = PBXFileReference; fileEncoding = 4; lastKnownFileType = sourcecode.c.objc; path = MKMContact.m; sourceTree = "<group>"; };
		E9BBC07A22427E0300E6ACDA /* MKMUser.m */ = {isa = PBXFileReference; fileEncoding = 4; lastKnownFileType = sourcecode.c.objc; path = MKMUser.m; sourceTree = "<group>"; };
		E9BBC07B22427E0300E6ACDA /* MKMImmortals.h */ = {isa = PBXFileReference; fileEncoding = 4; lastKnownFileType = sourcecode.c.h; path = MKMImmortals.h; sourceTree = "<group>"; };
		E9BBC07D22427E0300E6ACDA /* mkm_hulk.plist */ = {isa = PBXFileReference; fileEncoding = 4; lastKnownFileType = text.plist.xml; path = mkm_hulk.plist; sourceTree = "<group>"; };
		E9BBC07E22427E0300E6ACDA /* mkm_moki.plist */ = {isa = PBXFileReference; fileEncoding = 4; lastKnownFileType = text.plist.xml; path = mkm_moki.plist; sourceTree = "<group>"; };
		E9FC8DC322B907500013FCD3 /* MKMProfile.m */ = {isa = PBXFileReference; fileEncoding = 4; lastKnownFileType = sourcecode.c.objc; path = MKMProfile.m; sourceTree = "<group>"; };
		E9FC8DC422B907500013FCD3 /* MKMProfile.h */ = {isa = PBXFileReference; fileEncoding = 4; lastKnownFileType = sourcecode.c.h; path = MKMProfile.h; sourceTree = "<group>"; };
/* End PBXFileReference section */

/* Begin PBXFrameworksBuildPhase section */
		E9BBBF4122427BCA00E6ACDA /* Frameworks */ = {
			isa = PBXFrameworksBuildPhase;
			buildActionMask = 2147483647;
			files = (
			);
			runOnlyForDeploymentPostprocessing = 0;
		};
		E9BBBF4A22427BCA00E6ACDA /* Frameworks */ = {
			isa = PBXFrameworksBuildPhase;
			buildActionMask = 2147483647;
			files = (
				E9BBBF4E22427BCA00E6ACDA /* MingKeMing.framework in Frameworks */,
			);
			runOnlyForDeploymentPostprocessing = 0;
		};
/* End PBXFrameworksBuildPhase section */

/* Begin PBXGroup section */
		E9BBBF3A22427BCA00E6ACDA = {
			isa = PBXGroup;
			children = (
				E9BBC02722427E0300E6ACDA /* Classes */,
				E9BBC07C22427E0300E6ACDA /* Resources */,
				E9BBBF4622427BCA00E6ACDA /* MingKeMing */,
				E9BBBF5122427BCA00E6ACDA /* MingKeMingTests */,
				E9BBBF4522427BCA00E6ACDA /* Products */,
			);
			sourceTree = "<group>";
		};
		E9BBBF4522427BCA00E6ACDA /* Products */ = {
			isa = PBXGroup;
			children = (
				E9BBBF4422427BCA00E6ACDA /* MingKeMing.framework */,
				E9BBBF4D22427BCA00E6ACDA /* MingKeMingTests.xctest */,
			);
			name = Products;
			sourceTree = "<group>";
		};
		E9BBBF4622427BCA00E6ACDA /* MingKeMing */ = {
			isa = PBXGroup;
			children = (
				E9BBBF4822427BCA00E6ACDA /* Info.plist */,
			);
			path = MingKeMing;
			sourceTree = "<group>";
		};
		E9BBBF5122427BCA00E6ACDA /* MingKeMingTests */ = {
			isa = PBXGroup;
			children = (
				E9BBBF5222427BCA00E6ACDA /* MingKeMingTests.m */,
				E9BBBF5422427BCA00E6ACDA /* Info.plist */,
			);
			path = MingKeMingTests;
			sourceTree = "<group>";
		};
		E9BBC02722427E0300E6ACDA /* Classes */ = {
			isa = PBXGroup;
			children = (
				E9BBC06B22427E0300E6ACDA /* bitcoin */,
				E9BBC04222427E0300E6ACDA /* extends */,
				E9BBC05122427E0300E6ACDA /* types */,
				E9BBC02922427E0300E6ACDA /* crypto */,
				E9BBC06022427E0300E6ACDA /* entity */,
				E9BBC05722427E0300E6ACDA /* group */,
				E9BBC07722427E0300E6ACDA /* MKMAccount.h */,
				E9BBC02822427E0300E6ACDA /* MKMAccount.m */,
				E9BBC05622427E0300E6ACDA /* MKMContact.h */,
				E9BBC07922427E0300E6ACDA /* MKMContact.m */,
				E9BBC07B22427E0300E6ACDA /* MKMImmortals.h */,
				E9BBC06922427E0300E6ACDA /* MKMImmortals.m */,
				E9BBC06A22427E0300E6ACDA /* MKMUser.h */,
				E9BBC07A22427E0300E6ACDA /* MKMUser.m */,
				E9BBC07822427E0300E6ACDA /* MingKeMing.h */,
			);
			name = Classes;
			path = ../Classes;
			sourceTree = "<group>";
		};
		E9BBC02922427E0300E6ACDA /* crypto */ = {
			isa = PBXGroup;
			children = (
				E9BBC03122427E0300E6ACDA /* MKMCryptographyKey.h */,
				E9BBC03F22427E0300E6ACDA /* MKMCryptographyKey.m */,
				E9BBC03622427E0300E6ACDA /* MKMSymmetricKey.h */,
				E9BBC02F22427E0300E6ACDA /* MKMSymmetricKey.m */,
				E9BBC03C22427E0300E6ACDA /* MKMAESKey.h */,
				E9BBC03022427E0300E6ACDA /* MKMAESKey.m */,
				E9BBC02A22427E0300E6ACDA /* MKMAsymmetricKey.h */,
				E9BBC03B22427E0300E6ACDA /* MKMAsymmetricKey.m */,
				E9BBC03E22427E0300E6ACDA /* MKMPrivateKey.h */,
				E9BBC03222427E0300E6ACDA /* MKMPrivateKey.m */,
				E9BBC03322427E0300E6ACDA /* MKMPublicKey.h */,
				E9BBC03D22427E0300E6ACDA /* MKMPublicKey.m */,
				E9BBC03922427E0300E6ACDA /* MKMRSAKeyHelper.h */,
				E9BBC02B22427E0300E6ACDA /* MKMRSAKeyHelper.m */,
				E9BBC02C22427E0300E6ACDA /* MKMRSAPrivateKey.h */,
				E9BBC03A22427E0300E6ACDA /* MKMRSAPrivateKey.m */,
				E9BBC02D22427E0300E6ACDA /* MKMRSAPrivateKey+PersistentStore.h */,
				E9BBC03822427E0300E6ACDA /* MKMRSAPrivateKey+PersistentStore.m */,
				E9BBC03422427E0300E6ACDA /* MKMRSAPublicKey.h */,
				E9BBC04122427E0300E6ACDA /* MKMRSAPublicKey.m */,
			);
			path = crypto;
			sourceTree = "<group>";
		};
		E9BBC04222427E0300E6ACDA /* extends */ = {
			isa = PBXGroup;
			children = (
				E9BBC04B22427E0300E6ACDA /* NSArray+Merkle.h */,
				E9BBC04322427E0300E6ACDA /* NSArray+Merkle.m */,
				E9BBC04522427E0300E6ACDA /* NSData+Crypto.h */,
				E9BBC04C22427E0300E6ACDA /* NSData+Crypto.mm */,
				E9BBC04922427E0300E6ACDA /* NSDate+Timestamp.h */,
				E9BBC04F22427E0300E6ACDA /* NSDate+Timestamp.m */,
				E9BBC04422427E0300E6ACDA /* NSDictionary+Binary.h */,
				E9BBC04A22427E0300E6ACDA /* NSDictionary+Binary.m */,
				E9BBC04622427E0300E6ACDA /* NSObject+Compare.h */,
				E9BBC04D22427E0300E6ACDA /* NSObject+JsON.h */,
				E9BBC04822427E0300E6ACDA /* NSObject+JsON.m */,
				E9BBC04E22427E0300E6ACDA /* NSString+Crypto.h */,
				E9BBC04722427E0300E6ACDA /* NSString+Crypto.mm */,
			);
			path = extends;
			sourceTree = "<group>";
		};
		E9BBC05122427E0300E6ACDA /* types */ = {
			isa = PBXGroup;
			children = (
				E9BBC05522427E0300E6ACDA /* MKMString.h */,
				E9BBC05322427E0300E6ACDA /* MKMString.m */,
				E9BBC05422427E0300E6ACDA /* MKMDictionary.h */,
				E9BBC05222427E0300E6ACDA /* MKMDictionary.m */,
			);
			path = types;
			sourceTree = "<group>";
		};
		E9BBC05722427E0300E6ACDA /* group */ = {
			isa = PBXGroup;
			children = (
				E9BBC05E22427E0300E6ACDA /* MKMChatroom.h */,
				E9BBC05A22427E0300E6ACDA /* MKMChatroom.m */,
				E9BBC05922427E0300E6ACDA /* MKMGroup.h */,
				E9BBC05C22427E0300E6ACDA /* MKMGroup.m */,
				E9BBC05F22427E0300E6ACDA /* MKMMember.h */,
				E9BBC05B22427E0300E6ACDA /* MKMMember.m */,
				E9BBC05D22427E0300E6ACDA /* MKMPolylogue.h */,
				E9BBC05822427E0300E6ACDA /* MKMPolylogue.m */,
			);
			path = group;
			sourceTree = "<group>";
		};
		E9BBC06022427E0300E6ACDA /* entity */ = {
			isa = PBXGroup;
			children = (
				E9BBC06822427E0300E6ACDA /* MKMAddress.h */,
				E9BBC06322427E0300E6ACDA /* MKMAddress.m */,
				E9BBC06622427E0300E6ACDA /* MKMEntity.h */,
				E9BBC06122427E0300E6ACDA /* MKMEntity.m */,
				E9BBC06722427E0300E6ACDA /* MKMID.h */,
				E9BBC06422427E0300E6ACDA /* MKMID.m */,
				E9BBC06222427E0300E6ACDA /* MKMMeta.h */,
				E9BBC06522427E0300E6ACDA /* MKMMeta.m */,
				E9FC8DC422B907500013FCD3 /* MKMProfile.h */,
				E9FC8DC322B907500013FCD3 /* MKMProfile.m */,
			);
			path = entity;
			sourceTree = "<group>";
		};
		E9BBC06B22427E0300E6ACDA /* bitcoin */ = {
			isa = PBXGroup;
			children = (
				E9BBC06C22427E0300E6ACDA /* src */,
			);
			path = bitcoin;
			sourceTree = "<group>";
		};
		E9BBC06C22427E0300E6ACDA /* src */ = {
			isa = PBXGroup;
			children = (
				E9BBC06D22427E0300E6ACDA /* crypto */,
				E9BBC07122427E0300E6ACDA /* compat */,
				E9BBC07422427E0300E6ACDA /* base58.cpp */,
				E9BBC07522427E0300E6ACDA /* base58.h */,
			);
			path = src;
			sourceTree = "<group>";
		};
		E9BBC06D22427E0300E6ACDA /* crypto */ = {
			isa = PBXGroup;
			children = (
				E9BBC06E22427E0300E6ACDA /* ripemd160.h */,
				E9BBC06F22427E0300E6ACDA /* common.h */,
				E9BBC07022427E0300E6ACDA /* ripemd160.cpp */,
			);
			path = crypto;
			sourceTree = "<group>";
		};
		E9BBC07122427E0300E6ACDA /* compat */ = {
			isa = PBXGroup;
			children = (
				E9BBC07222427E0300E6ACDA /* endian.h */,
				E9BBC07322427E0300E6ACDA /* byteswap.h */,
			);
			path = compat;
			sourceTree = "<group>";
		};
		E9BBC07C22427E0300E6ACDA /* Resources */ = {
			isa = PBXGroup;
			children = (
				E9BBC07D22427E0300E6ACDA /* mkm_hulk.plist */,
				E9BBC07E22427E0300E6ACDA /* mkm_moki.plist */,
			);
			name = Resources;
			path = ../Resources;
			sourceTree = "<group>";
		};
/* End PBXGroup section */

/* Begin PBXHeadersBuildPhase section */
		E9BBBF3F22427BCA00E6ACDA /* Headers */ = {
			isa = PBXHeadersBuildPhase;
			buildActionMask = 2147483647;
			files = (
				E9BBC0A922427E0300E6ACDA /* MKMString.h in Headers */,
				E9BBC0A822427E0300E6ACDA /* MKMDictionary.h in Headers */,
				E9BBC0C522427E0300E6ACDA /* MKMAccount.h in Headers */,
				E9BBC0C622427E0300E6ACDA /* MingKeMing.h in Headers */,
				E9BBC0AA22427E0300E6ACDA /* MKMContact.h in Headers */,
				E9BBC0BC22427E0300E6ACDA /* MKMUser.h in Headers */,
				E9BBC0B222427E0300E6ACDA /* MKMMember.h in Headers */,
				E9BBC0B122427E0300E6ACDA /* MKMChatroom.h in Headers */,
				E9BBC0AC22427E0300E6ACDA /* MKMGroup.h in Headers */,
				E9BBC0B022427E0300E6ACDA /* MKMPolylogue.h in Headers */,
				E9BBC0BA22427E0300E6ACDA /* MKMAddress.h in Headers */,
				E9BBC0B822427E0300E6ACDA /* MKMEntity.h in Headers */,
				E9BBC0B922427E0300E6ACDA /* MKMID.h in Headers */,
				E9BBC0B422427E0300E6ACDA /* MKMMeta.h in Headers */,
				E9BBC08C22427E0300E6ACDA /* MKMSymmetricKey.h in Headers */,
				E9BBC08922427E0300E6ACDA /* MKMPublicKey.h in Headers */,
				E9BBC08722427E0300E6ACDA /* MKMCryptographyKey.h in Headers */,
				E9FC8DC622B907500013FCD3 /* MKMProfile.h in Headers */,
				E9BBC09422427E0300E6ACDA /* MKMPrivateKey.h in Headers */,
				E9BBC08022427E0300E6ACDA /* MKMAsymmetricKey.h in Headers */,
				E9BBC0C922427E0300E6ACDA /* MKMImmortals.h in Headers */,
				E9BBC08F22427E0300E6ACDA /* MKMRSAKeyHelper.h in Headers */,
				E9BBC08A22427E0300E6ACDA /* MKMRSAPublicKey.h in Headers */,
				E9BBC09222427E0300E6ACDA /* MKMAESKey.h in Headers */,
				E9BBC08322427E0300E6ACDA /* MKMRSAPrivateKey+PersistentStore.h in Headers */,
				E9BBC08222427E0300E6ACDA /* MKMRSAPrivateKey.h in Headers */,
				E9BBC09922427E0300E6ACDA /* NSDictionary+Binary.h in Headers */,
				E9BBC0A022427E0300E6ACDA /* NSArray+Merkle.h in Headers */,
				E9BBC0A322427E0300E6ACDA /* NSString+Crypto.h in Headers */,
				E9BBC0C122427E0300E6ACDA /* byteswap.h in Headers */,
				E9BBC09E22427E0300E6ACDA /* NSDate+Timestamp.h in Headers */,
				E9BBC09B22427E0300E6ACDA /* NSObject+Compare.h in Headers */,
				E9BBC0BE22427E0300E6ACDA /* common.h in Headers */,
				E9BBC0C022427E0300E6ACDA /* endian.h in Headers */,
				E9BBC0BD22427E0300E6ACDA /* ripemd160.h in Headers */,
				E9BBC0C322427E0300E6ACDA /* base58.h in Headers */,
				E9BBC09A22427E0300E6ACDA /* NSData+Crypto.h in Headers */,
				E9BBC0A222427E0300E6ACDA /* NSObject+JsON.h in Headers */,
			);
			runOnlyForDeploymentPostprocessing = 0;
		};
/* End PBXHeadersBuildPhase section */

/* Begin PBXNativeTarget section */
		E9BBBF4322427BCA00E6ACDA /* MingKeMing */ = {
			isa = PBXNativeTarget;
			buildConfigurationList = E9BBBF5822427BCA00E6ACDA /* Build configuration list for PBXNativeTarget "MingKeMing" */;
			buildPhases = (
				E9BBBF3F22427BCA00E6ACDA /* Headers */,
				E9BBBF4022427BCA00E6ACDA /* Sources */,
				E9BBBF4122427BCA00E6ACDA /* Frameworks */,
				E9BBBF4222427BCA00E6ACDA /* Resources */,
			);
			buildRules = (
			);
			dependencies = (
			);
			name = MingKeMing;
			productName = MingKeMing;
			productReference = E9BBBF4422427BCA00E6ACDA /* MingKeMing.framework */;
			productType = "com.apple.product-type.framework";
		};
		E9BBBF4C22427BCA00E6ACDA /* MingKeMingTests */ = {
			isa = PBXNativeTarget;
			buildConfigurationList = E9BBBF5B22427BCA00E6ACDA /* Build configuration list for PBXNativeTarget "MingKeMingTests" */;
			buildPhases = (
				E9BBBF4922427BCA00E6ACDA /* Sources */,
				E9BBBF4A22427BCA00E6ACDA /* Frameworks */,
				E9BBBF4B22427BCA00E6ACDA /* Resources */,
			);
			buildRules = (
			);
			dependencies = (
				E9BBBF5022427BCA00E6ACDA /* PBXTargetDependency */,
			);
			name = MingKeMingTests;
			productName = MingKeMingTests;
			productReference = E9BBBF4D22427BCA00E6ACDA /* MingKeMingTests.xctest */;
			productType = "com.apple.product-type.bundle.unit-test";
		};
/* End PBXNativeTarget section */

/* Begin PBXProject section */
		E9BBBF3B22427BCA00E6ACDA /* Project object */ = {
			isa = PBXProject;
			attributes = {
				LastUpgradeCheck = 1010;
				ORGANIZATIONNAME = "DIM Group";
				TargetAttributes = {
					E9BBBF4322427BCA00E6ACDA = {
						CreatedOnToolsVersion = 10.1;
					};
					E9BBBF4C22427BCA00E6ACDA = {
						CreatedOnToolsVersion = 10.1;
					};
				};
			};
			buildConfigurationList = E9BBBF3E22427BCA00E6ACDA /* Build configuration list for PBXProject "MingKeMing" */;
			compatibilityVersion = "Xcode 9.3";
			developmentRegion = en;
			hasScannedForEncodings = 0;
			knownRegions = (
				en,
				Base,
			);
			mainGroup = E9BBBF3A22427BCA00E6ACDA;
			productRefGroup = E9BBBF4522427BCA00E6ACDA /* Products */;
			projectDirPath = "";
			projectRoot = "";
			targets = (
				E9BBBF4322427BCA00E6ACDA /* MingKeMing */,
				E9BBBF4C22427BCA00E6ACDA /* MingKeMingTests */,
			);
		};
/* End PBXProject section */

/* Begin PBXResourcesBuildPhase section */
		E9BBBF4222427BCA00E6ACDA /* Resources */ = {
			isa = PBXResourcesBuildPhase;
			buildActionMask = 2147483647;
			files = (
				E9BBC0CB22427E0300E6ACDA /* mkm_moki.plist in Resources */,
				E9BBC0CA22427E0300E6ACDA /* mkm_hulk.plist in Resources */,
			);
			runOnlyForDeploymentPostprocessing = 0;
		};
		E9BBBF4B22427BCA00E6ACDA /* Resources */ = {
			isa = PBXResourcesBuildPhase;
			buildActionMask = 2147483647;
			files = (
			);
			runOnlyForDeploymentPostprocessing = 0;
		};
/* End PBXResourcesBuildPhase section */

/* Begin PBXSourcesBuildPhase section */
		E9BBBF4022427BCA00E6ACDA /* Sources */ = {
			isa = PBXSourcesBuildPhase;
			buildActionMask = 2147483647;
			files = (
				E9BBC08122427E0300E6ACDA /* MKMRSAKeyHelper.m in Sources */,
				E9BBC0BB22427E0300E6ACDA /* MKMImmortals.m in Sources */,
				E9BBC0C722427E0300E6ACDA /* MKMContact.m in Sources */,
				E9BBC09522427E0300E6ACDA /* MKMCryptographyKey.m in Sources */,
				E9BBC0B522427E0300E6ACDA /* MKMAddress.m in Sources */,
				E9BBC08E22427E0300E6ACDA /* MKMRSAPrivateKey+PersistentStore.m in Sources */,
				E9BBC08622427E0300E6ACDA /* MKMAESKey.m in Sources */,
				E9BBC09F22427E0300E6ACDA /* NSDictionary+Binary.m in Sources */,
				E9BBC0A722427E0300E6ACDA /* MKMString.m in Sources */,
				E9BBC07F22427E0300E6ACDA /* MKMAccount.m in Sources */,
				E9BBC09322427E0300E6ACDA /* MKMPublicKey.m in Sources */,
				E9BBC0A622427E0300E6ACDA /* MKMDictionary.m in Sources */,
				E9BBC0C222427E0300E6ACDA /* base58.cpp in Sources */,
				E9BBC0AD22427E0300E6ACDA /* MKMChatroom.m in Sources */,
				E9BBC0AB22427E0300E6ACDA /* MKMPolylogue.m in Sources */,
				E9BBC0A122427E0300E6ACDA /* NSData+Crypto.mm in Sources */,
				E9BBC0AE22427E0300E6ACDA /* MKMMember.m in Sources */,
				E9BBC08822427E0300E6ACDA /* MKMPrivateKey.m in Sources */,
				E9BBC09D22427E0300E6ACDA /* NSObject+JsON.m in Sources */,
				E9FC8DC522B907500013FCD3 /* MKMProfile.m in Sources */,
				E9BBC0B622427E0300E6ACDA /* MKMID.m in Sources */,
				E9BBC0B322427E0300E6ACDA /* MKMEntity.m in Sources */,
				E9BBC09722427E0300E6ACDA /* MKMRSAPublicKey.m in Sources */,
				E9BBC09122427E0300E6ACDA /* MKMAsymmetricKey.m in Sources */,
				E9BBC0BF22427E0300E6ACDA /* ripemd160.cpp in Sources */,
				E9BBC09C22427E0300E6ACDA /* NSString+Crypto.mm in Sources */,
				E9BBC09022427E0300E6ACDA /* MKMRSAPrivateKey.m in Sources */,
				E9BBC0A422427E0300E6ACDA /* NSDate+Timestamp.m in Sources */,
				E9BBC0AF22427E0300E6ACDA /* MKMGroup.m in Sources */,
				E9BBC09822427E0300E6ACDA /* NSArray+Merkle.m in Sources */,
				E9BBC0B722427E0300E6ACDA /* MKMMeta.m in Sources */,
				E9BBC08522427E0300E6ACDA /* MKMSymmetricKey.m in Sources */,
				E9BBC0C822427E0300E6ACDA /* MKMUser.m in Sources */,
			);
			runOnlyForDeploymentPostprocessing = 0;
		};
		E9BBBF4922427BCA00E6ACDA /* Sources */ = {
			isa = PBXSourcesBuildPhase;
			buildActionMask = 2147483647;
			files = (
				E9BBBF5322427BCA00E6ACDA /* MingKeMingTests.m in Sources */,
			);
			runOnlyForDeploymentPostprocessing = 0;
		};
/* End PBXSourcesBuildPhase section */

/* Begin PBXTargetDependency section */
		E9BBBF5022427BCA00E6ACDA /* PBXTargetDependency */ = {
			isa = PBXTargetDependency;
			target = E9BBBF4322427BCA00E6ACDA /* MingKeMing */;
			targetProxy = E9BBBF4F22427BCA00E6ACDA /* PBXContainerItemProxy */;
		};
/* End PBXTargetDependency section */

/* Begin XCBuildConfiguration section */
		E9BBBF5622427BCA00E6ACDA /* Debug */ = {
			isa = XCBuildConfiguration;
			buildSettings = {
				ALWAYS_SEARCH_USER_PATHS = NO;
				CLANG_ANALYZER_NONNULL = YES;
				CLANG_ANALYZER_NUMBER_OBJECT_CONVERSION = YES_AGGRESSIVE;
				CLANG_CXX_LANGUAGE_STANDARD = "gnu++14";
				CLANG_CXX_LIBRARY = "libc++";
				CLANG_ENABLE_MODULES = YES;
				CLANG_ENABLE_OBJC_ARC = YES;
				CLANG_ENABLE_OBJC_WEAK = YES;
				CLANG_WARN_BLOCK_CAPTURE_AUTORELEASING = YES;
				CLANG_WARN_BOOL_CONVERSION = YES;
				CLANG_WARN_COMMA = YES;
				CLANG_WARN_CONSTANT_CONVERSION = YES;
				CLANG_WARN_DEPRECATED_OBJC_IMPLEMENTATIONS = YES;
				CLANG_WARN_DIRECT_OBJC_ISA_USAGE = YES_ERROR;
				CLANG_WARN_DOCUMENTATION_COMMENTS = YES;
				CLANG_WARN_EMPTY_BODY = YES;
				CLANG_WARN_ENUM_CONVERSION = YES;
				CLANG_WARN_INFINITE_RECURSION = YES;
				CLANG_WARN_INT_CONVERSION = YES;
				CLANG_WARN_NON_LITERAL_NULL_CONVERSION = YES;
				CLANG_WARN_OBJC_IMPLICIT_RETAIN_SELF = YES;
				CLANG_WARN_OBJC_LITERAL_CONVERSION = YES;
				CLANG_WARN_OBJC_ROOT_CLASS = YES_ERROR;
				CLANG_WARN_RANGE_LOOP_ANALYSIS = YES;
				CLANG_WARN_STRICT_PROTOTYPES = YES;
				CLANG_WARN_SUSPICIOUS_MOVE = YES;
				CLANG_WARN_UNGUARDED_AVAILABILITY = YES_AGGRESSIVE;
				CLANG_WARN_UNREACHABLE_CODE = YES;
				CLANG_WARN__DUPLICATE_METHOD_MATCH = YES;
				CODE_SIGN_IDENTITY = "Mac Developer";
				COPY_PHASE_STRIP = NO;
				CURRENT_PROJECT_VERSION = 1;
				DEBUG_INFORMATION_FORMAT = dwarf;
				ENABLE_STRICT_OBJC_MSGSEND = YES;
				ENABLE_TESTABILITY = YES;
				GCC_C_LANGUAGE_STANDARD = gnu11;
				GCC_DYNAMIC_NO_PIC = NO;
				GCC_NO_COMMON_BLOCKS = YES;
				GCC_OPTIMIZATION_LEVEL = 0;
				GCC_PREPROCESSOR_DEFINITIONS = (
					"DEBUG=1",
					"$(inherited)",
				);
				GCC_WARN_64_TO_32_BIT_CONVERSION = YES;
				GCC_WARN_ABOUT_RETURN_TYPE = YES_ERROR;
				GCC_WARN_UNDECLARED_SELECTOR = YES;
				GCC_WARN_UNINITIALIZED_AUTOS = YES_AGGRESSIVE;
				GCC_WARN_UNUSED_FUNCTION = YES;
				GCC_WARN_UNUSED_VARIABLE = YES;
				MACOSX_DEPLOYMENT_TARGET = 10.14;
				MTL_ENABLE_DEBUG_INFO = INCLUDE_SOURCE;
				MTL_FAST_MATH = YES;
				ONLY_ACTIVE_ARCH = YES;
				SDKROOT = macosx;
				VERSIONING_SYSTEM = "apple-generic";
				VERSION_INFO_PREFIX = "";
			};
			name = Debug;
		};
		E9BBBF5722427BCA00E6ACDA /* Release */ = {
			isa = XCBuildConfiguration;
			buildSettings = {
				ALWAYS_SEARCH_USER_PATHS = NO;
				CLANG_ANALYZER_NONNULL = YES;
				CLANG_ANALYZER_NUMBER_OBJECT_CONVERSION = YES_AGGRESSIVE;
				CLANG_CXX_LANGUAGE_STANDARD = "gnu++14";
				CLANG_CXX_LIBRARY = "libc++";
				CLANG_ENABLE_MODULES = YES;
				CLANG_ENABLE_OBJC_ARC = YES;
				CLANG_ENABLE_OBJC_WEAK = YES;
				CLANG_WARN_BLOCK_CAPTURE_AUTORELEASING = YES;
				CLANG_WARN_BOOL_CONVERSION = YES;
				CLANG_WARN_COMMA = YES;
				CLANG_WARN_CONSTANT_CONVERSION = YES;
				CLANG_WARN_DEPRECATED_OBJC_IMPLEMENTATIONS = YES;
				CLANG_WARN_DIRECT_OBJC_ISA_USAGE = YES_ERROR;
				CLANG_WARN_DOCUMENTATION_COMMENTS = YES;
				CLANG_WARN_EMPTY_BODY = YES;
				CLANG_WARN_ENUM_CONVERSION = YES;
				CLANG_WARN_INFINITE_RECURSION = YES;
				CLANG_WARN_INT_CONVERSION = YES;
				CLANG_WARN_NON_LITERAL_NULL_CONVERSION = YES;
				CLANG_WARN_OBJC_IMPLICIT_RETAIN_SELF = YES;
				CLANG_WARN_OBJC_LITERAL_CONVERSION = YES;
				CLANG_WARN_OBJC_ROOT_CLASS = YES_ERROR;
				CLANG_WARN_RANGE_LOOP_ANALYSIS = YES;
				CLANG_WARN_STRICT_PROTOTYPES = YES;
				CLANG_WARN_SUSPICIOUS_MOVE = YES;
				CLANG_WARN_UNGUARDED_AVAILABILITY = YES_AGGRESSIVE;
				CLANG_WARN_UNREACHABLE_CODE = YES;
				CLANG_WARN__DUPLICATE_METHOD_MATCH = YES;
				CODE_SIGN_IDENTITY = "Mac Developer";
				COPY_PHASE_STRIP = NO;
				CURRENT_PROJECT_VERSION = 1;
				DEBUG_INFORMATION_FORMAT = "dwarf-with-dsym";
				ENABLE_NS_ASSERTIONS = NO;
				ENABLE_STRICT_OBJC_MSGSEND = YES;
				GCC_C_LANGUAGE_STANDARD = gnu11;
				GCC_NO_COMMON_BLOCKS = YES;
				GCC_WARN_64_TO_32_BIT_CONVERSION = YES;
				GCC_WARN_ABOUT_RETURN_TYPE = YES_ERROR;
				GCC_WARN_UNDECLARED_SELECTOR = YES;
				GCC_WARN_UNINITIALIZED_AUTOS = YES_AGGRESSIVE;
				GCC_WARN_UNUSED_FUNCTION = YES;
				GCC_WARN_UNUSED_VARIABLE = YES;
				MACOSX_DEPLOYMENT_TARGET = 10.14;
				MTL_ENABLE_DEBUG_INFO = NO;
				MTL_FAST_MATH = YES;
				SDKROOT = macosx;
				VERSIONING_SYSTEM = "apple-generic";
				VERSION_INFO_PREFIX = "";
			};
			name = Release;
		};
		E9BBBF5922427BCA00E6ACDA /* Debug */ = {
			isa = XCBuildConfiguration;
			buildSettings = {
				CODE_SIGN_IDENTITY = "";
				CODE_SIGN_STYLE = Automatic;
				COMBINE_HIDPI_IMAGES = YES;
				DEFINES_MODULE = YES;
				DEVELOPMENT_TEAM = E2GJG6572J;
				DYLIB_COMPATIBILITY_VERSION = 1;
				DYLIB_CURRENT_VERSION = 1;
				DYLIB_INSTALL_NAME_BASE = "@rpath";
				FRAMEWORK_VERSION = A;
				INFOPLIST_FILE = MingKeMing/Info.plist;
				INSTALL_PATH = "$(LOCAL_LIBRARY_DIR)/Frameworks";
				LD_RUNPATH_SEARCH_PATHS = (
					"$(inherited)",
					"@executable_path/../Frameworks",
					"@loader_path/Frameworks",
				);
				MACOSX_DEPLOYMENT_TARGET = 10.13;
				PRODUCT_BUNDLE_IDENTIFIER = DIM.MingKeMing;
				PRODUCT_NAME = "$(TARGET_NAME:c99extidentifier)";
				SKIP_INSTALL = YES;
			};
			name = Debug;
		};
		E9BBBF5A22427BCA00E6ACDA /* Release */ = {
			isa = XCBuildConfiguration;
			buildSettings = {
				CODE_SIGN_IDENTITY = "";
				CODE_SIGN_STYLE = Automatic;
				COMBINE_HIDPI_IMAGES = YES;
				DEFINES_MODULE = YES;
				DEVELOPMENT_TEAM = E2GJG6572J;
				DYLIB_COMPATIBILITY_VERSION = 1;
				DYLIB_CURRENT_VERSION = 1;
				DYLIB_INSTALL_NAME_BASE = "@rpath";
				FRAMEWORK_VERSION = A;
				INFOPLIST_FILE = MingKeMing/Info.plist;
				INSTALL_PATH = "$(LOCAL_LIBRARY_DIR)/Frameworks";
				LD_RUNPATH_SEARCH_PATHS = (
					"$(inherited)",
					"@executable_path/../Frameworks",
					"@loader_path/Frameworks",
				);
				MACOSX_DEPLOYMENT_TARGET = 10.13;
				PRODUCT_BUNDLE_IDENTIFIER = DIM.MingKeMing;
				PRODUCT_NAME = "$(TARGET_NAME:c99extidentifier)";
				SKIP_INSTALL = YES;
			};
			name = Release;
		};
		E9BBBF5C22427BCA00E6ACDA /* Debug */ = {
			isa = XCBuildConfiguration;
			buildSettings = {
				CODE_SIGN_STYLE = Automatic;
				COMBINE_HIDPI_IMAGES = YES;
				DEVELOPMENT_TEAM = JUVC7SZJE7;
				INFOPLIST_FILE = MingKeMingTests/Info.plist;
				LD_RUNPATH_SEARCH_PATHS = (
					"$(inherited)",
					"@executable_path/../Frameworks",
					"@loader_path/../Frameworks",
				);
				PRODUCT_BUNDLE_IDENTIFIER = DIM.MingKeMingTests;
				PRODUCT_NAME = "$(TARGET_NAME)";
			};
			name = Debug;
		};
		E9BBBF5D22427BCA00E6ACDA /* Release */ = {
			isa = XCBuildConfiguration;
			buildSettings = {
				CODE_SIGN_STYLE = Automatic;
				COMBINE_HIDPI_IMAGES = YES;
				DEVELOPMENT_TEAM = JUVC7SZJE7;
				INFOPLIST_FILE = MingKeMingTests/Info.plist;
				LD_RUNPATH_SEARCH_PATHS = (
					"$(inherited)",
					"@executable_path/../Frameworks",
					"@loader_path/../Frameworks",
				);
				PRODUCT_BUNDLE_IDENTIFIER = DIM.MingKeMingTests;
				PRODUCT_NAME = "$(TARGET_NAME)";
			};
			name = Release;
		};
/* End XCBuildConfiguration section */

/* Begin XCConfigurationList section */
		E9BBBF3E22427BCA00E6ACDA /* Build configuration list for PBXProject "MingKeMing" */ = {
			isa = XCConfigurationList;
			buildConfigurations = (
				E9BBBF5622427BCA00E6ACDA /* Debug */,
				E9BBBF5722427BCA00E6ACDA /* Release */,
			);
			defaultConfigurationIsVisible = 0;
			defaultConfigurationName = Release;
		};
		E9BBBF5822427BCA00E6ACDA /* Build configuration list for PBXNativeTarget "MingKeMing" */ = {
			isa = XCConfigurationList;
			buildConfigurations = (
				E9BBBF5922427BCA00E6ACDA /* Debug */,
				E9BBBF5A22427BCA00E6ACDA /* Release */,
			);
			defaultConfigurationIsVisible = 0;
			defaultConfigurationName = Release;
		};
		E9BBBF5B22427BCA00E6ACDA /* Build configuration list for PBXNativeTarget "MingKeMingTests" */ = {
			isa = XCConfigurationList;
			buildConfigurations = (
				E9BBBF5C22427BCA00E6ACDA /* Debug */,
				E9BBBF5D22427BCA00E6ACDA /* Release */,
			);
			defaultConfigurationIsVisible = 0;
			defaultConfigurationName = Release;
		};
/* End XCConfigurationList section */
	};
	rootObject = E9BBBF3B22427BCA00E6ACDA /* Project object */;
}
